{
    "version": 3,
    "terraform_version": "0.11.13",
    "serial": 3,
    "lineage": "412fb6f8-d895-e0fb-2e90-7a589c65838f",
    "modules": [
        {
            "path": [
                "root"
            ],
            "outputs": {},
            "resources": {
                "data.oci_identity_availability_domains.ads": {
                    "type": "oci_identity_availability_domains",
                    "depends_on": [],
                    "primary": {
                        "id": "2019-10-26 17:24:17.711282 +0000 UTC",
                        "attributes": {
                            "availability_domains.#": "3",
                            "availability_domains.0.compartment_id": "ocid1.tenancy.oc1..aaaaaaaa4pchyhewwxmynw4hniwnp5zngvkytedep4kz7n5pfbh5e6z6w7pq",
                            "availability_domains.0.id": "ocid1.availabilitydomain.oc1..aaaaaaaaztunlny6ae4yw2vghp5go2zceaonwp6wiioe3tnh2vlaxjjl2n3a",
                            "availability_domains.0.name": "zseb:US-ASHBURN-AD-1",
                            "availability_domains.1.compartment_id": "ocid1.tenancy.oc1..aaaaaaaa4pchyhewwxmynw4hniwnp5zngvkytedep4kz7n5pfbh5e6z6w7pq",
                            "availability_domains.1.id": "ocid1.availabilitydomain.oc1..aaaaaaaauvt2n7pijol7uqgdnnsoojcukrijtmcltvfwxazmitk235wyohta",
                            "availability_domains.1.name": "zseb:US-ASHBURN-AD-2",
                            "availability_domains.2.compartment_id": "ocid1.tenancy.oc1..aaaaaaaa4pchyhewwxmynw4hniwnp5zngvkytedep4kz7n5pfbh5e6z6w7pq",
                            "availability_domains.2.id": "ocid1.availabilitydomain.oc1..aaaaaaaatrwxaogr7dl4yschqtrmqrdv6uzis3mgbnomiagqrfhcb7mxsfdq",
                            "availability_domains.2.name": "zseb:US-ASHBURN-AD-3",
                            "compartment_id": "ocid1.tenancy.oc1..aaaaaaaa4pchyhewwxmynw4hniwnp5zngvkytedep4kz7n5pfbh5e6z6w7pq",
                            "id": "2019-10-26 17:24:17.711282 +0000 UTC"
                        },
                        "meta": {},
                        "tainted": false
                    },
                    "deposed": [],
                    "provider": "provider.oci"
                }
            },
            "depends_on": []
        },
        {
            "path": [
                "root",
                "compute"
            ],
            "outputs": {},
            "resources": {
                "data.oci_identity_availability_domains.ads": {
                    "type": "oci_identity_availability_domains",
                    "depends_on": [],
                    "primary": {
                        "id": "2019-10-26 17:24:17.711324 +0000 UTC",
                        "attributes": {
                            "availability_domains.#": "3",
                            "availability_domains.0.compartment_id": "ocid1.tenancy.oc1..aaaaaaaa4pchyhewwxmynw4hniwnp5zngvkytedep4kz7n5pfbh5e6z6w7pq",
                            "availability_domains.0.id": "ocid1.availabilitydomain.oc1..aaaaaaaaztunlny6ae4yw2vghp5go2zceaonwp6wiioe3tnh2vlaxjjl2n3a",
                            "availability_domains.0.name": "zseb:US-ASHBURN-AD-1",
                            "availability_domains.1.compartment_id": "ocid1.tenancy.oc1..aaaaaaaa4pchyhewwxmynw4hniwnp5zngvkytedep4kz7n5pfbh5e6z6w7pq",
                            "availability_domains.1.id": "ocid1.availabilitydomain.oc1..aaaaaaaauvt2n7pijol7uqgdnnsoojcukrijtmcltvfwxazmitk235wyohta",
                            "availability_domains.1.name": "zseb:US-ASHBURN-AD-2",
                            "availability_domains.2.compartment_id": "ocid1.tenancy.oc1..aaaaaaaa4pchyhewwxmynw4hniwnp5zngvkytedep4kz7n5pfbh5e6z6w7pq",
                            "availability_domains.2.id": "ocid1.availabilitydomain.oc1..aaaaaaaatrwxaogr7dl4yschqtrmqrdv6uzis3mgbnomiagqrfhcb7mxsfdq",
                            "availability_domains.2.name": "zseb:US-ASHBURN-AD-3",
                            "compartment_id": "ocid1.tenancy.oc1..aaaaaaaa4pchyhewwxmynw4hniwnp5zngvkytedep4kz7n5pfbh5e6z6w7pq",
                            "id": "2019-10-26 17:24:17.711324 +0000 UTC"
                        },
                        "meta": {},
                        "tainted": false
                    },
                    "deposed": [],
                    "provider": "provider.oci"
                },
                "data.template_file.init": {
                    "type": "template_file",
                    "depends_on": [],
                    "primary": {
                        "id": "79a9ccb1b0d5daa060e43a1c7922fbff2a9a89eeae400a2074af8daeef2365d8",
                        "attributes": {
                            "id": "79a9ccb1b0d5daa060e43a1c7922fbff2a9a89eeae400a2074af8daeef2365d8",
                            "rendered": "#!/bin/bash -x\necho '################### userdata begins #####################'\ntouch ~opc/userdata.`date +%s`.start\necho \"start\" \u003e /tmp/log\n# echo '########## update yum repos ###############'\nsudo yum -y install nc\nsudo firewall-cmd --zone=public --permanent --add-port=3306/tcp \nsudo firewall-cmd --reload\necho '###################userdata ends #######################'\n",
                            "template": "#!/bin/bash -x\necho '################### userdata begins #####################'\ntouch ~opc/userdata.`date +%s`.start\necho \"start\" \u003e /tmp/log\n# echo '########## update yum repos ###############'\nsudo yum -y install nc\nsudo firewall-cmd --zone=public --permanent --add-port=3306/tcp \nsudo firewall-cmd --reload\necho '###################userdata ends #######################'\n"
                        },
                        "meta": {},
                        "tainted": false
                    },
                    "deposed": [],
                    "provider": "provider.template"
                },
                "oci_core_instance.bastion": {
                    "type": "oci_core_instance",
                    "depends_on": [
                        "data.oci_identity_availability_domains.ads",
                        "data.template_file.init"
                    ],
                    "primary": {
                        "id": "ocid1.instance.oc1.iad.anuwcljsminpusycdni3zj7z4qxt3sdi76tg2nqvyoiej6vvbt25jhghngba",
                        "attributes": {
                            "agent_config.#": "1",
                            "agent_config.0.is_monitoring_disabled": "false",
                            "availability_domain": "zseb:US-ASHBURN-AD-1",
                            "boot_volume_id": "ocid1.bootvolume.oc1.iad.abuwcljsdurbfexqku5lzdn33ohcstve4ya7y4j5kn5jds2zovgmlrxilqaa",
                            "compartment_id": "ocid1.compartment.oc1..aaaaaaaanuakdrzf37fjsta4rcmt2qlnzgxhctapdhuigs7f4acfr6t5noja",
                            "create_vnic_details.#": "1",
                            "create_vnic_details.0.assign_public_ip": "true",
                            "create_vnic_details.0.defined_tags.%": "0",
                            "create_vnic_details.0.display_name": "web",
                            "create_vnic_details.0.freeform_tags.%": "0",
                            "create_vnic_details.0.hostname_label": "bastion",
                            "create_vnic_details.0.nsg_ids.#": "0",
                            "create_vnic_details.0.private_ip": "10.0.0.2",
                            "create_vnic_details.0.skip_source_dest_check": "false",
                            "create_vnic_details.0.subnet_id": "ocid1.subnet.oc1.iad.aaaaaaaap4igtsmgldzlb6lubyev4svzs6a4b3svmzv7onpt6s3mpzkxfrya",
                            "defined_tags.%": "0",
                            "display_name": "web",
                            "fault_domain": "FAULT-DOMAIN-3",
                            "freeform_tags.%": "0",
                            "hostname_label": "bastion",
                            "id": "ocid1.instance.oc1.iad.anuwcljsminpusycdni3zj7z4qxt3sdi76tg2nqvyoiej6vvbt25jhghngba",
                            "image": "ocid1.image.oc1.iad.aaaaaaaawufnve5jxze4xf7orejupw5iq3pms6cuadzjc7klojix6vmk42va",
                            "launch_mode": "NATIVE",
                            "launch_options.#": "1",
                            "launch_options.0.boot_volume_type": "PARAVIRTUALIZED",
                            "launch_options.0.firmware": "UEFI_64",
                            "launch_options.0.is_consistent_volume_naming_enabled": "true",
                            "launch_options.0.is_pv_encryption_in_transit_enabled": "true",
                            "launch_options.0.network_type": "VFIO",
                            "launch_options.0.remote_data_volume_type": "PARAVIRTUALIZED",
                            "metadata.%": "2",
                            "metadata.ssh_authorized_keys": "ssh-rsa AAAAB3NzaC1yc2EAAAADAQABAAABAQDKlrm85/kMEuLlF2Sj5G3tKkck50Hy7bEKf1a4gThoYWD51lu8bp9VKp5M3Qy9vExRCRuPT/plJ+5+Kwic3BX/wsWsV5YRjeCY8SYt8kril4ygKhokaog+kGhsCtIk+ZamfoNLMTsJzVxa+njzoj9EkvvVPC/UZwbItf/cM7kYgt8sCRQ9BzETEOQrZ+rzXPDKMltZ37smLqN/OYTJRd0Kglglyf7WtGKsxgqtiHl2pRncQENb4V9vCW0KO3As97PugMHj7JuCw7Tm9bzqmHRlnKHK5gRaKtR9ts0Dq50JNixOrahvIwKhFPzJHJ3Lt++PWqu03CA+XXF40CKaECOL vinay-ssh",
                            "metadata.user_data": "IyEvYmluL2Jhc2ggLXgKZWNobyAnIyMjIyMjIyMjIyMjIyMjIyMjIyB1c2VyZGF0YSBiZWdpbnMgIyMjIyMjIyMjIyMjIyMjIyMjIyMjJwp0b3VjaCB+b3BjL3VzZXJkYXRhLmBkYXRlICslc2Auc3RhcnQKZWNobyAic3RhcnQiID4gL3RtcC9sb2cKIyBlY2hvICcjIyMjIyMjIyMjIHVwZGF0ZSB5dW0gcmVwb3MgIyMjIyMjIyMjIyMjIyMjJwpzdWRvIHl1bSAteSBpbnN0YWxsIG5jCnN1ZG8gZmlyZXdhbGwtY21kIC0tem9uZT1wdWJsaWMgLS1wZXJtYW5lbnQgLS1hZGQtcG9ydD0zMzA2L3RjcCAKc3VkbyBmaXJld2FsbC1jbWQgLS1yZWxvYWQKZWNobyAnIyMjIyMjIyMjIyMjIyMjIyMjI3VzZXJkYXRhIGVuZHMgIyMjIyMjIyMjIyMjIyMjIyMjIyMjIyMnCg==",
                            "private_ip": "10.0.0.2",
                            "public_ip": "129.213.96.220",
                            "region": "iad",
                            "shape": "VM.Standard2.1",
                            "source_details.#": "1",
                            "source_details.0.boot_volume_size_in_gbs": "47",
                            "source_details.0.kms_key_id": "",
                            "source_details.0.source_id": "ocid1.image.oc1.iad.aaaaaaaawufnve5jxze4xf7orejupw5iq3pms6cuadzjc7klojix6vmk42va",
                            "source_details.0.source_type": "image",
                            "state": "RUNNING",
                            "subnet_id": "ocid1.subnet.oc1.iad.aaaaaaaap4igtsmgldzlb6lubyev4svzs6a4b3svmzv7onpt6s3mpzkxfrya",
                            "system_tags.%": "0",
                            "time_created": "2019-10-26 17:24:32.993 +0000 UTC",
                            "time_maintenance_reboot_due": ""
                        },
                        "meta": {
                            "e2bfb730-ecaa-11e6-8f88-34363bc7c4c0": {
                                "create": 7200000000000,
                                "delete": 7200000000000,
                                "update": 7200000000000
                            }
                        },
                        "tainted": false
                    },
                    "deposed": [],
                    "provider": "provider.oci"
                }
            },
            "depends_on": []
        },
        {
            "path": [
                "root",
                "database"
            ],
            "outputs": {
                "autonomous_data_warehouse_admin_password": {
                    "sensitive": false,
                    "type": "string",
                    "value": "?ogSXlxO[9Lo7T({"
                },
                "autonomous_data_warehouse_high_connection_string": {
                    "sensitive": false,
                    "type": "string",
                    "value": "unavailable"
                },
                "autonomous_data_warehouses": {
                    "sensitive": false,
                    "type": "list",
                    "value": [
                        {
                            "admin_password": "",
                            "autonomous_container_database_id": "",
                            "clone_type": "",
                            "compartment_id": "ocid1.compartment.oc1..aaaaaaaanuakdrzf37fjsta4rcmt2qlnzgxhctapdhuigs7f4acfr6t5noja",
                            "connection_strings": [
                                {
                                    "all_connection_strings": {
                                        "HIGH": "adb.us-ashburn-1.oraclecloud.com:1522/rkqsygtxocxxa4z_adbdw1_high.adwc.oraclecloud.com",
                                        "LOW": "adb.us-ashburn-1.oraclecloud.com:1522/rkqsygtxocxxa4z_adbdw1_low.adwc.oraclecloud.com",
                                        "MEDIUM": "adb.us-ashburn-1.oraclecloud.com:1522/rkqsygtxocxxa4z_adbdw1_medium.adwc.oraclecloud.com"
                                    },
                                    "dedicated": "",
                                    "high": "adb.us-ashburn-1.oraclecloud.com:1522/rkqsygtxocxxa4z_adbdw1_high.adwc.oraclecloud.com",
                                    "low": "adb.us-ashburn-1.oraclecloud.com:1522/rkqsygtxocxxa4z_adbdw1_low.adwc.oraclecloud.com",
                                    "medium": "adb.us-ashburn-1.oraclecloud.com:1522/rkqsygtxocxxa4z_adbdw1_medium.adwc.oraclecloud.com"
                                }
                            ],
                            "connection_urls": [],
                            "cpu_core_count": "1",
                            "data_storage_size_in_tbs": "1",
                            "db_name": "adbdw1",
                            "db_version": "18c",
                            "db_workload": "DW",
                            "defined_tags": {},
                            "display_name": "example_autonomous_data_warehouse",
                            "freeform_tags": {
                                "Department": "Finance"
                            },
                            "id": "ocid1.autonomousdatabase.oc1.iad.abuwcljt2tphb2lmqzxn2iouq6i22s3zhkkwoe265xjdjzefday2o62t276a",
                            "is_auto_scaling_enabled": "0",
                            "is_dedicated": "0",
                            "is_free_tier": "0",
                            "is_preview": "0",
                            "is_preview_version_with_service_terms_accepted": "0",
                            "license_model": "LICENSE_INCLUDED",
                            "lifecycle_details": "",
                            "service_console_url": "https://adb.us-ashburn-1.oraclecloud.com/console/index.html?tenant_name=OCID1.TENANCY.OC1..AAAAAAAA4PCHYHEWWXMYNW4HNIWNP5ZNGVKYTEDEP4KZ7N5PFBH5E6Z6W7PQ\u0026database_name=ADBDW1\u0026service_type=ADW",
                            "source": "",
                            "source_id": "",
                            "state": "AVAILABLE",
                            "system_tags": {},
                            "time_created": "2019-10-26 17:24:25.361 +0000 UTC",
                            "time_deletion_of_free_autonomous_database": "",
                            "time_reclamation_of_free_autonomous_database": "",
                            "used_data_storage_size_in_tbs": "0",
                            "whitelisted_ips": []
                        }
                    ]
                }
            },
            "resources": {
                "data.oci_database_autonomous_databases.autonomous_data_warehouses": {
                    "type": "oci_database_autonomous_databases",
                    "depends_on": [
                        "oci_database_autonomous_database.autonomous_data_warehouse"
                    ],
                    "primary": {
                        "id": "2019-10-26 17:27:19.657307 +0000 UTC",
                        "attributes": {
                            "autonomous_databases.#": "1",
                            "autonomous_databases.0.admin_password": "",
                            "autonomous_databases.0.autonomous_container_database_id": "",
                            "autonomous_databases.0.clone_type": "",
                            "autonomous_databases.0.compartment_id": "ocid1.compartment.oc1..aaaaaaaanuakdrzf37fjsta4rcmt2qlnzgxhctapdhuigs7f4acfr6t5noja",
                            "autonomous_databases.0.connection_strings.#": "1",
                            "autonomous_databases.0.connection_strings.0.all_connection_strings.%": "3",
                            "autonomous_databases.0.connection_strings.0.all_connection_strings.HIGH": "adb.us-ashburn-1.oraclecloud.com:1522/rkqsygtxocxxa4z_adbdw1_high.adwc.oraclecloud.com",
                            "autonomous_databases.0.connection_strings.0.all_connection_strings.LOW": "adb.us-ashburn-1.oraclecloud.com:1522/rkqsygtxocxxa4z_adbdw1_low.adwc.oraclecloud.com",
                            "autonomous_databases.0.connection_strings.0.all_connection_strings.MEDIUM": "adb.us-ashburn-1.oraclecloud.com:1522/rkqsygtxocxxa4z_adbdw1_medium.adwc.oraclecloud.com",
                            "autonomous_databases.0.connection_strings.0.dedicated": "",
                            "autonomous_databases.0.connection_strings.0.high": "adb.us-ashburn-1.oraclecloud.com:1522/rkqsygtxocxxa4z_adbdw1_high.adwc.oraclecloud.com",
                            "autonomous_databases.0.connection_strings.0.low": "adb.us-ashburn-1.oraclecloud.com:1522/rkqsygtxocxxa4z_adbdw1_low.adwc.oraclecloud.com",
                            "autonomous_databases.0.connection_strings.0.medium": "adb.us-ashburn-1.oraclecloud.com:1522/rkqsygtxocxxa4z_adbdw1_medium.adwc.oraclecloud.com",
                            "autonomous_databases.0.connection_urls.#": "0",
                            "autonomous_databases.0.cpu_core_count": "1",
                            "autonomous_databases.0.data_storage_size_in_tbs": "1",
                            "autonomous_databases.0.db_name": "adbdw1",
                            "autonomous_databases.0.db_version": "18c",
                            "autonomous_databases.0.db_workload": "DW",
                            "autonomous_databases.0.defined_tags.%": "0",
                            "autonomous_databases.0.display_name": "example_autonomous_data_warehouse",
                            "autonomous_databases.0.freeform_tags.%": "1",
                            "autonomous_databases.0.freeform_tags.Department": "Finance",
                            "autonomous_databases.0.id": "ocid1.autonomousdatabase.oc1.iad.abuwcljt2tphb2lmqzxn2iouq6i22s3zhkkwoe265xjdjzefday2o62t276a",
                            "autonomous_databases.0.is_auto_scaling_enabled": "false",
                            "autonomous_databases.0.is_dedicated": "false",
                            "autonomous_databases.0.is_free_tier": "false",
                            "autonomous_databases.0.is_preview": "false",
                            "autonomous_databases.0.is_preview_version_with_service_terms_accepted": "false",
                            "autonomous_databases.0.license_model": "LICENSE_INCLUDED",
                            "autonomous_databases.0.lifecycle_details": "",
                            "autonomous_databases.0.service_console_url": "https://adb.us-ashburn-1.oraclecloud.com/console/index.html?tenant_name=OCID1.TENANCY.OC1..AAAAAAAA4PCHYHEWWXMYNW4HNIWNP5ZNGVKYTEDEP4KZ7N5PFBH5E6Z6W7PQ\u0026database_name=ADBDW1\u0026service_type=ADW",
                            "autonomous_databases.0.source": "",
                            "autonomous_databases.0.source_id": "",
                            "autonomous_databases.0.state": "AVAILABLE",
                            "autonomous_databases.0.system_tags.%": "0",
                            "autonomous_databases.0.time_created": "2019-10-26 17:24:25.361 +0000 UTC",
                            "autonomous_databases.0.time_deletion_of_free_autonomous_database": "",
                            "autonomous_databases.0.time_reclamation_of_free_autonomous_database": "",
                            "autonomous_databases.0.used_data_storage_size_in_tbs": "0",
                            "autonomous_databases.0.whitelisted_ips.#": "0",
                            "compartment_id": "ocid1.compartment.oc1..aaaaaaaanuakdrzf37fjsta4rcmt2qlnzgxhctapdhuigs7f4acfr6t5noja",
                            "db_workload": "DW",
                            "display_name": "example_autonomous_data_warehouse",
                            "id": "2019-10-26 17:27:19.657307 +0000 UTC"
                        },
                        "meta": {},
                        "tainted": false
                    },
                    "deposed": [],
                    "provider": "provider.oci"
                },
                "oci_database_autonomous_database.autonomous_data_warehouse": {
                    "type": "oci_database_autonomous_database",
                    "depends_on": [
                        "random_string.autonomous_data_warehouse_admin_password"
                    ],
                    "primary": {
                        "id": "ocid1.autonomousdatabase.oc1.iad.abuwcljt2tphb2lmqzxn2iouq6i22s3zhkkwoe265xjdjzefday2o62t276a",
                        "attributes": {
                            "admin_password": "?ogSXlxO[9Lo7T({",
                            "compartment_id": "ocid1.compartment.oc1..aaaaaaaanuakdrzf37fjsta4rcmt2qlnzgxhctapdhuigs7f4acfr6t5noja",
                            "connection_strings.#": "1",
                            "connection_strings.0.all_connection_strings.%": "3",
                            "connection_strings.0.all_connection_strings.HIGH": "adb.us-ashburn-1.oraclecloud.com:1522/rkqsygtxocxxa4z_adbdw1_high.adwc.oraclecloud.com",
                            "connection_strings.0.all_connection_strings.LOW": "adb.us-ashburn-1.oraclecloud.com:1522/rkqsygtxocxxa4z_adbdw1_low.adwc.oraclecloud.com",
                            "connection_strings.0.all_connection_strings.MEDIUM": "adb.us-ashburn-1.oraclecloud.com:1522/rkqsygtxocxxa4z_adbdw1_medium.adwc.oraclecloud.com",
                            "connection_strings.0.dedicated": "",
                            "connection_strings.0.high": "adb.us-ashburn-1.oraclecloud.com:1522/rkqsygtxocxxa4z_adbdw1_high.adwc.oraclecloud.com",
                            "connection_strings.0.low": "adb.us-ashburn-1.oraclecloud.com:1522/rkqsygtxocxxa4z_adbdw1_low.adwc.oraclecloud.com",
                            "connection_strings.0.medium": "adb.us-ashburn-1.oraclecloud.com:1522/rkqsygtxocxxa4z_adbdw1_medium.adwc.oraclecloud.com",
                            "connection_urls.#": "0",
                            "cpu_core_count": "1",
                            "data_storage_size_in_tbs": "1",
                            "db_name": "adbdw1",
                            "db_version": "18c",
                            "db_workload": "DW",
                            "defined_tags.%": "0",
                            "display_name": "example_autonomous_data_warehouse",
                            "freeform_tags.%": "1",
                            "freeform_tags.Department": "Finance",
                            "id": "ocid1.autonomousdatabase.oc1.iad.abuwcljt2tphb2lmqzxn2iouq6i22s3zhkkwoe265xjdjzefday2o62t276a",
                            "is_auto_scaling_enabled": "false",
                            "is_dedicated": "false",
                            "is_free_tier": "false",
                            "is_preview": "false",
                            "license_model": "LICENSE_INCLUDED",
                            "service_console_url": "https://adb.us-ashburn-1.oraclecloud.com/console/index.html?tenant_name=OCID1.TENANCY.OC1..AAAAAAAA4PCHYHEWWXMYNW4HNIWNP5ZNGVKYTEDEP4KZ7N5PFBH5E6Z6W7PQ\u0026database_name=ADBDW1\u0026service_type=ADW",
                            "state": "AVAILABLE",
                            "system_tags.%": "0",
                            "time_created": "2019-10-26 17:24:25.361 +0000 UTC",
                            "whitelisted_ips.#": "0"
                        },
                        "meta": {
                            "e2bfb730-ecaa-11e6-8f88-34363bc7c4c0": {
                                "create": 43200000000000,
                                "delete": 43200000000000,
                                "update": 43200000000000
                            }
                        },
                        "tainted": false
                    },
                    "deposed": [],
                    "provider": "provider.oci"
                },
                "random_string.autonomous_data_warehouse_admin_password": {
                    "type": "random_string",
                    "depends_on": [],
                    "primary": {
                        "id": "?ogSXlxO[9Lo7T({",
                        "attributes": {
                            "id": "?ogSXlxO[9Lo7T({",
                            "length": "16",
                            "lower": "true",
                            "min_lower": "1",
                            "min_numeric": "1",
                            "min_special": "1",
                            "min_upper": "1",
                            "number": "true",
                            "result": "?ogSXlxO[9Lo7T({",
                            "special": "true",
                            "upper": "true"
                        },
                        "meta": {
                            "schema_version": "1"
                        },
                        "tainted": false
                    },
                    "deposed": [],
                    "provider": "provider.random"
                }
            },
            "depends_on": []
        },
        {
            "path": [
                "root",
                "vcn"
            ],
            "outputs": {
                "nsg_app_ocid": {
                    "sensitive": false,
                    "type": "string",
                    "value": "ocid1.networksecuritygroup.oc1.iad.aaaaaaaaw4eleiilxcwibdqlbjgxrlgoeczyqrgoe4ut6cdvm52qnhfgjxaa"
                },
                "nsg_db_ocid": {
                    "sensitive": false,
                    "type": "string",
                    "value": "ocid1.networksecuritygroup.oc1.iad.aaaaaaaaa7b3zw3ie2tfkop3oa5a6dxssw5gvnjzfvk36texhzdna6vfeesa"
                },
                "nsg_web_ocid": {
                    "sensitive": false,
                    "type": "string",
                    "value": "ocid1.networksecuritygroup.oc1.iad.aaaaaaaa3hsre3gttgzv7eyc6ky56vt24izg7ctqwrfxga66zruyio5hgtsq"
                },
                "subnet1_ocid": {
                    "sensitive": false,
                    "type": "string",
                    "value": "ocid1.subnet.oc1.iad.aaaaaaaap4igtsmgldzlb6lubyev4svzs6a4b3svmzv7onpt6s3mpzkxfrya"
                },
                "subnet2_ocid": {
                    "sensitive": false,
                    "type": "string",
                    "value": "ocid1.subnet.oc1.iad.aaaaaaaa2ddirdmdsbjytd3lgkozuixt2yhaitzzvpn7grdah4gzw7frhuvq"
                }
            },
            "resources": {
                "data.oci_core_services.test_services": {
                    "type": "oci_core_services",
                    "depends_on": [],
                    "primary": {
                        "id": "2019-10-26 17:24:17.885958 +0000 UTC",
                        "attributes": {
                            "filter.#": "1",
                            "filter.3810912831.name": "name",
                            "filter.3810912831.regex": "true",
                            "filter.3810912831.values.#": "1",
                            "filter.3810912831.values.0": "All .* Services In Oracle Services Network",
                            "id": "2019-10-26 17:24:17.885958 +0000 UTC",
                            "services.#": "1",
                            "services.0.cidr_block": "all-iad-services-in-oracle-services-network",
                            "services.0.description": "All IAD Services In Oracle Services Network",
                            "services.0.id": "ocid1.service.oc1.iad.aaaaaaaam4zfmy2rjue6fmglumm3czgisxzrnvrwqeodtztg7hwa272mlfna",
                            "services.0.name": "All IAD Services In Oracle Services Network"
                        },
                        "meta": {},
                        "tainted": false
                    },
                    "deposed": [],
                    "provider": "provider.oci"
                },
                "data.oci_identity_availability_domains.ads": {
                    "type": "oci_identity_availability_domains",
                    "depends_on": [],
                    "primary": {
                        "id": "2019-10-26 17:24:17.70384 +0000 UTC",
                        "attributes": {
                            "availability_domains.#": "3",
                            "availability_domains.0.compartment_id": "ocid1.tenancy.oc1..aaaaaaaa4pchyhewwxmynw4hniwnp5zngvkytedep4kz7n5pfbh5e6z6w7pq",
                            "availability_domains.0.id": "ocid1.availabilitydomain.oc1..aaaaaaaaztunlny6ae4yw2vghp5go2zceaonwp6wiioe3tnh2vlaxjjl2n3a",
                            "availability_domains.0.name": "zseb:US-ASHBURN-AD-1",
                            "availability_domains.1.compartment_id": "ocid1.tenancy.oc1..aaaaaaaa4pchyhewwxmynw4hniwnp5zngvkytedep4kz7n5pfbh5e6z6w7pq",
                            "availability_domains.1.id": "ocid1.availabilitydomain.oc1..aaaaaaaauvt2n7pijol7uqgdnnsoojcukrijtmcltvfwxazmitk235wyohta",
                            "availability_domains.1.name": "zseb:US-ASHBURN-AD-2",
                            "availability_domains.2.compartment_id": "ocid1.tenancy.oc1..aaaaaaaa4pchyhewwxmynw4hniwnp5zngvkytedep4kz7n5pfbh5e6z6w7pq",
                            "availability_domains.2.id": "ocid1.availabilitydomain.oc1..aaaaaaaatrwxaogr7dl4yschqtrmqrdv6uzis3mgbnomiagqrfhcb7mxsfdq",
                            "availability_domains.2.name": "zseb:US-ASHBURN-AD-3",
                            "compartment_id": "ocid1.tenancy.oc1..aaaaaaaa4pchyhewwxmynw4hniwnp5zngvkytedep4kz7n5pfbh5e6z6w7pq",
                            "id": "2019-10-26 17:24:17.70384 +0000 UTC"
                        },
                        "meta": {},
                        "tainted": false
                    },
                    "deposed": [],
                    "provider": "provider.oci"
                },
                "oci_core_internet_gateway.ig": {
                    "type": "oci_core_internet_gateway",
                    "depends_on": [
                        "oci_core_virtual_network.vcn"
                    ],
                    "primary": {
                        "id": "ocid1.internetgateway.oc1.iad.aaaaaaaamcxeexr3vehhjcdk4a52w2hwvluhuf54tca3zdbneqm2kkxzos4q",
                        "attributes": {
                            "compartment_id": "ocid1.compartment.oc1..aaaaaaaanuakdrzf37fjsta4rcmt2qlnzgxhctapdhuigs7f4acfr6t5noja",
                            "defined_tags.%": "0",
                            "display_name": "ig-gateway",
                            "enabled": "true",
                            "freeform_tags.%": "0",
                            "id": "ocid1.internetgateway.oc1.iad.aaaaaaaamcxeexr3vehhjcdk4a52w2hwvluhuf54tca3zdbneqm2kkxzos4q",
                            "state": "AVAILABLE",
                            "time_created": "2019-10-26 17:24:26.153 +0000 UTC",
                            "vcn_id": "ocid1.vcn.oc1.iad.aaaaaaaarsaqqzkasnkgb5zlu2ba377kbvfjr3muwyqlolks7pcfz7lrlw4a"
                        },
                        "meta": {
                            "e2bfb730-ecaa-11e6-8f88-34363bc7c4c0": {
                                "create": 900000000000,
                                "delete": 900000000000,
                                "update": 900000000000
                            }
                        },
                        "tainted": false
                    },
                    "deposed": [],
                    "provider": "provider.oci"
                },
                "oci_core_nat_gateway.ngw": {
                    "type": "oci_core_nat_gateway",
                    "depends_on": [
                        "oci_core_virtual_network.vcn"
                    ],
                    "primary": {
                        "id": "ocid1.natgateway.oc1.iad.aaaaaaaazqr462tdynklfcxpinfng5wslaymsm4ytz3ejeuxeh73rozzslzq",
                        "attributes": {
                            "block_traffic": "false",
                            "compartment_id": "ocid1.compartment.oc1..aaaaaaaanuakdrzf37fjsta4rcmt2qlnzgxhctapdhuigs7f4acfr6t5noja",
                            "defined_tags.%": "0",
                            "display_name": "ngw",
                            "freeform_tags.%": "0",
                            "id": "ocid1.natgateway.oc1.iad.aaaaaaaazqr462tdynklfcxpinfng5wslaymsm4ytz3ejeuxeh73rozzslzq",
                            "nat_ip": "150.136.203.76",
                            "state": "AVAILABLE",
                            "time_created": "2019-10-26 17:24:26.024 +0000 UTC",
                            "vcn_id": "ocid1.vcn.oc1.iad.aaaaaaaarsaqqzkasnkgb5zlu2ba377kbvfjr3muwyqlolks7pcfz7lrlw4a"
                        },
                        "meta": {
                            "e2bfb730-ecaa-11e6-8f88-34363bc7c4c0": {
                                "create": 900000000000,
                                "delete": 900000000000,
                                "update": 900000000000
                            }
                        },
                        "tainted": false
                    },
                    "deposed": [],
                    "provider": "provider.oci"
                },
                "oci_core_network_security_group.App": {
                    "type": "oci_core_network_security_group",
                    "depends_on": [
                        "oci_core_virtual_network.vcn"
                    ],
                    "primary": {
                        "id": "ocid1.networksecuritygroup.oc1.iad.aaaaaaaaw4eleiilxcwibdqlbjgxrlgoeczyqrgoe4ut6cdvm52qnhfgjxaa",
                        "attributes": {
                            "compartment_id": "ocid1.compartment.oc1..aaaaaaaanuakdrzf37fjsta4rcmt2qlnzgxhctapdhuigs7f4acfr6t5noja",
                            "defined_tags.%": "0",
                            "display_name": "App NSG",
                            "freeform_tags.%": "0",
                            "id": "ocid1.networksecuritygroup.oc1.iad.aaaaaaaaw4eleiilxcwibdqlbjgxrlgoeczyqrgoe4ut6cdvm52qnhfgjxaa",
                            "state": "AVAILABLE",
                            "time_created": "2019-10-26 17:24:25.778 +0000 UTC",
                            "vcn_id": "ocid1.vcn.oc1.iad.aaaaaaaarsaqqzkasnkgb5zlu2ba377kbvfjr3muwyqlolks7pcfz7lrlw4a"
                        },
                        "meta": {
                            "e2bfb730-ecaa-11e6-8f88-34363bc7c4c0": {
                                "create": 900000000000,
                                "delete": 900000000000,
                                "update": 900000000000
                            }
                        },
                        "tainted": false
                    },
                    "deposed": [],
                    "provider": "provider.oci"
                },
                "oci_core_network_security_group.DB": {
                    "type": "oci_core_network_security_group",
                    "depends_on": [
                        "oci_core_virtual_network.vcn"
                    ],
                    "primary": {
                        "id": "ocid1.networksecuritygroup.oc1.iad.aaaaaaaaa7b3zw3ie2tfkop3oa5a6dxssw5gvnjzfvk36texhzdna6vfeesa",
                        "attributes": {
                            "compartment_id": "ocid1.compartment.oc1..aaaaaaaanuakdrzf37fjsta4rcmt2qlnzgxhctapdhuigs7f4acfr6t5noja",
                            "defined_tags.%": "0",
                            "display_name": "DB NSG",
                            "freeform_tags.%": "0",
                            "id": "ocid1.networksecuritygroup.oc1.iad.aaaaaaaaa7b3zw3ie2tfkop3oa5a6dxssw5gvnjzfvk36texhzdna6vfeesa",
                            "state": "AVAILABLE",
                            "time_created": "2019-10-26 17:24:26.372 +0000 UTC",
                            "vcn_id": "ocid1.vcn.oc1.iad.aaaaaaaarsaqqzkasnkgb5zlu2ba377kbvfjr3muwyqlolks7pcfz7lrlw4a"
                        },
                        "meta": {
                            "e2bfb730-ecaa-11e6-8f88-34363bc7c4c0": {
                                "create": 900000000000,
                                "delete": 900000000000,
                                "update": 900000000000
                            }
                        },
                        "tainted": false
                    },
                    "deposed": [],
                    "provider": "provider.oci"
                },
                "oci_core_network_security_group.Web": {
                    "type": "oci_core_network_security_group",
                    "depends_on": [
                        "oci_core_virtual_network.vcn"
                    ],
                    "primary": {
                        "id": "ocid1.networksecuritygroup.oc1.iad.aaaaaaaa3hsre3gttgzv7eyc6ky56vt24izg7ctqwrfxga66zruyio5hgtsq",
                        "attributes": {
                            "compartment_id": "ocid1.compartment.oc1..aaaaaaaanuakdrzf37fjsta4rcmt2qlnzgxhctapdhuigs7f4acfr6t5noja",
                            "defined_tags.%": "0",
                            "display_name": "Web NSG",
                            "freeform_tags.%": "0",
                            "id": "ocid1.networksecuritygroup.oc1.iad.aaaaaaaa3hsre3gttgzv7eyc6ky56vt24izg7ctqwrfxga66zruyio5hgtsq",
                            "state": "AVAILABLE",
                            "time_created": "2019-10-26 17:24:26.166 +0000 UTC",
                            "vcn_id": "ocid1.vcn.oc1.iad.aaaaaaaarsaqqzkasnkgb5zlu2ba377kbvfjr3muwyqlolks7pcfz7lrlw4a"
                        },
                        "meta": {
                            "e2bfb730-ecaa-11e6-8f88-34363bc7c4c0": {
                                "create": 900000000000,
                                "delete": 900000000000,
                                "update": 900000000000
                            }
                        },
                        "tainted": false
                    },
                    "deposed": [],
                    "provider": "provider.oci"
                },
                "oci_core_network_security_group_security_rule.App2db": {
                    "type": "oci_core_network_security_group_security_rule",
                    "depends_on": [
                        "oci_core_network_security_group.App",
                        "oci_core_network_security_group.DB"
                    ],
                    "primary": {
                        "id": "50550B",
                        "attributes": {
                            "description": "Allow Egress to DB NSG",
                            "destination": "ocid1.networksecuritygroup.oc1.iad.aaaaaaaaa7b3zw3ie2tfkop3oa5a6dxssw5gvnjzfvk36texhzdna6vfeesa",
                            "destination_type": "NETWORK_SECURITY_GROUP",
                            "direction": "EGRESS",
                            "icmp_options.#": "0",
                            "id": "50550B",
                            "is_valid": "true",
                            "network_security_group_id": "ocid1.networksecuritygroup.oc1.iad.aaaaaaaaw4eleiilxcwibdqlbjgxrlgoeczyqrgoe4ut6cdvm52qnhfgjxaa",
                            "protocol": "6",
                            "source_type": "",
                            "tcp_options.#": "1",
                            "tcp_options.0.destination_port_range.#": "1",
                            "tcp_options.0.destination_port_range.0.max": "3306",
                            "tcp_options.0.destination_port_range.0.min": "3306",
                            "tcp_options.0.source_port_range.#": "0",
                            "time_created": "2019-10-26 17:24:26.69 +0000 UTC",
                            "udp_options.#": "0"
                        },
                        "meta": {
                            "e2bfb730-ecaa-11e6-8f88-34363bc7c4c0": {
                                "create": 900000000000,
                                "delete": 900000000000,
                                "update": 900000000000
                            }
                        },
                        "tainted": false
                    },
                    "deposed": [],
                    "provider": "provider.oci"
                },
                "oci_core_network_security_group_security_rule.App2db1": {
                    "type": "oci_core_network_security_group_security_rule",
                    "depends_on": [
                        "oci_core_network_security_group.App",
                        "oci_core_network_security_group.DB"
                    ],
                    "primary": {
                        "id": "013B90",
                        "attributes": {
                            "description": "Allow Ingress from App NSG",
                            "destination_type": "",
                            "direction": "INGRESS",
                            "icmp_options.#": "0",
                            "id": "013B90",
                            "is_valid": "true",
                            "network_security_group_id": "ocid1.networksecuritygroup.oc1.iad.aaaaaaaaa7b3zw3ie2tfkop3oa5a6dxssw5gvnjzfvk36texhzdna6vfeesa",
                            "protocol": "6",
                            "source": "ocid1.networksecuritygroup.oc1.iad.aaaaaaaaw4eleiilxcwibdqlbjgxrlgoeczyqrgoe4ut6cdvm52qnhfgjxaa",
                            "source_type": "NETWORK_SECURITY_GROUP",
                            "tcp_options.#": "1",
                            "tcp_options.0.destination_port_range.#": "1",
                            "tcp_options.0.destination_port_range.0.max": "3306",
                            "tcp_options.0.destination_port_range.0.min": "3306",
                            "tcp_options.0.source_port_range.#": "0",
                            "time_created": "2019-10-26 17:24:26.684 +0000 UTC",
                            "udp_options.#": "0"
                        },
                        "meta": {
                            "e2bfb730-ecaa-11e6-8f88-34363bc7c4c0": {
                                "create": 900000000000,
                                "delete": 900000000000,
                                "update": 900000000000
                            }
                        },
                        "tainted": false
                    },
                    "deposed": [],
                    "provider": "provider.oci"
                },
                "oci_core_network_security_group_security_rule.https": {
                    "type": "oci_core_network_security_group_security_rule",
                    "depends_on": [
                        "oci_core_network_security_group.Web"
                    ],
                    "primary": {
                        "id": "088014",
                        "attributes": {
                            "description": "HTTPS",
                            "destination_type": "",
                            "direction": "INGRESS",
                            "icmp_options.#": "0",
                            "id": "088014",
                            "is_valid": "true",
                            "network_security_group_id": "ocid1.networksecuritygroup.oc1.iad.aaaaaaaa3hsre3gttgzv7eyc6ky56vt24izg7ctqwrfxga66zruyio5hgtsq",
                            "protocol": "6",
                            "source": "0.0.0.0/0",
                            "source_type": "CIDR_BLOCK",
                            "tcp_options.#": "1",
                            "tcp_options.0.destination_port_range.#": "1",
                            "tcp_options.0.destination_port_range.0.max": "80",
                            "tcp_options.0.destination_port_range.0.min": "80",
                            "tcp_options.0.source_port_range.#": "0",
                            "time_created": "2019-10-26 17:24:26.482 +0000 UTC",
                            "udp_options.#": "0"
                        },
                        "meta": {
                            "e2bfb730-ecaa-11e6-8f88-34363bc7c4c0": {
                                "create": 900000000000,
                                "delete": 900000000000,
                                "update": 900000000000
                            }
                        },
                        "tainted": false
                    },
                    "deposed": [],
                    "provider": "provider.oci"
                },
                "oci_core_network_security_group_security_rule.web2app": {
                    "type": "oci_core_network_security_group_security_rule",
                    "depends_on": [
                        "oci_core_network_security_group.App",
                        "oci_core_network_security_group.Web"
                    ],
                    "primary": {
                        "id": "0A0121",
                        "attributes": {
                            "description": "Allow Egress to App NSG",
                            "destination": "ocid1.networksecuritygroup.oc1.iad.aaaaaaaaw4eleiilxcwibdqlbjgxrlgoeczyqrgoe4ut6cdvm52qnhfgjxaa",
                            "destination_type": "NETWORK_SECURITY_GROUP",
                            "direction": "EGRESS",
                            "icmp_options.#": "0",
                            "id": "0A0121",
                            "is_valid": "true",
                            "network_security_group_id": "ocid1.networksecuritygroup.oc1.iad.aaaaaaaa3hsre3gttgzv7eyc6ky56vt24izg7ctqwrfxga66zruyio5hgtsq",
                            "protocol": "6",
                            "source_type": "",
                            "tcp_options.#": "1",
                            "tcp_options.0.destination_port_range.#": "1",
                            "tcp_options.0.destination_port_range.0.max": "3000",
                            "tcp_options.0.destination_port_range.0.min": "3000",
                            "tcp_options.0.source_port_range.#": "0",
                            "time_created": "2019-10-26 17:24:27.107 +0000 UTC",
                            "udp_options.#": "0"
                        },
                        "meta": {
                            "e2bfb730-ecaa-11e6-8f88-34363bc7c4c0": {
                                "create": 900000000000,
                                "delete": 900000000000,
                                "update": 900000000000
                            }
                        },
                        "tainted": false
                    },
                    "deposed": [],
                    "provider": "provider.oci"
                },
                "oci_core_network_security_group_security_rule.web2app1": {
                    "type": "oci_core_network_security_group_security_rule",
                    "depends_on": [
                        "oci_core_network_security_group.App",
                        "oci_core_network_security_group.Web"
                    ],
                    "primary": {
                        "id": "400801",
                        "attributes": {
                            "description": "Allow Ingress to App NSG",
                            "destination_type": "",
                            "direction": "INGRESS",
                            "icmp_options.#": "0",
                            "id": "400801",
                            "is_valid": "true",
                            "network_security_group_id": "ocid1.networksecuritygroup.oc1.iad.aaaaaaaaw4eleiilxcwibdqlbjgxrlgoeczyqrgoe4ut6cdvm52qnhfgjxaa",
                            "protocol": "6",
                            "source": "ocid1.networksecuritygroup.oc1.iad.aaaaaaaa3hsre3gttgzv7eyc6ky56vt24izg7ctqwrfxga66zruyio5hgtsq",
                            "source_type": "NETWORK_SECURITY_GROUP",
                            "tcp_options.#": "1",
                            "tcp_options.0.destination_port_range.#": "1",
                            "tcp_options.0.destination_port_range.0.max": "3000",
                            "tcp_options.0.destination_port_range.0.min": "3000",
                            "tcp_options.0.source_port_range.#": "0",
                            "time_created": "2019-10-26 17:24:26.495 +0000 UTC",
                            "udp_options.#": "0"
                        },
                        "meta": {
                            "e2bfb730-ecaa-11e6-8f88-34363bc7c4c0": {
                                "create": 900000000000,
                                "delete": 900000000000,
                                "update": 900000000000
                            }
                        },
                        "tainted": false
                    },
                    "deposed": [],
                    "provider": "provider.oci"
                },
                "oci_core_route_table.private_rt1": {
                    "type": "oci_core_route_table",
                    "depends_on": [
                        "data.oci_core_services.test_services",
                        "oci_core_nat_gateway.ngw",
                        "oci_core_service_gateway.service_gateway",
                        "oci_core_virtual_network.vcn"
                    ],
                    "primary": {
                        "id": "ocid1.routetable.oc1.iad.aaaaaaaapvgoj65zkwbxp6tmwumygjwiwn2effxafkfc7i4yfkwvbwwnou5a",
                        "attributes": {
                            "compartment_id": "ocid1.compartment.oc1..aaaaaaaanuakdrzf37fjsta4rcmt2qlnzgxhctapdhuigs7f4acfr6t5noja",
                            "defined_tags.%": "0",
                            "display_name": "private_rt1",
                            "freeform_tags.%": "0",
                            "id": "ocid1.routetable.oc1.iad.aaaaaaaapvgoj65zkwbxp6tmwumygjwiwn2effxafkfc7i4yfkwvbwwnou5a",
                            "route_rules.#": "2",
                            "route_rules.1015209398.cidr_block": "",
                            "route_rules.1015209398.destination": "all-iad-services-in-oracle-services-network",
                            "route_rules.1015209398.destination_type": "SERVICE_CIDR_BLOCK",
                            "route_rules.1015209398.network_entity_id": "ocid1.servicegateway.oc1.iad.aaaaaaaautvsywjt4od2z27pnpl5sot2l65f4ympliv4ew3rupjdhuxsglda",
                            "route_rules.2758628405.cidr_block": "",
                            "route_rules.2758628405.destination": "0.0.0.0/0",
                            "route_rules.2758628405.destination_type": "CIDR_BLOCK",
                            "route_rules.2758628405.network_entity_id": "ocid1.natgateway.oc1.iad.aaaaaaaazqr462tdynklfcxpinfng5wslaymsm4ytz3ejeuxeh73rozzslzq",
                            "state": "AVAILABLE",
                            "time_created": "2019-10-26 17:24:27.085 +0000 UTC",
                            "vcn_id": "ocid1.vcn.oc1.iad.aaaaaaaarsaqqzkasnkgb5zlu2ba377kbvfjr3muwyqlolks7pcfz7lrlw4a"
                        },
                        "meta": {
                            "e2bfb730-ecaa-11e6-8f88-34363bc7c4c0": {
                                "create": 900000000000,
                                "delete": 900000000000,
                                "update": 900000000000
                            }
                        },
                        "tainted": false
                    },
                    "deposed": [],
                    "provider": "provider.oci"
                },
                "oci_core_route_table.rt": {
                    "type": "oci_core_route_table",
                    "depends_on": [
                        "oci_core_internet_gateway.ig",
                        "oci_core_virtual_network.vcn"
                    ],
                    "primary": {
                        "id": "ocid1.routetable.oc1.iad.aaaaaaaarxb7rgqlidpcbwgtlprxmmxu74luk6lawn2z5npfj24k7ydvrqtq",
                        "attributes": {
                            "compartment_id": "ocid1.compartment.oc1..aaaaaaaanuakdrzf37fjsta4rcmt2qlnzgxhctapdhuigs7f4acfr6t5noja",
                            "defined_tags.%": "0",
                            "display_name": "rt",
                            "freeform_tags.%": "0",
                            "id": "ocid1.routetable.oc1.iad.aaaaaaaarxb7rgqlidpcbwgtlprxmmxu74luk6lawn2z5npfj24k7ydvrqtq",
                            "route_rules.#": "1",
                            "route_rules.784902638.cidr_block": "",
                            "route_rules.784902638.destination": "0.0.0.0/0",
                            "route_rules.784902638.destination_type": "CIDR_BLOCK",
                            "route_rules.784902638.network_entity_id": "ocid1.internetgateway.oc1.iad.aaaaaaaamcxeexr3vehhjcdk4a52w2hwvluhuf54tca3zdbneqm2kkxzos4q",
                            "state": "AVAILABLE",
                            "time_created": "2019-10-26 17:24:26.586 +0000 UTC",
                            "vcn_id": "ocid1.vcn.oc1.iad.aaaaaaaarsaqqzkasnkgb5zlu2ba377kbvfjr3muwyqlolks7pcfz7lrlw4a"
                        },
                        "meta": {
                            "e2bfb730-ecaa-11e6-8f88-34363bc7c4c0": {
                                "create": 900000000000,
                                "delete": 900000000000,
                                "update": 900000000000
                            }
                        },
                        "tainted": false
                    },
                    "deposed": [],
                    "provider": "provider.oci"
                },
                "oci_core_security_list.sl": {
                    "type": "oci_core_security_list",
                    "depends_on": [
                        "oci_core_virtual_network.vcn"
                    ],
                    "primary": {
                        "id": "ocid1.securitylist.oc1.iad.aaaaaaaayidsbzubrco2dd7hzl3qpg6g3vqbf3untu2kw3cwyjs7xzjmgz7q",
                        "attributes": {
                            "compartment_id": "ocid1.compartment.oc1..aaaaaaaanuakdrzf37fjsta4rcmt2qlnzgxhctapdhuigs7f4acfr6t5noja",
                            "defined_tags.%": "0",
                            "display_name": "sl",
                            "egress_security_rules.#": "1",
                            "egress_security_rules.1582479153.destination": "0.0.0.0/0",
                            "egress_security_rules.1582479153.destination_type": "CIDR_BLOCK",
                            "egress_security_rules.1582479153.icmp_options.#": "0",
                            "egress_security_rules.1582479153.protocol": "all",
                            "egress_security_rules.1582479153.stateless": "false",
                            "egress_security_rules.1582479153.tcp_options.#": "0",
                            "egress_security_rules.1582479153.udp_options.#": "0",
                            "freeform_tags.%": "0",
                            "id": "ocid1.securitylist.oc1.iad.aaaaaaaayidsbzubrco2dd7hzl3qpg6g3vqbf3untu2kw3cwyjs7xzjmgz7q",
                            "ingress_security_rules.#": "1",
                            "ingress_security_rules.799812519.icmp_options.#": "0",
                            "ingress_security_rules.799812519.protocol": "all",
                            "ingress_security_rules.799812519.source": "0.0.0.0/0",
                            "ingress_security_rules.799812519.source_type": "CIDR_BLOCK",
                            "ingress_security_rules.799812519.stateless": "false",
                            "ingress_security_rules.799812519.tcp_options.#": "0",
                            "ingress_security_rules.799812519.udp_options.#": "0",
                            "state": "AVAILABLE",
                            "time_created": "2019-10-26 17:24:26.154 +0000 UTC",
                            "vcn_id": "ocid1.vcn.oc1.iad.aaaaaaaarsaqqzkasnkgb5zlu2ba377kbvfjr3muwyqlolks7pcfz7lrlw4a"
                        },
                        "meta": {
                            "e2bfb730-ecaa-11e6-8f88-34363bc7c4c0": {
                                "create": 900000000000,
                                "delete": 900000000000,
                                "update": 900000000000
                            }
                        },
                        "tainted": false
                    },
                    "deposed": [],
                    "provider": "provider.oci"
                },
                "oci_core_service_gateway.service_gateway": {
                    "type": "oci_core_service_gateway",
                    "depends_on": [
                        "data.oci_core_services.test_services",
                        "oci_core_virtual_network.vcn"
                    ],
                    "primary": {
                        "id": "ocid1.servicegateway.oc1.iad.aaaaaaaautvsywjt4od2z27pnpl5sot2l65f4ympliv4ew3rupjdhuxsglda",
                        "attributes": {
                            "block_traffic": "false",
                            "compartment_id": "ocid1.compartment.oc1..aaaaaaaanuakdrzf37fjsta4rcmt2qlnzgxhctapdhuigs7f4acfr6t5noja",
                            "defined_tags.%": "0",
                            "display_name": "servicegateway20191026172426",
                            "freeform_tags.%": "0",
                            "id": "ocid1.servicegateway.oc1.iad.aaaaaaaautvsywjt4od2z27pnpl5sot2l65f4ympliv4ew3rupjdhuxsglda",
                            "services.#": "1",
                            "services.2424324964.service_id": "ocid1.service.oc1.iad.aaaaaaaam4zfmy2rjue6fmglumm3czgisxzrnvrwqeodtztg7hwa272mlfna",
                            "services.2424324964.service_name": "All IAD Services In Oracle Services Network",
                            "state": "AVAILABLE",
                            "time_created": "2019-10-26 17:24:26.571 +0000 UTC",
                            "vcn_id": "ocid1.vcn.oc1.iad.aaaaaaaarsaqqzkasnkgb5zlu2ba377kbvfjr3muwyqlolks7pcfz7lrlw4a"
                        },
                        "meta": {
                            "e2bfb730-ecaa-11e6-8f88-34363bc7c4c0": {
                                "create": 900000000000,
                                "delete": 900000000000,
                                "update": 900000000000
                            }
                        },
                        "tainted": false
                    },
                    "deposed": [],
                    "provider": "provider.oci"
                },
                "oci_core_subnet.private-subnet": {
                    "type": "oci_core_subnet",
                    "depends_on": [
                        "oci_core_route_table.private_rt1",
                        "oci_core_security_list.sl",
                        "oci_core_virtual_network.vcn"
                    ],
                    "primary": {
                        "id": "ocid1.subnet.oc1.iad.aaaaaaaa2ddirdmdsbjytd3lgkozuixt2yhaitzzvpn7grdah4gzw7frhuvq",
                        "attributes": {
                            "cidr_block": "10.0.1.0/24",
                            "compartment_id": "ocid1.compartment.oc1..aaaaaaaanuakdrzf37fjsta4rcmt2qlnzgxhctapdhuigs7f4acfr6t5noja",
                            "defined_tags.%": "0",
                            "dhcp_options_id": "ocid1.dhcpoptions.oc1.iad.aaaaaaaar32l6ngrgvprhbqxzmlkmjycyv4z2xgkribq2pgo4fpotbjmeknq",
                            "display_name": "private-subnet",
                            "dns_label": "privatesubnet",
                            "freeform_tags.%": "0",
                            "id": "ocid1.subnet.oc1.iad.aaaaaaaa2ddirdmdsbjytd3lgkozuixt2yhaitzzvpn7grdah4gzw7frhuvq",
                            "prohibit_public_ip_on_vnic": "true",
                            "route_table_id": "ocid1.routetable.oc1.iad.aaaaaaaapvgoj65zkwbxp6tmwumygjwiwn2effxafkfc7i4yfkwvbwwnou5a",
                            "security_list_ids.#": "1",
                            "security_list_ids.4171564678": "ocid1.securitylist.oc1.iad.aaaaaaaayidsbzubrco2dd7hzl3qpg6g3vqbf3untu2kw3cwyjs7xzjmgz7q",
                            "state": "AVAILABLE",
                            "subnet_domain_name": "privatesubnet.tiernetwork.oraclevcn.com",
                            "time_created": "2019-10-26 17:24:27.773 +0000 UTC",
                            "vcn_id": "ocid1.vcn.oc1.iad.aaaaaaaarsaqqzkasnkgb5zlu2ba377kbvfjr3muwyqlolks7pcfz7lrlw4a",
                            "virtual_router_ip": "10.0.1.1",
                            "virtual_router_mac": "00:00:17:CB:58:30"
                        },
                        "meta": {
                            "e2bfb730-ecaa-11e6-8f88-34363bc7c4c0": {
                                "create": 900000000000,
                                "delete": 900000000000,
                                "update": 900000000000
                            }
                        },
                        "tainted": false
                    },
                    "deposed": [],
                    "provider": "provider.oci"
                },
                "oci_core_subnet.public-subnet": {
                    "type": "oci_core_subnet",
                    "depends_on": [
                        "oci_core_route_table.rt",
                        "oci_core_security_list.sl",
                        "oci_core_virtual_network.vcn"
                    ],
                    "primary": {
                        "id": "ocid1.subnet.oc1.iad.aaaaaaaap4igtsmgldzlb6lubyev4svzs6a4b3svmzv7onpt6s3mpzkxfrya",
                        "attributes": {
                            "cidr_block": "10.0.0.0/24",
                            "compartment_id": "ocid1.compartment.oc1..aaaaaaaanuakdrzf37fjsta4rcmt2qlnzgxhctapdhuigs7f4acfr6t5noja",
                            "defined_tags.%": "0",
                            "dhcp_options_id": "ocid1.dhcpoptions.oc1.iad.aaaaaaaar32l6ngrgvprhbqxzmlkmjycyv4z2xgkribq2pgo4fpotbjmeknq",
                            "display_name": "subnet_ad1",
                            "dns_label": "publicsubnet",
                            "freeform_tags.%": "0",
                            "id": "ocid1.subnet.oc1.iad.aaaaaaaap4igtsmgldzlb6lubyev4svzs6a4b3svmzv7onpt6s3mpzkxfrya",
                            "prohibit_public_ip_on_vnic": "false",
                            "route_table_id": "ocid1.routetable.oc1.iad.aaaaaaaarxb7rgqlidpcbwgtlprxmmxu74luk6lawn2z5npfj24k7ydvrqtq",
                            "security_list_ids.#": "1",
                            "security_list_ids.4171564678": "ocid1.securitylist.oc1.iad.aaaaaaaayidsbzubrco2dd7hzl3qpg6g3vqbf3untu2kw3cwyjs7xzjmgz7q",
                            "state": "AVAILABLE",
                            "subnet_domain_name": "publicsubnet.tiernetwork.oraclevcn.com",
                            "time_created": "2019-10-26 17:24:26.931 +0000 UTC",
                            "vcn_id": "ocid1.vcn.oc1.iad.aaaaaaaarsaqqzkasnkgb5zlu2ba377kbvfjr3muwyqlolks7pcfz7lrlw4a",
                            "virtual_router_ip": "10.0.0.1",
                            "virtual_router_mac": "00:00:17:CB:58:30"
                        },
                        "meta": {
                            "e2bfb730-ecaa-11e6-8f88-34363bc7c4c0": {
                                "create": 900000000000,
                                "delete": 900000000000,
                                "update": 900000000000
                            }
                        },
                        "tainted": false
                    },
                    "deposed": [],
                    "provider": "provider.oci"
                },
                "oci_core_virtual_network.vcn": {
                    "type": "oci_core_virtual_network",
                    "depends_on": [],
                    "primary": {
                        "id": "ocid1.vcn.oc1.iad.aaaaaaaarsaqqzkasnkgb5zlu2ba377kbvfjr3muwyqlolks7pcfz7lrlw4a",
                        "attributes": {
                            "cidr_block": "10.0.0.0/16",
                            "compartment_id": "ocid1.compartment.oc1..aaaaaaaanuakdrzf37fjsta4rcmt2qlnzgxhctapdhuigs7f4acfr6t5noja",
                            "default_dhcp_options_id": "ocid1.dhcpoptions.oc1.iad.aaaaaaaar32l6ngrgvprhbqxzmlkmjycyv4z2xgkribq2pgo4fpotbjmeknq",
                            "default_route_table_id": "ocid1.routetable.oc1.iad.aaaaaaaai5hihpsjee4k4yj6bi7q7micmcnym4v5y53fi6qg2r4zskos2iva",
                            "default_security_list_id": "ocid1.securitylist.oc1.iad.aaaaaaaau5sytphyunmqwu4ukqbk25x624uxnedqjntik7izvyrqottmnn6a",
                            "defined_tags.%": "0",
                            "display_name": "3TierNetwork",
                            "dns_label": "tiernetwork",
                            "freeform_tags.%": "0",
                            "id": "ocid1.vcn.oc1.iad.aaaaaaaarsaqqzkasnkgb5zlu2ba377kbvfjr3muwyqlolks7pcfz7lrlw4a",
                            "state": "AVAILABLE",
                            "time_created": "2019-10-26 17:24:25.193 +0000 UTC",
                            "vcn_domain_name": "tiernetwork.oraclevcn.com"
                        },
                        "meta": {
                            "e2bfb730-ecaa-11e6-8f88-34363bc7c4c0": {
                                "create": 900000000000,
                                "delete": 900000000000,
                                "update": 900000000000
                            }
                        },
                        "tainted": false
                    },
                    "deposed": [],
                    "provider": "provider.oci"
                }
            },
            "depends_on": []
        }
    ]
}
