{
    "version": 3,
    "terraform_version": "0.11.13",
    "serial": 3,
    "lineage": "b96ca4b6-491e-8949-8e53-42be61711195",
    "modules": [
        {
            "path": [
                "root"
            ],
            "outputs": {},
            "resources": {
                "data.oci_identity_availability_domains.ads": {
                    "type": "oci_identity_availability_domains",
                    "depends_on": [],
                    "primary": {
                        "id": "2019-06-25 21:39:22.274582 +0000 UTC",
                        "attributes": {
                            "availability_domains.#": "3",
                            "availability_domains.0.compartment_id": "ocid1.tenancy.oc1..aaaaaaaa4pchyhewwxmynw4hniwnp5zngvkytedep4kz7n5pfbh5e6z6w7pq",
                            "availability_domains.0.id": "ocid1.availabilitydomain.oc1..aaaaaaaaiifj24st3w4j7cowuo3pmqcuqwjapjv435vtjmgh5j7q3flguwna",
                            "availability_domains.0.name": "zseb:EU-FRANKFURT-1-AD-1",
                            "availability_domains.1.compartment_id": "ocid1.tenancy.oc1..aaaaaaaa4pchyhewwxmynw4hniwnp5zngvkytedep4kz7n5pfbh5e6z6w7pq",
                            "availability_domains.1.id": "ocid1.availabilitydomain.oc1..aaaaaaaalcdcbl7u6akbmkojxhrozpj2v7yavqqydkj3ytyjbt47lnoqnm2q",
                            "availability_domains.1.name": "zseb:EU-FRANKFURT-1-AD-2",
                            "availability_domains.2.compartment_id": "ocid1.tenancy.oc1..aaaaaaaa4pchyhewwxmynw4hniwnp5zngvkytedep4kz7n5pfbh5e6z6w7pq",
                            "availability_domains.2.id": "ocid1.availabilitydomain.oc1..aaaaaaaaa2artt5wizbqvwl3rgptylx2l7jqbnyv4dygcfvlrd3dphvi3mdq",
                            "availability_domains.2.name": "zseb:EU-FRANKFURT-1-AD-3",
                            "compartment_id": "ocid1.tenancy.oc1..aaaaaaaa4pchyhewwxmynw4hniwnp5zngvkytedep4kz7n5pfbh5e6z6w7pq",
                            "id": "2019-06-25 21:39:22.274582 +0000 UTC"
                        },
                        "meta": {},
                        "tainted": false
                    },
                    "deposed": [],
                    "provider": "provider.oci"
                }
            },
            "depends_on": []
        },
        {
            "path": [
                "root",
                "compute"
            ],
            "outputs": {
                "instance_ocid1": {
                    "sensitive": false,
                    "type": "string",
                    "value": "ocid1.instance.oc1.eu-frankfurt-1.abtheljsa33a5ds7ujjzjlsuzsr4z7bsyev6t6fx4uuqptvdrbfadw4ry4mq"
                },
                "instance_ocid2": {
                    "sensitive": false,
                    "type": "string",
                    "value": "ocid1.instance.oc1.eu-frankfurt-1.abtheljtkf6vmvl2ph7e26lfrefuzahodtfez53wtnflycljm5e375lwfzwa"
                },
                "instance_ocid3": {
                    "sensitive": false,
                    "type": "string",
                    "value": "ocid1.instance.oc1.eu-frankfurt-1.abtheljs72lbcjgjptqzo6ectqhvuvyc2httlxhxpalgoomcf3logaraamla"
                },
                "instance_ocid4": {
                    "sensitive": false,
                    "type": "string",
                    "value": "ocid1.instance.oc1.eu-frankfurt-1.abtheljtb53obkpftddubsgw24z7pyxqlgkp5yj522vl4oobq2izemu4cwlq"
                },
                "instance_ocid5": {
                    "sensitive": false,
                    "type": "string",
                    "value": "ocid1.instance.oc1.eu-frankfurt-1.abtheljsry5tefzjspae2vujskfyrqztsfok26ie7ycsexvbpbh4v6syssba"
                },
                "instance_ocid6": {
                    "sensitive": false,
                    "type": "string",
                    "value": "ocid1.instance.oc1.eu-frankfurt-1.abtheljtovmkq2hzollmo5onp4ylz3ugmtxt3nro4hzpwensjks5uetngwnq"
                },
                "private_ip1": {
                    "sensitive": false,
                    "type": "string",
                    "value": "10.0.0.5"
                },
                "private_ip2": {
                    "sensitive": false,
                    "type": "string",
                    "value": "10.0.0.2"
                },
                "private_ip3": {
                    "sensitive": false,
                    "type": "string",
                    "value": "10.0.1.7"
                },
                "private_ip4": {
                    "sensitive": false,
                    "type": "string",
                    "value": "10.0.1.2"
                },
                "private_ip5": {
                    "sensitive": false,
                    "type": "string",
                    "value": "10.0.1.8"
                },
                "private_ip6": {
                    "sensitive": false,
                    "type": "string",
                    "value": "10.0.1.3"
                },
                "public_ip1": {
                    "sensitive": false,
                    "type": "string",
                    "value": "130.61.41.223"
                },
                "public_ip2": {
                    "sensitive": false,
                    "type": "string",
                    "value": "130.61.55.212"
                }
            },
            "resources": {
                "data.oci_identity_availability_domains.ads": {
                    "type": "oci_identity_availability_domains",
                    "depends_on": [],
                    "primary": {
                        "id": "2019-06-25 21:39:22.294381 +0000 UTC",
                        "attributes": {
                            "availability_domains.#": "3",
                            "availability_domains.0.compartment_id": "ocid1.tenancy.oc1..aaaaaaaa4pchyhewwxmynw4hniwnp5zngvkytedep4kz7n5pfbh5e6z6w7pq",
                            "availability_domains.0.id": "ocid1.availabilitydomain.oc1..aaaaaaaaiifj24st3w4j7cowuo3pmqcuqwjapjv435vtjmgh5j7q3flguwna",
                            "availability_domains.0.name": "zseb:EU-FRANKFURT-1-AD-1",
                            "availability_domains.1.compartment_id": "ocid1.tenancy.oc1..aaaaaaaa4pchyhewwxmynw4hniwnp5zngvkytedep4kz7n5pfbh5e6z6w7pq",
                            "availability_domains.1.id": "ocid1.availabilitydomain.oc1..aaaaaaaalcdcbl7u6akbmkojxhrozpj2v7yavqqydkj3ytyjbt47lnoqnm2q",
                            "availability_domains.1.name": "zseb:EU-FRANKFURT-1-AD-2",
                            "availability_domains.2.compartment_id": "ocid1.tenancy.oc1..aaaaaaaa4pchyhewwxmynw4hniwnp5zngvkytedep4kz7n5pfbh5e6z6w7pq",
                            "availability_domains.2.id": "ocid1.availabilitydomain.oc1..aaaaaaaaa2artt5wizbqvwl3rgptylx2l7jqbnyv4dygcfvlrd3dphvi3mdq",
                            "availability_domains.2.name": "zseb:EU-FRANKFURT-1-AD-3",
                            "compartment_id": "ocid1.tenancy.oc1..aaaaaaaa4pchyhewwxmynw4hniwnp5zngvkytedep4kz7n5pfbh5e6z6w7pq",
                            "id": "2019-06-25 21:39:22.294381 +0000 UTC"
                        },
                        "meta": {},
                        "tainted": false
                    },
                    "deposed": [],
                    "provider": "provider.oci"
                },
                "data.template_file.init": {
                    "type": "template_file",
                    "depends_on": [],
                    "primary": {
                        "id": "92af62c0c953ef0d4a29c3de7d8cbe3acae9c2f998242ccbaef4890bb211fde8",
                        "attributes": {
                            "id": "92af62c0c953ef0d4a29c3de7d8cbe3acae9c2f998242ccbaef4890bb211fde8",
                            "rendered": "#!/bin/bash -x\necho '################### userdata begins #####################'\ntouch ~opc/userdata.`date +%s`.start\necho \"start\" \u003e /tmp/log\n# echo '########## update yum repos ###############'\nsudo yum install -y yum-utils device-mapper-persistent-data lvm2\nsudo yum-config-manager --add-repo https://download.docker.com/linux/centos/docker-ce.repo\necho '########## install and enable docker  ##############'\nsudo yum -y install docker-ce\nsudo systemctl start docker\nsudo systemctl enable docker\nsudo systemctl status docker\necho '###################userdata ends #######################'\n",
                            "template": "#!/bin/bash -x\necho '################### userdata begins #####################'\ntouch ~opc/userdata.`date +%s`.start\necho \"start\" \u003e /tmp/log\n# echo '########## update yum repos ###############'\nsudo yum install -y yum-utils device-mapper-persistent-data lvm2\nsudo yum-config-manager --add-repo https://download.docker.com/linux/centos/docker-ce.repo\necho '########## install and enable docker  ##############'\nsudo yum -y install docker-ce\nsudo systemctl start docker\nsudo systemctl enable docker\nsudo systemctl status docker\necho '###################userdata ends #######################'\n"
                        },
                        "meta": {},
                        "tainted": false
                    },
                    "deposed": [],
                    "provider": "provider.template"
                },
                "oci_core_instance.compute_instance1": {
                    "type": "oci_core_instance",
                    "depends_on": [
                        "data.oci_identity_availability_domains.ads",
                        "data.template_file.init"
                    ],
                    "primary": {
                        "id": "ocid1.instance.oc1.eu-frankfurt-1.abtheljsa33a5ds7ujjzjlsuzsr4z7bsyev6t6fx4uuqptvdrbfadw4ry4mq",
                        "attributes": {
                            "agent_config.#": "1",
                            "agent_config.0.is_monitoring_disabled": "false",
                            "availability_domain": "zseb:EU-FRANKFURT-1-AD-3",
                            "boot_volume_id": "ocid1.bootvolume.oc1.eu-frankfurt-1.abtheljsoukxd6lyhdl56le4rfpc5tnmdsa2wfnfbg6bwwipa73py7josi5a",
                            "compartment_id": "ocid1.tenancy.oc1..aaaaaaaa4pchyhewwxmynw4hniwnp5zngvkytedep4kz7n5pfbh5e6z6w7pq",
                            "create_vnic_details.#": "1",
                            "create_vnic_details.0.assign_public_ip": "true",
                            "create_vnic_details.0.defined_tags.%": "0",
                            "create_vnic_details.0.display_name": "web_instance1",
                            "create_vnic_details.0.freeform_tags.%": "0",
                            "create_vnic_details.0.hostname_label": "web-instance1",
                            "create_vnic_details.0.private_ip": "10.0.0.5",
                            "create_vnic_details.0.skip_source_dest_check": "false",
                            "create_vnic_details.0.subnet_id": "ocid1.subnet.oc1.eu-frankfurt-1.aaaaaaaa2um2sxfjhuy2qput7uycjkads336psl2rpcjywjxlr6im7vrpvhq",
                            "defined_tags.%": "0",
                            "display_name": "web_instance1",
                            "fault_domain": "FAULT-DOMAIN-3",
                            "freeform_tags.%": "0",
                            "hostname_label": "web-instance1",
                            "id": "ocid1.instance.oc1.eu-frankfurt-1.abtheljsa33a5ds7ujjzjlsuzsr4z7bsyev6t6fx4uuqptvdrbfadw4ry4mq",
                            "image": "ocid1.image.oc1.eu-frankfurt-1.aaaaaaaa7d3fsb6272srnftyi4dphdgfjf6gurxqhmv6ileds7ba3m2gltxq",
                            "launch_mode": "NATIVE",
                            "launch_options.#": "1",
                            "launch_options.0.boot_volume_type": "ISCSI",
                            "launch_options.0.firmware": "UEFI_64",
                            "launch_options.0.is_consistent_volume_naming_enabled": "false",
                            "launch_options.0.is_pv_encryption_in_transit_enabled": "false",
                            "launch_options.0.network_type": "VFIO",
                            "launch_options.0.remote_data_volume_type": "PARAVIRTUALIZED",
                            "metadata.%": "2",
                            "metadata.ssh_authorized_keys": "ssh-rsa AAAAB3NzaC1yc2EAAAADAQABAAABAQDKlrm85/kMEuLlF2Sj5G3tKkck50Hy7bEKf1a4gThoYWD51lu8bp9VKp5M3Qy9vExRCRuPT/plJ+5+Kwic3BX/wsWsV5YRjeCY8SYt8kril4ygKhokaog+kGhsCtIk+ZamfoNLMTsJzVxa+njzoj9EkvvVPC/UZwbItf/cM7kYgt8sCRQ9BzETEOQrZ+rzXPDKMltZ37smLqN/OYTJRd0Kglglyf7WtGKsxgqtiHl2pRncQENb4V9vCW0KO3As97PugMHj7JuCw7Tm9bzqmHRlnKHK5gRaKtR9ts0Dq50JNixOrahvIwKhFPzJHJ3Lt++PWqu03CA+XXF40CKaECOL vinay-ssh",
                            "metadata.user_data": "IyEvYmluL2Jhc2ggLXgKZWNobyAnIyMjIyMjIyMjIyMjIyMjIyMjIyB1c2VyZGF0YSBiZWdpbnMgIyMjIyMjIyMjIyMjIyMjIyMjIyMjJwp0b3VjaCB+b3BjL3VzZXJkYXRhLmBkYXRlICslc2Auc3RhcnQKZWNobyAic3RhcnQiID4gL3RtcC9sb2cKIyBlY2hvICcjIyMjIyMjIyMjIHVwZGF0ZSB5dW0gcmVwb3MgIyMjIyMjIyMjIyMjIyMjJwpzdWRvIHl1bSBpbnN0YWxsIC15IHl1bS11dGlscyBkZXZpY2UtbWFwcGVyLXBlcnNpc3RlbnQtZGF0YSBsdm0yCnN1ZG8geXVtLWNvbmZpZy1tYW5hZ2VyIC0tYWRkLXJlcG8gaHR0cHM6Ly9kb3dubG9hZC5kb2NrZXIuY29tL2xpbnV4L2NlbnRvcy9kb2NrZXItY2UucmVwbwplY2hvICcjIyMjIyMjIyMjIGluc3RhbGwgYW5kIGVuYWJsZSBkb2NrZXIgICMjIyMjIyMjIyMjIyMjJwpzdWRvIHl1bSAteSBpbnN0YWxsIGRvY2tlci1jZQpzdWRvIHN5c3RlbWN0bCBzdGFydCBkb2NrZXIKc3VkbyBzeXN0ZW1jdGwgZW5hYmxlIGRvY2tlcgpzdWRvIHN5c3RlbWN0bCBzdGF0dXMgZG9ja2VyCmVjaG8gJyMjIyMjIyMjIyMjIyMjIyMjIyN1c2VyZGF0YSBlbmRzICMjIyMjIyMjIyMjIyMjIyMjIyMjIyMjJwo=",
                            "private_ip": "10.0.0.5",
                            "public_ip": "130.61.41.223",
                            "region": "eu-frankfurt-1",
                            "shape": "VM.Standard2.1",
                            "source_details.#": "1",
                            "source_details.0.boot_volume_size_in_gbs": "47",
                            "source_details.0.kms_key_id": "",
                            "source_details.0.source_id": "ocid1.image.oc1.eu-frankfurt-1.aaaaaaaa7d3fsb6272srnftyi4dphdgfjf6gurxqhmv6ileds7ba3m2gltxq",
                            "source_details.0.source_type": "image",
                            "state": "RUNNING",
                            "subnet_id": "ocid1.subnet.oc1.eu-frankfurt-1.aaaaaaaa2um2sxfjhuy2qput7uycjkads336psl2rpcjywjxlr6im7vrpvhq",
                            "time_created": "2019-06-25 21:39:31.617 +0000 UTC",
                            "time_maintenance_reboot_due": ""
                        },
                        "meta": {
                            "e2bfb730-ecaa-11e6-8f88-34363bc7c4c0": {
                                "create": 3600000000000,
                                "delete": 7200000000000,
                                "update": 7200000000000
                            }
                        },
                        "tainted": false
                    },
                    "deposed": [],
                    "provider": "provider.oci"
                },
                "oci_core_instance.compute_instance2": {
                    "type": "oci_core_instance",
                    "depends_on": [
                        "data.oci_identity_availability_domains.ads",
                        "data.template_file.init"
                    ],
                    "primary": {
                        "id": "ocid1.instance.oc1.eu-frankfurt-1.abtheljtkf6vmvl2ph7e26lfrefuzahodtfez53wtnflycljm5e375lwfzwa",
                        "attributes": {
                            "agent_config.#": "1",
                            "agent_config.0.is_monitoring_disabled": "false",
                            "availability_domain": "zseb:EU-FRANKFURT-1-AD-2",
                            "boot_volume_id": "ocid1.bootvolume.oc1.eu-frankfurt-1.abtheljtoniyjd7zgxzj44d7bo52n6wxbzerciqazit24nscapggkakvj3bq",
                            "compartment_id": "ocid1.tenancy.oc1..aaaaaaaa4pchyhewwxmynw4hniwnp5zngvkytedep4kz7n5pfbh5e6z6w7pq",
                            "create_vnic_details.#": "1",
                            "create_vnic_details.0.assign_public_ip": "true",
                            "create_vnic_details.0.defined_tags.%": "0",
                            "create_vnic_details.0.display_name": "web_instance2",
                            "create_vnic_details.0.freeform_tags.%": "0",
                            "create_vnic_details.0.hostname_label": "web-instance2",
                            "create_vnic_details.0.private_ip": "10.0.0.2",
                            "create_vnic_details.0.skip_source_dest_check": "false",
                            "create_vnic_details.0.subnet_id": "ocid1.subnet.oc1.eu-frankfurt-1.aaaaaaaa2um2sxfjhuy2qput7uycjkads336psl2rpcjywjxlr6im7vrpvhq",
                            "defined_tags.%": "0",
                            "display_name": "web_instance2",
                            "fault_domain": "FAULT-DOMAIN-2",
                            "freeform_tags.%": "0",
                            "hostname_label": "web-instance2",
                            "id": "ocid1.instance.oc1.eu-frankfurt-1.abtheljtkf6vmvl2ph7e26lfrefuzahodtfez53wtnflycljm5e375lwfzwa",
                            "image": "ocid1.image.oc1.eu-frankfurt-1.aaaaaaaa7d3fsb6272srnftyi4dphdgfjf6gurxqhmv6ileds7ba3m2gltxq",
                            "launch_mode": "NATIVE",
                            "launch_options.#": "1",
                            "launch_options.0.boot_volume_type": "ISCSI",
                            "launch_options.0.firmware": "UEFI_64",
                            "launch_options.0.is_consistent_volume_naming_enabled": "false",
                            "launch_options.0.is_pv_encryption_in_transit_enabled": "false",
                            "launch_options.0.network_type": "VFIO",
                            "launch_options.0.remote_data_volume_type": "PARAVIRTUALIZED",
                            "metadata.%": "2",
                            "metadata.ssh_authorized_keys": "ssh-rsa AAAAB3NzaC1yc2EAAAADAQABAAABAQDKlrm85/kMEuLlF2Sj5G3tKkck50Hy7bEKf1a4gThoYWD51lu8bp9VKp5M3Qy9vExRCRuPT/plJ+5+Kwic3BX/wsWsV5YRjeCY8SYt8kril4ygKhokaog+kGhsCtIk+ZamfoNLMTsJzVxa+njzoj9EkvvVPC/UZwbItf/cM7kYgt8sCRQ9BzETEOQrZ+rzXPDKMltZ37smLqN/OYTJRd0Kglglyf7WtGKsxgqtiHl2pRncQENb4V9vCW0KO3As97PugMHj7JuCw7Tm9bzqmHRlnKHK5gRaKtR9ts0Dq50JNixOrahvIwKhFPzJHJ3Lt++PWqu03CA+XXF40CKaECOL vinay-ssh",
                            "metadata.user_data": "IyEvYmluL2Jhc2ggLXgKZWNobyAnIyMjIyMjIyMjIyMjIyMjIyMjIyB1c2VyZGF0YSBiZWdpbnMgIyMjIyMjIyMjIyMjIyMjIyMjIyMjJwp0b3VjaCB+b3BjL3VzZXJkYXRhLmBkYXRlICslc2Auc3RhcnQKZWNobyAic3RhcnQiID4gL3RtcC9sb2cKIyBlY2hvICcjIyMjIyMjIyMjIHVwZGF0ZSB5dW0gcmVwb3MgIyMjIyMjIyMjIyMjIyMjJwpzdWRvIHl1bSBpbnN0YWxsIC15IHl1bS11dGlscyBkZXZpY2UtbWFwcGVyLXBlcnNpc3RlbnQtZGF0YSBsdm0yCnN1ZG8geXVtLWNvbmZpZy1tYW5hZ2VyIC0tYWRkLXJlcG8gaHR0cHM6Ly9kb3dubG9hZC5kb2NrZXIuY29tL2xpbnV4L2NlbnRvcy9kb2NrZXItY2UucmVwbwplY2hvICcjIyMjIyMjIyMjIGluc3RhbGwgYW5kIGVuYWJsZSBkb2NrZXIgICMjIyMjIyMjIyMjIyMjJwpzdWRvIHl1bSAteSBpbnN0YWxsIGRvY2tlci1jZQpzdWRvIHN5c3RlbWN0bCBzdGFydCBkb2NrZXIKc3VkbyBzeXN0ZW1jdGwgZW5hYmxlIGRvY2tlcgpzdWRvIHN5c3RlbWN0bCBzdGF0dXMgZG9ja2VyCmVjaG8gJyMjIyMjIyMjIyMjIyMjIyMjIyN1c2VyZGF0YSBlbmRzICMjIyMjIyMjIyMjIyMjIyMjIyMjIyMjJwo=",
                            "private_ip": "10.0.0.2",
                            "public_ip": "130.61.55.212",
                            "region": "eu-frankfurt-1",
                            "shape": "VM.Standard2.1",
                            "source_details.#": "1",
                            "source_details.0.boot_volume_size_in_gbs": "47",
                            "source_details.0.kms_key_id": "",
                            "source_details.0.source_id": "ocid1.image.oc1.eu-frankfurt-1.aaaaaaaa7d3fsb6272srnftyi4dphdgfjf6gurxqhmv6ileds7ba3m2gltxq",
                            "source_details.0.source_type": "image",
                            "state": "RUNNING",
                            "subnet_id": "ocid1.subnet.oc1.eu-frankfurt-1.aaaaaaaa2um2sxfjhuy2qput7uycjkads336psl2rpcjywjxlr6im7vrpvhq",
                            "time_created": "2019-06-25 21:39:31.942 +0000 UTC",
                            "time_maintenance_reboot_due": ""
                        },
                        "meta": {
                            "e2bfb730-ecaa-11e6-8f88-34363bc7c4c0": {
                                "create": 3600000000000,
                                "delete": 7200000000000,
                                "update": 7200000000000
                            }
                        },
                        "tainted": false
                    },
                    "deposed": [],
                    "provider": "provider.oci"
                },
                "oci_core_instance.compute_instance3": {
                    "type": "oci_core_instance",
                    "depends_on": [
                        "data.oci_identity_availability_domains.ads",
                        "data.template_file.init"
                    ],
                    "primary": {
                        "id": "ocid1.instance.oc1.eu-frankfurt-1.abtheljs72lbcjgjptqzo6ectqhvuvyc2httlxhxpalgoomcf3logaraamla",
                        "attributes": {
                            "agent_config.#": "1",
                            "agent_config.0.is_monitoring_disabled": "false",
                            "availability_domain": "zseb:EU-FRANKFURT-1-AD-3",
                            "boot_volume_id": "ocid1.bootvolume.oc1.eu-frankfurt-1.abtheljsqrxnxftufbmstxyxezvcqkeq6xbx5pnjdal6c433tffd5sy2co6a",
                            "compartment_id": "ocid1.tenancy.oc1..aaaaaaaa4pchyhewwxmynw4hniwnp5zngvkytedep4kz7n5pfbh5e6z6w7pq",
                            "create_vnic_details.#": "1",
                            "create_vnic_details.0.assign_public_ip": "false",
                            "create_vnic_details.0.defined_tags.%": "0",
                            "create_vnic_details.0.display_name": "app_instance1",
                            "create_vnic_details.0.freeform_tags.%": "0",
                            "create_vnic_details.0.hostname_label": "app-instance1",
                            "create_vnic_details.0.private_ip": "10.0.1.7",
                            "create_vnic_details.0.skip_source_dest_check": "false",
                            "create_vnic_details.0.subnet_id": "ocid1.subnet.oc1.eu-frankfurt-1.aaaaaaaag2iw624g6qwx57smocsqcjkjoiy24xasyg4pevyq6olw6iogsisa",
                            "defined_tags.%": "0",
                            "display_name": "app_instance1",
                            "fault_domain": "FAULT-DOMAIN-3",
                            "freeform_tags.%": "0",
                            "hostname_label": "app-instance1",
                            "id": "ocid1.instance.oc1.eu-frankfurt-1.abtheljs72lbcjgjptqzo6ectqhvuvyc2httlxhxpalgoomcf3logaraamla",
                            "image": "ocid1.image.oc1.eu-frankfurt-1.aaaaaaaa7d3fsb6272srnftyi4dphdgfjf6gurxqhmv6ileds7ba3m2gltxq",
                            "launch_mode": "NATIVE",
                            "launch_options.#": "1",
                            "launch_options.0.boot_volume_type": "ISCSI",
                            "launch_options.0.firmware": "UEFI_64",
                            "launch_options.0.is_consistent_volume_naming_enabled": "false",
                            "launch_options.0.is_pv_encryption_in_transit_enabled": "false",
                            "launch_options.0.network_type": "VFIO",
                            "launch_options.0.remote_data_volume_type": "PARAVIRTUALIZED",
                            "metadata.%": "2",
                            "metadata.ssh_authorized_keys": "ssh-rsa AAAAB3NzaC1yc2EAAAADAQABAAABAQDKlrm85/kMEuLlF2Sj5G3tKkck50Hy7bEKf1a4gThoYWD51lu8bp9VKp5M3Qy9vExRCRuPT/plJ+5+Kwic3BX/wsWsV5YRjeCY8SYt8kril4ygKhokaog+kGhsCtIk+ZamfoNLMTsJzVxa+njzoj9EkvvVPC/UZwbItf/cM7kYgt8sCRQ9BzETEOQrZ+rzXPDKMltZ37smLqN/OYTJRd0Kglglyf7WtGKsxgqtiHl2pRncQENb4V9vCW0KO3As97PugMHj7JuCw7Tm9bzqmHRlnKHK5gRaKtR9ts0Dq50JNixOrahvIwKhFPzJHJ3Lt++PWqu03CA+XXF40CKaECOL vinay-ssh",
                            "metadata.user_data": "IyEvYmluL2Jhc2ggLXgKZWNobyAnIyMjIyMjIyMjIyMjIyMjIyMjIyB1c2VyZGF0YSBiZWdpbnMgIyMjIyMjIyMjIyMjIyMjIyMjIyMjJwp0b3VjaCB+b3BjL3VzZXJkYXRhLmBkYXRlICslc2Auc3RhcnQKZWNobyAic3RhcnQiID4gL3RtcC9sb2cKIyBlY2hvICcjIyMjIyMjIyMjIHVwZGF0ZSB5dW0gcmVwb3MgIyMjIyMjIyMjIyMjIyMjJwpzdWRvIHl1bSBpbnN0YWxsIC15IHl1bS11dGlscyBkZXZpY2UtbWFwcGVyLXBlcnNpc3RlbnQtZGF0YSBsdm0yCnN1ZG8geXVtLWNvbmZpZy1tYW5hZ2VyIC0tYWRkLXJlcG8gaHR0cHM6Ly9kb3dubG9hZC5kb2NrZXIuY29tL2xpbnV4L2NlbnRvcy9kb2NrZXItY2UucmVwbwplY2hvICcjIyMjIyMjIyMjIGluc3RhbGwgYW5kIGVuYWJsZSBkb2NrZXIgICMjIyMjIyMjIyMjIyMjJwpzdWRvIHl1bSAteSBpbnN0YWxsIGRvY2tlci1jZQpzdWRvIHN5c3RlbWN0bCBzdGFydCBkb2NrZXIKc3VkbyBzeXN0ZW1jdGwgZW5hYmxlIGRvY2tlcgpzdWRvIHN5c3RlbWN0bCBzdGF0dXMgZG9ja2VyCmVjaG8gJyMjIyMjIyMjIyMjIyMjIyMjIyN1c2VyZGF0YSBlbmRzICMjIyMjIyMjIyMjIyMjIyMjIyMjIyMjJwo=",
                            "private_ip": "10.0.1.7",
                            "public_ip": "",
                            "region": "eu-frankfurt-1",
                            "shape": "VM.Standard2.1",
                            "source_details.#": "1",
                            "source_details.0.boot_volume_size_in_gbs": "47",
                            "source_details.0.kms_key_id": "",
                            "source_details.0.source_id": "ocid1.image.oc1.eu-frankfurt-1.aaaaaaaa7d3fsb6272srnftyi4dphdgfjf6gurxqhmv6ileds7ba3m2gltxq",
                            "source_details.0.source_type": "image",
                            "state": "RUNNING",
                            "subnet_id": "ocid1.subnet.oc1.eu-frankfurt-1.aaaaaaaag2iw624g6qwx57smocsqcjkjoiy24xasyg4pevyq6olw6iogsisa",
                            "time_created": "2019-06-25 21:39:32.329 +0000 UTC",
                            "time_maintenance_reboot_due": ""
                        },
                        "meta": {
                            "e2bfb730-ecaa-11e6-8f88-34363bc7c4c0": {
                                "create": 3600000000000,
                                "delete": 7200000000000,
                                "update": 7200000000000
                            }
                        },
                        "tainted": false
                    },
                    "deposed": [],
                    "provider": "provider.oci"
                },
                "oci_core_instance.compute_instance4": {
                    "type": "oci_core_instance",
                    "depends_on": [
                        "data.oci_identity_availability_domains.ads",
                        "data.template_file.init"
                    ],
                    "primary": {
                        "id": "ocid1.instance.oc1.eu-frankfurt-1.abtheljtb53obkpftddubsgw24z7pyxqlgkp5yj522vl4oobq2izemu4cwlq",
                        "attributes": {
                            "agent_config.#": "1",
                            "agent_config.0.is_monitoring_disabled": "false",
                            "availability_domain": "zseb:EU-FRANKFURT-1-AD-2",
                            "boot_volume_id": "ocid1.bootvolume.oc1.eu-frankfurt-1.abtheljt5phtl4iqmob4nlspr7on5cfcztr6ldazcmp6xavq6zsf5xdsoizq",
                            "compartment_id": "ocid1.tenancy.oc1..aaaaaaaa4pchyhewwxmynw4hniwnp5zngvkytedep4kz7n5pfbh5e6z6w7pq",
                            "create_vnic_details.#": "1",
                            "create_vnic_details.0.assign_public_ip": "false",
                            "create_vnic_details.0.defined_tags.%": "0",
                            "create_vnic_details.0.display_name": "app_instance2",
                            "create_vnic_details.0.freeform_tags.%": "0",
                            "create_vnic_details.0.hostname_label": "app-instance2",
                            "create_vnic_details.0.private_ip": "10.0.1.2",
                            "create_vnic_details.0.skip_source_dest_check": "false",
                            "create_vnic_details.0.subnet_id": "ocid1.subnet.oc1.eu-frankfurt-1.aaaaaaaag2iw624g6qwx57smocsqcjkjoiy24xasyg4pevyq6olw6iogsisa",
                            "defined_tags.%": "0",
                            "display_name": "app_instance2",
                            "fault_domain": "FAULT-DOMAIN-2",
                            "freeform_tags.%": "0",
                            "hostname_label": "app-instance2",
                            "id": "ocid1.instance.oc1.eu-frankfurt-1.abtheljtb53obkpftddubsgw24z7pyxqlgkp5yj522vl4oobq2izemu4cwlq",
                            "image": "ocid1.image.oc1.eu-frankfurt-1.aaaaaaaa7d3fsb6272srnftyi4dphdgfjf6gurxqhmv6ileds7ba3m2gltxq",
                            "launch_mode": "NATIVE",
                            "launch_options.#": "1",
                            "launch_options.0.boot_volume_type": "ISCSI",
                            "launch_options.0.firmware": "UEFI_64",
                            "launch_options.0.is_consistent_volume_naming_enabled": "false",
                            "launch_options.0.is_pv_encryption_in_transit_enabled": "false",
                            "launch_options.0.network_type": "VFIO",
                            "launch_options.0.remote_data_volume_type": "PARAVIRTUALIZED",
                            "metadata.%": "2",
                            "metadata.ssh_authorized_keys": "ssh-rsa AAAAB3NzaC1yc2EAAAADAQABAAABAQDKlrm85/kMEuLlF2Sj5G3tKkck50Hy7bEKf1a4gThoYWD51lu8bp9VKp5M3Qy9vExRCRuPT/plJ+5+Kwic3BX/wsWsV5YRjeCY8SYt8kril4ygKhokaog+kGhsCtIk+ZamfoNLMTsJzVxa+njzoj9EkvvVPC/UZwbItf/cM7kYgt8sCRQ9BzETEOQrZ+rzXPDKMltZ37smLqN/OYTJRd0Kglglyf7WtGKsxgqtiHl2pRncQENb4V9vCW0KO3As97PugMHj7JuCw7Tm9bzqmHRlnKHK5gRaKtR9ts0Dq50JNixOrahvIwKhFPzJHJ3Lt++PWqu03CA+XXF40CKaECOL vinay-ssh",
                            "metadata.user_data": "IyEvYmluL2Jhc2ggLXgKZWNobyAnIyMjIyMjIyMjIyMjIyMjIyMjIyB1c2VyZGF0YSBiZWdpbnMgIyMjIyMjIyMjIyMjIyMjIyMjIyMjJwp0b3VjaCB+b3BjL3VzZXJkYXRhLmBkYXRlICslc2Auc3RhcnQKZWNobyAic3RhcnQiID4gL3RtcC9sb2cKIyBlY2hvICcjIyMjIyMjIyMjIHVwZGF0ZSB5dW0gcmVwb3MgIyMjIyMjIyMjIyMjIyMjJwpzdWRvIHl1bSBpbnN0YWxsIC15IHl1bS11dGlscyBkZXZpY2UtbWFwcGVyLXBlcnNpc3RlbnQtZGF0YSBsdm0yCnN1ZG8geXVtLWNvbmZpZy1tYW5hZ2VyIC0tYWRkLXJlcG8gaHR0cHM6Ly9kb3dubG9hZC5kb2NrZXIuY29tL2xpbnV4L2NlbnRvcy9kb2NrZXItY2UucmVwbwplY2hvICcjIyMjIyMjIyMjIGluc3RhbGwgYW5kIGVuYWJsZSBkb2NrZXIgICMjIyMjIyMjIyMjIyMjJwpzdWRvIHl1bSAteSBpbnN0YWxsIGRvY2tlci1jZQpzdWRvIHN5c3RlbWN0bCBzdGFydCBkb2NrZXIKc3VkbyBzeXN0ZW1jdGwgZW5hYmxlIGRvY2tlcgpzdWRvIHN5c3RlbWN0bCBzdGF0dXMgZG9ja2VyCmVjaG8gJyMjIyMjIyMjIyMjIyMjIyMjIyN1c2VyZGF0YSBlbmRzICMjIyMjIyMjIyMjIyMjIyMjIyMjIyMjJwo=",
                            "private_ip": "10.0.1.2",
                            "public_ip": "",
                            "region": "eu-frankfurt-1",
                            "shape": "VM.Standard2.1",
                            "source_details.#": "1",
                            "source_details.0.boot_volume_size_in_gbs": "47",
                            "source_details.0.kms_key_id": "",
                            "source_details.0.source_id": "ocid1.image.oc1.eu-frankfurt-1.aaaaaaaa7d3fsb6272srnftyi4dphdgfjf6gurxqhmv6ileds7ba3m2gltxq",
                            "source_details.0.source_type": "image",
                            "state": "RUNNING",
                            "subnet_id": "ocid1.subnet.oc1.eu-frankfurt-1.aaaaaaaag2iw624g6qwx57smocsqcjkjoiy24xasyg4pevyq6olw6iogsisa",
                            "time_created": "2019-06-25 21:39:32.495 +0000 UTC",
                            "time_maintenance_reboot_due": ""
                        },
                        "meta": {
                            "e2bfb730-ecaa-11e6-8f88-34363bc7c4c0": {
                                "create": 3600000000000,
                                "delete": 7200000000000,
                                "update": 7200000000000
                            }
                        },
                        "tainted": false
                    },
                    "deposed": [],
                    "provider": "provider.oci"
                },
                "oci_core_instance.compute_instance5": {
                    "type": "oci_core_instance",
                    "depends_on": [
                        "data.oci_identity_availability_domains.ads",
                        "data.template_file.init"
                    ],
                    "primary": {
                        "id": "ocid1.instance.oc1.eu-frankfurt-1.abtheljsry5tefzjspae2vujskfyrqztsfok26ie7ycsexvbpbh4v6syssba",
                        "attributes": {
                            "agent_config.#": "1",
                            "agent_config.0.is_monitoring_disabled": "false",
                            "availability_domain": "zseb:EU-FRANKFURT-1-AD-3",
                            "boot_volume_id": "ocid1.bootvolume.oc1.eu-frankfurt-1.abtheljsrf6idaadiqzapamyd53mmuz2rucmvt5yhgbc67bvlfvoye2eappa",
                            "compartment_id": "ocid1.tenancy.oc1..aaaaaaaa4pchyhewwxmynw4hniwnp5zngvkytedep4kz7n5pfbh5e6z6w7pq",
                            "create_vnic_details.#": "1",
                            "create_vnic_details.0.assign_public_ip": "false",
                            "create_vnic_details.0.defined_tags.%": "0",
                            "create_vnic_details.0.display_name": "db_instance1",
                            "create_vnic_details.0.freeform_tags.%": "0",
                            "create_vnic_details.0.hostname_label": "db-instance1",
                            "create_vnic_details.0.private_ip": "10.0.1.8",
                            "create_vnic_details.0.skip_source_dest_check": "false",
                            "create_vnic_details.0.subnet_id": "ocid1.subnet.oc1.eu-frankfurt-1.aaaaaaaag2iw624g6qwx57smocsqcjkjoiy24xasyg4pevyq6olw6iogsisa",
                            "defined_tags.%": "0",
                            "display_name": "db_instance1",
                            "fault_domain": "FAULT-DOMAIN-3",
                            "freeform_tags.%": "0",
                            "hostname_label": "db-instance1",
                            "id": "ocid1.instance.oc1.eu-frankfurt-1.abtheljsry5tefzjspae2vujskfyrqztsfok26ie7ycsexvbpbh4v6syssba",
                            "image": "ocid1.image.oc1.eu-frankfurt-1.aaaaaaaa7d3fsb6272srnftyi4dphdgfjf6gurxqhmv6ileds7ba3m2gltxq",
                            "launch_mode": "NATIVE",
                            "launch_options.#": "1",
                            "launch_options.0.boot_volume_type": "ISCSI",
                            "launch_options.0.firmware": "UEFI_64",
                            "launch_options.0.is_consistent_volume_naming_enabled": "false",
                            "launch_options.0.is_pv_encryption_in_transit_enabled": "false",
                            "launch_options.0.network_type": "VFIO",
                            "launch_options.0.remote_data_volume_type": "PARAVIRTUALIZED",
                            "metadata.%": "2",
                            "metadata.ssh_authorized_keys": "ssh-rsa AAAAB3NzaC1yc2EAAAADAQABAAABAQDKlrm85/kMEuLlF2Sj5G3tKkck50Hy7bEKf1a4gThoYWD51lu8bp9VKp5M3Qy9vExRCRuPT/plJ+5+Kwic3BX/wsWsV5YRjeCY8SYt8kril4ygKhokaog+kGhsCtIk+ZamfoNLMTsJzVxa+njzoj9EkvvVPC/UZwbItf/cM7kYgt8sCRQ9BzETEOQrZ+rzXPDKMltZ37smLqN/OYTJRd0Kglglyf7WtGKsxgqtiHl2pRncQENb4V9vCW0KO3As97PugMHj7JuCw7Tm9bzqmHRlnKHK5gRaKtR9ts0Dq50JNixOrahvIwKhFPzJHJ3Lt++PWqu03CA+XXF40CKaECOL vinay-ssh",
                            "metadata.user_data": "IyEvYmluL2Jhc2ggLXgKZWNobyAnIyMjIyMjIyMjIyMjIyMjIyMjIyB1c2VyZGF0YSBiZWdpbnMgIyMjIyMjIyMjIyMjIyMjIyMjIyMjJwp0b3VjaCB+b3BjL3VzZXJkYXRhLmBkYXRlICslc2Auc3RhcnQKZWNobyAic3RhcnQiID4gL3RtcC9sb2cKIyBlY2hvICcjIyMjIyMjIyMjIHVwZGF0ZSB5dW0gcmVwb3MgIyMjIyMjIyMjIyMjIyMjJwpzdWRvIHl1bSBpbnN0YWxsIC15IHl1bS11dGlscyBkZXZpY2UtbWFwcGVyLXBlcnNpc3RlbnQtZGF0YSBsdm0yCnN1ZG8geXVtLWNvbmZpZy1tYW5hZ2VyIC0tYWRkLXJlcG8gaHR0cHM6Ly9kb3dubG9hZC5kb2NrZXIuY29tL2xpbnV4L2NlbnRvcy9kb2NrZXItY2UucmVwbwplY2hvICcjIyMjIyMjIyMjIGluc3RhbGwgYW5kIGVuYWJsZSBkb2NrZXIgICMjIyMjIyMjIyMjIyMjJwpzdWRvIHl1bSAteSBpbnN0YWxsIGRvY2tlci1jZQpzdWRvIHN5c3RlbWN0bCBzdGFydCBkb2NrZXIKc3VkbyBzeXN0ZW1jdGwgZW5hYmxlIGRvY2tlcgpzdWRvIHN5c3RlbWN0bCBzdGF0dXMgZG9ja2VyCmVjaG8gJyMjIyMjIyMjIyMjIyMjIyMjIyN1c2VyZGF0YSBlbmRzICMjIyMjIyMjIyMjIyMjIyMjIyMjIyMjJwo=",
                            "private_ip": "10.0.1.8",
                            "public_ip": "",
                            "region": "eu-frankfurt-1",
                            "shape": "VM.Standard2.1",
                            "source_details.#": "1",
                            "source_details.0.boot_volume_size_in_gbs": "47",
                            "source_details.0.kms_key_id": "",
                            "source_details.0.source_id": "ocid1.image.oc1.eu-frankfurt-1.aaaaaaaa7d3fsb6272srnftyi4dphdgfjf6gurxqhmv6ileds7ba3m2gltxq",
                            "source_details.0.source_type": "image",
                            "state": "RUNNING",
                            "subnet_id": "ocid1.subnet.oc1.eu-frankfurt-1.aaaaaaaag2iw624g6qwx57smocsqcjkjoiy24xasyg4pevyq6olw6iogsisa",
                            "time_created": "2019-06-25 21:39:32.674 +0000 UTC",
                            "time_maintenance_reboot_due": ""
                        },
                        "meta": {
                            "e2bfb730-ecaa-11e6-8f88-34363bc7c4c0": {
                                "create": 3600000000000,
                                "delete": 7200000000000,
                                "update": 7200000000000
                            }
                        },
                        "tainted": false
                    },
                    "deposed": [],
                    "provider": "provider.oci"
                },
                "oci_core_instance.compute_instance6": {
                    "type": "oci_core_instance",
                    "depends_on": [
                        "data.oci_identity_availability_domains.ads",
                        "data.template_file.init"
                    ],
                    "primary": {
                        "id": "ocid1.instance.oc1.eu-frankfurt-1.abtheljtovmkq2hzollmo5onp4ylz3ugmtxt3nro4hzpwensjks5uetngwnq",
                        "attributes": {
                            "agent_config.#": "1",
                            "agent_config.0.is_monitoring_disabled": "false",
                            "availability_domain": "zseb:EU-FRANKFURT-1-AD-2",
                            "boot_volume_id": "ocid1.bootvolume.oc1.eu-frankfurt-1.abtheljtmjgmux7picexbmkgekwtoeleriiito27437ytaa6knibm67c35dq",
                            "compartment_id": "ocid1.tenancy.oc1..aaaaaaaa4pchyhewwxmynw4hniwnp5zngvkytedep4kz7n5pfbh5e6z6w7pq",
                            "create_vnic_details.#": "1",
                            "create_vnic_details.0.assign_public_ip": "false",
                            "create_vnic_details.0.defined_tags.%": "0",
                            "create_vnic_details.0.display_name": "db_instance2",
                            "create_vnic_details.0.freeform_tags.%": "0",
                            "create_vnic_details.0.hostname_label": "db-instance2",
                            "create_vnic_details.0.private_ip": "10.0.1.3",
                            "create_vnic_details.0.skip_source_dest_check": "false",
                            "create_vnic_details.0.subnet_id": "ocid1.subnet.oc1.eu-frankfurt-1.aaaaaaaag2iw624g6qwx57smocsqcjkjoiy24xasyg4pevyq6olw6iogsisa",
                            "defined_tags.%": "0",
                            "display_name": "db_instance2",
                            "fault_domain": "FAULT-DOMAIN-2",
                            "freeform_tags.%": "0",
                            "hostname_label": "db-instance2",
                            "id": "ocid1.instance.oc1.eu-frankfurt-1.abtheljtovmkq2hzollmo5onp4ylz3ugmtxt3nro4hzpwensjks5uetngwnq",
                            "image": "ocid1.image.oc1.eu-frankfurt-1.aaaaaaaa7d3fsb6272srnftyi4dphdgfjf6gurxqhmv6ileds7ba3m2gltxq",
                            "launch_mode": "NATIVE",
                            "launch_options.#": "1",
                            "launch_options.0.boot_volume_type": "ISCSI",
                            "launch_options.0.firmware": "UEFI_64",
                            "launch_options.0.is_consistent_volume_naming_enabled": "false",
                            "launch_options.0.is_pv_encryption_in_transit_enabled": "false",
                            "launch_options.0.network_type": "VFIO",
                            "launch_options.0.remote_data_volume_type": "PARAVIRTUALIZED",
                            "metadata.%": "2",
                            "metadata.ssh_authorized_keys": "ssh-rsa AAAAB3NzaC1yc2EAAAADAQABAAABAQDKlrm85/kMEuLlF2Sj5G3tKkck50Hy7bEKf1a4gThoYWD51lu8bp9VKp5M3Qy9vExRCRuPT/plJ+5+Kwic3BX/wsWsV5YRjeCY8SYt8kril4ygKhokaog+kGhsCtIk+ZamfoNLMTsJzVxa+njzoj9EkvvVPC/UZwbItf/cM7kYgt8sCRQ9BzETEOQrZ+rzXPDKMltZ37smLqN/OYTJRd0Kglglyf7WtGKsxgqtiHl2pRncQENb4V9vCW0KO3As97PugMHj7JuCw7Tm9bzqmHRlnKHK5gRaKtR9ts0Dq50JNixOrahvIwKhFPzJHJ3Lt++PWqu03CA+XXF40CKaECOL vinay-ssh",
                            "metadata.user_data": "IyEvYmluL2Jhc2ggLXgKZWNobyAnIyMjIyMjIyMjIyMjIyMjIyMjIyB1c2VyZGF0YSBiZWdpbnMgIyMjIyMjIyMjIyMjIyMjIyMjIyMjJwp0b3VjaCB+b3BjL3VzZXJkYXRhLmBkYXRlICslc2Auc3RhcnQKZWNobyAic3RhcnQiID4gL3RtcC9sb2cKIyBlY2hvICcjIyMjIyMjIyMjIHVwZGF0ZSB5dW0gcmVwb3MgIyMjIyMjIyMjIyMjIyMjJwpzdWRvIHl1bSBpbnN0YWxsIC15IHl1bS11dGlscyBkZXZpY2UtbWFwcGVyLXBlcnNpc3RlbnQtZGF0YSBsdm0yCnN1ZG8geXVtLWNvbmZpZy1tYW5hZ2VyIC0tYWRkLXJlcG8gaHR0cHM6Ly9kb3dubG9hZC5kb2NrZXIuY29tL2xpbnV4L2NlbnRvcy9kb2NrZXItY2UucmVwbwplY2hvICcjIyMjIyMjIyMjIGluc3RhbGwgYW5kIGVuYWJsZSBkb2NrZXIgICMjIyMjIyMjIyMjIyMjJwpzdWRvIHl1bSAteSBpbnN0YWxsIGRvY2tlci1jZQpzdWRvIHN5c3RlbWN0bCBzdGFydCBkb2NrZXIKc3VkbyBzeXN0ZW1jdGwgZW5hYmxlIGRvY2tlcgpzdWRvIHN5c3RlbWN0bCBzdGF0dXMgZG9ja2VyCmVjaG8gJyMjIyMjIyMjIyMjIyMjIyMjIyN1c2VyZGF0YSBlbmRzICMjIyMjIyMjIyMjIyMjIyMjIyMjIyMjJwo=",
                            "private_ip": "10.0.1.3",
                            "public_ip": "",
                            "region": "eu-frankfurt-1",
                            "shape": "VM.Standard2.1",
                            "source_details.#": "1",
                            "source_details.0.boot_volume_size_in_gbs": "47",
                            "source_details.0.kms_key_id": "",
                            "source_details.0.source_id": "ocid1.image.oc1.eu-frankfurt-1.aaaaaaaa7d3fsb6272srnftyi4dphdgfjf6gurxqhmv6ileds7ba3m2gltxq",
                            "source_details.0.source_type": "image",
                            "state": "RUNNING",
                            "subnet_id": "ocid1.subnet.oc1.eu-frankfurt-1.aaaaaaaag2iw624g6qwx57smocsqcjkjoiy24xasyg4pevyq6olw6iogsisa",
                            "time_created": "2019-06-25 21:39:32.25 +0000 UTC",
                            "time_maintenance_reboot_due": ""
                        },
                        "meta": {
                            "e2bfb730-ecaa-11e6-8f88-34363bc7c4c0": {
                                "create": 3600000000000,
                                "delete": 7200000000000,
                                "update": 7200000000000
                            }
                        },
                        "tainted": false
                    },
                    "deposed": [],
                    "provider": "provider.oci"
                }
            },
            "depends_on": []
        },
        {
            "path": [
                "root",
                "lb"
            ],
            "outputs": {},
            "resources": {
                "data.oci_identity_availability_domains.ads": {
                    "type": "oci_identity_availability_domains",
                    "depends_on": [],
                    "primary": {
                        "id": "2019-06-25 21:39:22.274582 +0000 UTC",
                        "attributes": {
                            "availability_domains.#": "3",
                            "availability_domains.0.compartment_id": "ocid1.tenancy.oc1..aaaaaaaa4pchyhewwxmynw4hniwnp5zngvkytedep4kz7n5pfbh5e6z6w7pq",
                            "availability_domains.0.id": "ocid1.availabilitydomain.oc1..aaaaaaaaiifj24st3w4j7cowuo3pmqcuqwjapjv435vtjmgh5j7q3flguwna",
                            "availability_domains.0.name": "zseb:EU-FRANKFURT-1-AD-1",
                            "availability_domains.1.compartment_id": "ocid1.tenancy.oc1..aaaaaaaa4pchyhewwxmynw4hniwnp5zngvkytedep4kz7n5pfbh5e6z6w7pq",
                            "availability_domains.1.id": "ocid1.availabilitydomain.oc1..aaaaaaaalcdcbl7u6akbmkojxhrozpj2v7yavqqydkj3ytyjbt47lnoqnm2q",
                            "availability_domains.1.name": "zseb:EU-FRANKFURT-1-AD-2",
                            "availability_domains.2.compartment_id": "ocid1.tenancy.oc1..aaaaaaaa4pchyhewwxmynw4hniwnp5zngvkytedep4kz7n5pfbh5e6z6w7pq",
                            "availability_domains.2.id": "ocid1.availabilitydomain.oc1..aaaaaaaaa2artt5wizbqvwl3rgptylx2l7jqbnyv4dygcfvlrd3dphvi3mdq",
                            "availability_domains.2.name": "zseb:EU-FRANKFURT-1-AD-3",
                            "compartment_id": "ocid1.tenancy.oc1..aaaaaaaa4pchyhewwxmynw4hniwnp5zngvkytedep4kz7n5pfbh5e6z6w7pq",
                            "id": "2019-06-25 21:39:22.274582 +0000 UTC"
                        },
                        "meta": {},
                        "tainted": false
                    },
                    "deposed": [],
                    "provider": "provider.oci"
                },
                "oci_load_balancer.lb1": {
                    "type": "oci_load_balancer",
                    "depends_on": [],
                    "primary": {
                        "id": "ocid1.loadbalancer.oc1.eu-frankfurt-1.aaaaaaaaosf774gwesa5ix6v7ypw3hfts2btklayble3hyomdqshow33xfka",
                        "attributes": {
                            "compartment_id": "ocid1.tenancy.oc1..aaaaaaaa4pchyhewwxmynw4hniwnp5zngvkytedep4kz7n5pfbh5e6z6w7pq",
                            "defined_tags.%": "0",
                            "display_name": "web-lb1",
                            "freeform_tags.%": "0",
                            "id": "ocid1.loadbalancer.oc1.eu-frankfurt-1.aaaaaaaaosf774gwesa5ix6v7ypw3hfts2btklayble3hyomdqshow33xfka",
                            "ip_address_details.#": "1",
                            "ip_address_details.0.ip_address": "130.61.15.218",
                            "ip_address_details.0.is_public": "true",
                            "ip_addresses.#": "1",
                            "ip_addresses.0": "130.61.15.218",
                            "is_private": "false",
                            "shape": "100Mbps",
                            "state": "ACTIVE",
                            "subnet_ids.#": "1",
                            "subnet_ids.0": "ocid1.subnet.oc1.eu-frankfurt-1.aaaaaaaa2um2sxfjhuy2qput7uycjkads336psl2rpcjywjxlr6im7vrpvhq",
                            "time_created": "2019-06-25 21:39:31.1 +0000 UTC"
                        },
                        "meta": {
                            "e2bfb730-ecaa-11e6-8f88-34363bc7c4c0": {
                                "create": 900000000000,
                                "delete": 900000000000,
                                "update": 900000000000
                            }
                        },
                        "tainted": false
                    },
                    "deposed": [],
                    "provider": "provider.oci"
                },
                "oci_load_balancer.lb2": {
                    "type": "oci_load_balancer",
                    "depends_on": [],
                    "primary": {
                        "id": "ocid1.loadbalancer.oc1.eu-frankfurt-1.aaaaaaaa32wm2nrsy3zsrfxoc6ragkv5ynetrj45s5ow36qduxgbijg6dm5a",
                        "attributes": {
                            "compartment_id": "ocid1.tenancy.oc1..aaaaaaaa4pchyhewwxmynw4hniwnp5zngvkytedep4kz7n5pfbh5e6z6w7pq",
                            "defined_tags.%": "0",
                            "display_name": "app-lb1",
                            "freeform_tags.%": "0",
                            "id": "ocid1.loadbalancer.oc1.eu-frankfurt-1.aaaaaaaa32wm2nrsy3zsrfxoc6ragkv5ynetrj45s5ow36qduxgbijg6dm5a",
                            "ip_address_details.#": "1",
                            "ip_address_details.0.ip_address": "10.0.1.6",
                            "ip_address_details.0.is_public": "false",
                            "ip_addresses.#": "1",
                            "ip_addresses.0": "10.0.1.6",
                            "is_private": "true",
                            "shape": "100Mbps",
                            "state": "ACTIVE",
                            "subnet_ids.#": "1",
                            "subnet_ids.0": "ocid1.subnet.oc1.eu-frankfurt-1.aaaaaaaag2iw624g6qwx57smocsqcjkjoiy24xasyg4pevyq6olw6iogsisa",
                            "time_created": "2019-06-25 21:39:31.59 +0000 UTC"
                        },
                        "meta": {
                            "e2bfb730-ecaa-11e6-8f88-34363bc7c4c0": {
                                "create": 900000000000,
                                "delete": 900000000000,
                                "update": 900000000000
                            }
                        },
                        "tainted": false
                    },
                    "deposed": [],
                    "provider": "provider.oci"
                },
                "oci_load_balancer_backend.lb-be1": {
                    "type": "oci_load_balancer_backend",
                    "depends_on": [
                        "oci_load_balancer.lb1",
                        "oci_load_balancer_backend_set.lb-bes1"
                    ],
                    "primary": {
                        "id": "loadBalancers/ocid1.loadbalancer.oc1.eu-frankfurt-1.aaaaaaaaosf774gwesa5ix6v7ypw3hfts2btklayble3hyomdqshow33xfka/backendSets/lb-bes1/backends/130.61.41.223:9090",
                        "attributes": {
                            "backendset_name": "lb-bes1",
                            "backup": "false",
                            "drain": "false",
                            "id": "loadBalancers/ocid1.loadbalancer.oc1.eu-frankfurt-1.aaaaaaaaosf774gwesa5ix6v7ypw3hfts2btklayble3hyomdqshow33xfka/backendSets/lb-bes1/backends/130.61.41.223:9090",
                            "ip_address": "130.61.41.223",
                            "load_balancer_id": "ocid1.loadbalancer.oc1.eu-frankfurt-1.aaaaaaaaosf774gwesa5ix6v7ypw3hfts2btklayble3hyomdqshow33xfka",
                            "name": "130.61.41.223:9090",
                            "offline": "false",
                            "port": "9090",
                            "state": "SUCCEEDED",
                            "weight": "1"
                        },
                        "meta": {
                            "e2bfb730-ecaa-11e6-8f88-34363bc7c4c0": {
                                "create": 900000000000,
                                "delete": 900000000000,
                                "update": 900000000000
                            }
                        },
                        "tainted": false
                    },
                    "deposed": [],
                    "provider": "provider.oci"
                },
                "oci_load_balancer_backend.lb-be2": {
                    "type": "oci_load_balancer_backend",
                    "depends_on": [
                        "oci_load_balancer.lb1",
                        "oci_load_balancer_backend_set.lb-bes1"
                    ],
                    "primary": {
                        "id": "loadBalancers/ocid1.loadbalancer.oc1.eu-frankfurt-1.aaaaaaaaosf774gwesa5ix6v7ypw3hfts2btklayble3hyomdqshow33xfka/backendSets/lb-bes1/backends/130.61.55.212:9090",
                        "attributes": {
                            "backendset_name": "lb-bes1",
                            "backup": "false",
                            "drain": "false",
                            "id": "loadBalancers/ocid1.loadbalancer.oc1.eu-frankfurt-1.aaaaaaaaosf774gwesa5ix6v7ypw3hfts2btklayble3hyomdqshow33xfka/backendSets/lb-bes1/backends/130.61.55.212:9090",
                            "ip_address": "130.61.55.212",
                            "load_balancer_id": "ocid1.loadbalancer.oc1.eu-frankfurt-1.aaaaaaaaosf774gwesa5ix6v7ypw3hfts2btklayble3hyomdqshow33xfka",
                            "name": "130.61.55.212:9090",
                            "offline": "false",
                            "port": "9090",
                            "state": "SUCCEEDED",
                            "weight": "1"
                        },
                        "meta": {
                            "e2bfb730-ecaa-11e6-8f88-34363bc7c4c0": {
                                "create": 900000000000,
                                "delete": 900000000000,
                                "update": 900000000000
                            }
                        },
                        "tainted": false
                    },
                    "deposed": [],
                    "provider": "provider.oci"
                },
                "oci_load_balancer_backend.lb-be3": {
                    "type": "oci_load_balancer_backend",
                    "depends_on": [
                        "oci_load_balancer.lb2",
                        "oci_load_balancer_backend_set.lb-bes2"
                    ],
                    "primary": {
                        "id": "loadBalancers/ocid1.loadbalancer.oc1.eu-frankfurt-1.aaaaaaaa32wm2nrsy3zsrfxoc6ragkv5ynetrj45s5ow36qduxgbijg6dm5a/backendSets/lb-bes2/backends/10.0.1.7:3000",
                        "attributes": {
                            "backendset_name": "lb-bes2",
                            "backup": "false",
                            "drain": "false",
                            "id": "loadBalancers/ocid1.loadbalancer.oc1.eu-frankfurt-1.aaaaaaaa32wm2nrsy3zsrfxoc6ragkv5ynetrj45s5ow36qduxgbijg6dm5a/backendSets/lb-bes2/backends/10.0.1.7:3000",
                            "ip_address": "10.0.1.7",
                            "load_balancer_id": "ocid1.loadbalancer.oc1.eu-frankfurt-1.aaaaaaaa32wm2nrsy3zsrfxoc6ragkv5ynetrj45s5ow36qduxgbijg6dm5a",
                            "name": "10.0.1.7:3000",
                            "offline": "false",
                            "port": "3000",
                            "state": "SUCCEEDED",
                            "weight": "1"
                        },
                        "meta": {
                            "e2bfb730-ecaa-11e6-8f88-34363bc7c4c0": {
                                "create": 900000000000,
                                "delete": 900000000000,
                                "update": 900000000000
                            }
                        },
                        "tainted": false
                    },
                    "deposed": [],
                    "provider": "provider.oci"
                },
                "oci_load_balancer_backend.lb-be4": {
                    "type": "oci_load_balancer_backend",
                    "depends_on": [
                        "oci_load_balancer.lb2",
                        "oci_load_balancer_backend_set.lb-bes2"
                    ],
                    "primary": {
                        "id": "loadBalancers/ocid1.loadbalancer.oc1.eu-frankfurt-1.aaaaaaaa32wm2nrsy3zsrfxoc6ragkv5ynetrj45s5ow36qduxgbijg6dm5a/backendSets/lb-bes2/backends/10.0.1.2:3000",
                        "attributes": {
                            "backendset_name": "lb-bes2",
                            "backup": "false",
                            "drain": "false",
                            "id": "loadBalancers/ocid1.loadbalancer.oc1.eu-frankfurt-1.aaaaaaaa32wm2nrsy3zsrfxoc6ragkv5ynetrj45s5ow36qduxgbijg6dm5a/backendSets/lb-bes2/backends/10.0.1.2:3000",
                            "ip_address": "10.0.1.2",
                            "load_balancer_id": "ocid1.loadbalancer.oc1.eu-frankfurt-1.aaaaaaaa32wm2nrsy3zsrfxoc6ragkv5ynetrj45s5ow36qduxgbijg6dm5a",
                            "name": "10.0.1.2:3000",
                            "offline": "false",
                            "port": "3000",
                            "state": "SUCCEEDED",
                            "weight": "1"
                        },
                        "meta": {
                            "e2bfb730-ecaa-11e6-8f88-34363bc7c4c0": {
                                "create": 900000000000,
                                "delete": 900000000000,
                                "update": 900000000000
                            }
                        },
                        "tainted": false
                    },
                    "deposed": [],
                    "provider": "provider.oci"
                },
                "oci_load_balancer_backend_set.lb-bes1": {
                    "type": "oci_load_balancer_backend_set",
                    "depends_on": [
                        "oci_load_balancer.lb1"
                    ],
                    "primary": {
                        "id": "loadBalancers/ocid1.loadbalancer.oc1.eu-frankfurt-1.aaaaaaaaosf774gwesa5ix6v7ypw3hfts2btklayble3hyomdqshow33xfka/backendSets/lb-bes1",
                        "attributes": {
                            "backend.#": "0",
                            "health_checker.#": "1",
                            "health_checker.0.interval_ms": "1790000",
                            "health_checker.0.port": "5000",
                            "health_checker.0.protocol": "HTTP",
                            "health_checker.0.response_body_regex": ".*",
                            "health_checker.0.retries": "2147483646",
                            "health_checker.0.return_code": "200",
                            "health_checker.0.timeout_in_millis": "590000",
                            "health_checker.0.url_path": "/",
                            "id": "loadBalancers/ocid1.loadbalancer.oc1.eu-frankfurt-1.aaaaaaaaosf774gwesa5ix6v7ypw3hfts2btklayble3hyomdqshow33xfka/backendSets/lb-bes1",
                            "load_balancer_id": "ocid1.loadbalancer.oc1.eu-frankfurt-1.aaaaaaaaosf774gwesa5ix6v7ypw3hfts2btklayble3hyomdqshow33xfka",
                            "name": "lb-bes1",
                            "policy": "ROUND_ROBIN",
                            "session_persistence_configuration.#": "0",
                            "ssl_configuration.#": "0",
                            "state": "SUCCEEDED"
                        },
                        "meta": {
                            "e2bfb730-ecaa-11e6-8f88-34363bc7c4c0": {
                                "create": 900000000000,
                                "delete": 900000000000,
                                "update": 900000000000
                            }
                        },
                        "tainted": false
                    },
                    "deposed": [],
                    "provider": "provider.oci"
                },
                "oci_load_balancer_backend_set.lb-bes2": {
                    "type": "oci_load_balancer_backend_set",
                    "depends_on": [
                        "oci_load_balancer.lb2"
                    ],
                    "primary": {
                        "id": "loadBalancers/ocid1.loadbalancer.oc1.eu-frankfurt-1.aaaaaaaa32wm2nrsy3zsrfxoc6ragkv5ynetrj45s5ow36qduxgbijg6dm5a/backendSets/lb-bes2",
                        "attributes": {
                            "backend.#": "0",
                            "health_checker.#": "1",
                            "health_checker.0.interval_ms": "1790000",
                            "health_checker.0.port": "3000",
                            "health_checker.0.protocol": "HTTP",
                            "health_checker.0.response_body_regex": ".*",
                            "health_checker.0.retries": "2147483646",
                            "health_checker.0.return_code": "200",
                            "health_checker.0.timeout_in_millis": "590000",
                            "health_checker.0.url_path": "/",
                            "id": "loadBalancers/ocid1.loadbalancer.oc1.eu-frankfurt-1.aaaaaaaa32wm2nrsy3zsrfxoc6ragkv5ynetrj45s5ow36qduxgbijg6dm5a/backendSets/lb-bes2",
                            "load_balancer_id": "ocid1.loadbalancer.oc1.eu-frankfurt-1.aaaaaaaa32wm2nrsy3zsrfxoc6ragkv5ynetrj45s5ow36qduxgbijg6dm5a",
                            "name": "lb-bes2",
                            "policy": "ROUND_ROBIN",
                            "session_persistence_configuration.#": "0",
                            "ssl_configuration.#": "0",
                            "state": "SUCCEEDED"
                        },
                        "meta": {
                            "e2bfb730-ecaa-11e6-8f88-34363bc7c4c0": {
                                "create": 900000000000,
                                "delete": 900000000000,
                                "update": 900000000000
                            }
                        },
                        "tainted": false
                    },
                    "deposed": [],
                    "provider": "provider.oci"
                },
                "oci_load_balancer_listener.lb-listener1": {
                    "type": "oci_load_balancer_listener",
                    "depends_on": [
                        "oci_load_balancer.lb1",
                        "oci_load_balancer_backend_set.lb-bes1"
                    ],
                    "primary": {
                        "id": "loadBalancers/ocid1.loadbalancer.oc1.eu-frankfurt-1.aaaaaaaaosf774gwesa5ix6v7ypw3hfts2btklayble3hyomdqshow33xfka/listeners/http",
                        "attributes": {
                            "connection_configuration.#": "1",
                            "connection_configuration.0.idle_timeout_in_seconds": "60",
                            "default_backend_set_name": "lb-bes1",
                            "hostname_names.#": "0",
                            "id": "loadBalancers/ocid1.loadbalancer.oc1.eu-frankfurt-1.aaaaaaaaosf774gwesa5ix6v7ypw3hfts2btklayble3hyomdqshow33xfka/listeners/http",
                            "load_balancer_id": "ocid1.loadbalancer.oc1.eu-frankfurt-1.aaaaaaaaosf774gwesa5ix6v7ypw3hfts2btklayble3hyomdqshow33xfka",
                            "name": "http",
                            "port": "80",
                            "protocol": "HTTP",
                            "rule_set_names.#": "0",
                            "ssl_configuration.#": "0",
                            "state": "SUCCEEDED"
                        },
                        "meta": {
                            "e2bfb730-ecaa-11e6-8f88-34363bc7c4c0": {
                                "create": 900000000000,
                                "delete": 900000000000,
                                "update": 900000000000
                            }
                        },
                        "tainted": false
                    },
                    "deposed": [],
                    "provider": "provider.oci"
                },
                "oci_load_balancer_listener.lb-listener2": {
                    "type": "oci_load_balancer_listener",
                    "depends_on": [
                        "oci_load_balancer.lb2",
                        "oci_load_balancer_backend_set.lb-bes2"
                    ],
                    "primary": {
                        "id": "loadBalancers/ocid1.loadbalancer.oc1.eu-frankfurt-1.aaaaaaaa32wm2nrsy3zsrfxoc6ragkv5ynetrj45s5ow36qduxgbijg6dm5a/listeners/tcp",
                        "attributes": {
                            "connection_configuration.#": "1",
                            "connection_configuration.0.idle_timeout_in_seconds": "300",
                            "default_backend_set_name": "lb-bes2",
                            "hostname_names.#": "0",
                            "id": "loadBalancers/ocid1.loadbalancer.oc1.eu-frankfurt-1.aaaaaaaa32wm2nrsy3zsrfxoc6ragkv5ynetrj45s5ow36qduxgbijg6dm5a/listeners/tcp",
                            "load_balancer_id": "ocid1.loadbalancer.oc1.eu-frankfurt-1.aaaaaaaa32wm2nrsy3zsrfxoc6ragkv5ynetrj45s5ow36qduxgbijg6dm5a",
                            "name": "tcp",
                            "port": "3000",
                            "protocol": "TCP",
                            "rule_set_names.#": "0",
                            "ssl_configuration.#": "0",
                            "state": "SUCCEEDED"
                        },
                        "meta": {
                            "e2bfb730-ecaa-11e6-8f88-34363bc7c4c0": {
                                "create": 900000000000,
                                "delete": 900000000000,
                                "update": 900000000000
                            }
                        },
                        "tainted": false
                    },
                    "deposed": [],
                    "provider": "provider.oci"
                }
            },
            "depends_on": []
        },
        {
            "path": [
                "root",
                "vcn"
            ],
            "outputs": {
                "subnet1_ocid": {
                    "sensitive": false,
                    "type": "string",
                    "value": "ocid1.subnet.oc1.eu-frankfurt-1.aaaaaaaa2um2sxfjhuy2qput7uycjkads336psl2rpcjywjxlr6im7vrpvhq"
                },
                "subnet2_ocid": {
                    "sensitive": false,
                    "type": "string",
                    "value": "ocid1.subnet.oc1.eu-frankfurt-1.aaaaaaaag2iw624g6qwx57smocsqcjkjoiy24xasyg4pevyq6olw6iogsisa"
                }
            },
            "resources": {
                "data.oci_identity_availability_domains.ads": {
                    "type": "oci_identity_availability_domains",
                    "depends_on": [],
                    "primary": {
                        "id": "2019-06-25 21:39:22.285088 +0000 UTC",
                        "attributes": {
                            "availability_domains.#": "3",
                            "availability_domains.0.compartment_id": "ocid1.tenancy.oc1..aaaaaaaa4pchyhewwxmynw4hniwnp5zngvkytedep4kz7n5pfbh5e6z6w7pq",
                            "availability_domains.0.id": "ocid1.availabilitydomain.oc1..aaaaaaaaiifj24st3w4j7cowuo3pmqcuqwjapjv435vtjmgh5j7q3flguwna",
                            "availability_domains.0.name": "zseb:EU-FRANKFURT-1-AD-1",
                            "availability_domains.1.compartment_id": "ocid1.tenancy.oc1..aaaaaaaa4pchyhewwxmynw4hniwnp5zngvkytedep4kz7n5pfbh5e6z6w7pq",
                            "availability_domains.1.id": "ocid1.availabilitydomain.oc1..aaaaaaaalcdcbl7u6akbmkojxhrozpj2v7yavqqydkj3ytyjbt47lnoqnm2q",
                            "availability_domains.1.name": "zseb:EU-FRANKFURT-1-AD-2",
                            "availability_domains.2.compartment_id": "ocid1.tenancy.oc1..aaaaaaaa4pchyhewwxmynw4hniwnp5zngvkytedep4kz7n5pfbh5e6z6w7pq",
                            "availability_domains.2.id": "ocid1.availabilitydomain.oc1..aaaaaaaaa2artt5wizbqvwl3rgptylx2l7jqbnyv4dygcfvlrd3dphvi3mdq",
                            "availability_domains.2.name": "zseb:EU-FRANKFURT-1-AD-3",
                            "compartment_id": "ocid1.tenancy.oc1..aaaaaaaa4pchyhewwxmynw4hniwnp5zngvkytedep4kz7n5pfbh5e6z6w7pq",
                            "id": "2019-06-25 21:39:22.285088 +0000 UTC"
                        },
                        "meta": {},
                        "tainted": false
                    },
                    "deposed": [],
                    "provider": "provider.oci"
                },
                "oci_core_internet_gateway.ig": {
                    "type": "oci_core_internet_gateway",
                    "depends_on": [
                        "oci_core_virtual_network.vcn"
                    ],
                    "primary": {
                        "id": "ocid1.internetgateway.oc1.eu-frankfurt-1.aaaaaaaapsyyp7tzmnpm4hvv4zv7d252pbund5qxe4lpul3cfin4vhsjho4q",
                        "attributes": {
                            "compartment_id": "ocid1.tenancy.oc1..aaaaaaaa4pchyhewwxmynw4hniwnp5zngvkytedep4kz7n5pfbh5e6z6w7pq",
                            "defined_tags.%": "0",
                            "display_name": "ig-gateway",
                            "enabled": "true",
                            "freeform_tags.%": "0",
                            "id": "ocid1.internetgateway.oc1.eu-frankfurt-1.aaaaaaaapsyyp7tzmnpm4hvv4zv7d252pbund5qxe4lpul3cfin4vhsjho4q",
                            "state": "AVAILABLE",
                            "time_created": "2019-06-25 21:39:24.337 +0000 UTC",
                            "vcn_id": "ocid1.vcn.oc1.eu-frankfurt-1.aaaaaaaa2yhs6tvf4i6ccmjdkize4sixld4soncp66fr6tkp46ljeeamv4za"
                        },
                        "meta": {
                            "e2bfb730-ecaa-11e6-8f88-34363bc7c4c0": {
                                "create": 900000000000,
                                "delete": 900000000000,
                                "update": 900000000000
                            }
                        },
                        "tainted": false
                    },
                    "deposed": [],
                    "provider": "provider.oci"
                },
                "oci_core_nat_gateway.ngw": {
                    "type": "oci_core_nat_gateway",
                    "depends_on": [
                        "oci_core_virtual_network.vcn"
                    ],
                    "primary": {
                        "id": "ocid1.natgateway.oc1.eu-frankfurt-1.aaaaaaaahoor3xb4wcnrphle3i3mevazjnp3ml25jwdwtgasmww2zb46g6rq",
                        "attributes": {
                            "block_traffic": "false",
                            "compartment_id": "ocid1.tenancy.oc1..aaaaaaaa4pchyhewwxmynw4hniwnp5zngvkytedep4kz7n5pfbh5e6z6w7pq",
                            "defined_tags.%": "0",
                            "display_name": "ngw",
                            "freeform_tags.%": "0",
                            "id": "ocid1.natgateway.oc1.eu-frankfurt-1.aaaaaaaahoor3xb4wcnrphle3i3mevazjnp3ml25jwdwtgasmww2zb46g6rq",
                            "nat_ip": "132.145.251.139",
                            "state": "AVAILABLE",
                            "time_created": "2019-06-25 21:39:23.893 +0000 UTC",
                            "vcn_id": "ocid1.vcn.oc1.eu-frankfurt-1.aaaaaaaa2yhs6tvf4i6ccmjdkize4sixld4soncp66fr6tkp46ljeeamv4za"
                        },
                        "meta": {
                            "e2bfb730-ecaa-11e6-8f88-34363bc7c4c0": {
                                "create": 900000000000,
                                "delete": 900000000000,
                                "update": 900000000000
                            }
                        },
                        "tainted": false
                    },
                    "deposed": [],
                    "provider": "provider.oci"
                },
                "oci_core_route_table.private_rt1": {
                    "type": "oci_core_route_table",
                    "depends_on": [
                        "oci_core_nat_gateway.ngw",
                        "oci_core_virtual_network.vcn"
                    ],
                    "primary": {
                        "id": "ocid1.routetable.oc1.eu-frankfurt-1.aaaaaaaaf5bojxktk2zzi4ny6nrkfwxcbkxd3d4a4255l3ypoqouspx52boa",
                        "attributes": {
                            "compartment_id": "ocid1.tenancy.oc1..aaaaaaaa4pchyhewwxmynw4hniwnp5zngvkytedep4kz7n5pfbh5e6z6w7pq",
                            "defined_tags.%": "0",
                            "display_name": "private_rt1",
                            "freeform_tags.%": "0",
                            "id": "ocid1.routetable.oc1.eu-frankfurt-1.aaaaaaaaf5bojxktk2zzi4ny6nrkfwxcbkxd3d4a4255l3ypoqouspx52boa",
                            "route_rules.#": "1",
                            "route_rules.4076353915.cidr_block": "",
                            "route_rules.4076353915.destination": "0.0.0.0/0",
                            "route_rules.4076353915.destination_type": "CIDR_BLOCK",
                            "route_rules.4076353915.network_entity_id": "ocid1.natgateway.oc1.eu-frankfurt-1.aaaaaaaahoor3xb4wcnrphle3i3mevazjnp3ml25jwdwtgasmww2zb46g6rq",
                            "state": "AVAILABLE",
                            "time_created": "2019-06-25 21:39:24.793 +0000 UTC",
                            "vcn_id": "ocid1.vcn.oc1.eu-frankfurt-1.aaaaaaaa2yhs6tvf4i6ccmjdkize4sixld4soncp66fr6tkp46ljeeamv4za"
                        },
                        "meta": {
                            "e2bfb730-ecaa-11e6-8f88-34363bc7c4c0": {
                                "create": 900000000000,
                                "delete": 900000000000,
                                "update": 900000000000
                            }
                        },
                        "tainted": false
                    },
                    "deposed": [],
                    "provider": "provider.oci"
                },
                "oci_core_route_table.rt": {
                    "type": "oci_core_route_table",
                    "depends_on": [
                        "oci_core_internet_gateway.ig",
                        "oci_core_virtual_network.vcn"
                    ],
                    "primary": {
                        "id": "ocid1.routetable.oc1.eu-frankfurt-1.aaaaaaaacjqdjprp7gu5xkqetxe55gitxrlg2m7t3fqlc7xidtzxuq7hnrqq",
                        "attributes": {
                            "compartment_id": "ocid1.tenancy.oc1..aaaaaaaa4pchyhewwxmynw4hniwnp5zngvkytedep4kz7n5pfbh5e6z6w7pq",
                            "defined_tags.%": "0",
                            "display_name": "rt",
                            "freeform_tags.%": "0",
                            "id": "ocid1.routetable.oc1.eu-frankfurt-1.aaaaaaaacjqdjprp7gu5xkqetxe55gitxrlg2m7t3fqlc7xidtzxuq7hnrqq",
                            "route_rules.#": "1",
                            "route_rules.1271564666.cidr_block": "0.0.0.0/0",
                            "route_rules.1271564666.destination": "0.0.0.0/0",
                            "route_rules.1271564666.destination_type": "CIDR_BLOCK",
                            "route_rules.1271564666.network_entity_id": "ocid1.internetgateway.oc1.eu-frankfurt-1.aaaaaaaapsyyp7tzmnpm4hvv4zv7d252pbund5qxe4lpul3cfin4vhsjho4q",
                            "state": "AVAILABLE",
                            "time_created": "2019-06-25 21:39:24.891 +0000 UTC",
                            "vcn_id": "ocid1.vcn.oc1.eu-frankfurt-1.aaaaaaaa2yhs6tvf4i6ccmjdkize4sixld4soncp66fr6tkp46ljeeamv4za"
                        },
                        "meta": {
                            "e2bfb730-ecaa-11e6-8f88-34363bc7c4c0": {
                                "create": 900000000000,
                                "delete": 900000000000,
                                "update": 900000000000
                            }
                        },
                        "tainted": false
                    },
                    "deposed": [],
                    "provider": "provider.oci"
                },
                "oci_core_security_list.sl": {
                    "type": "oci_core_security_list",
                    "depends_on": [
                        "oci_core_virtual_network.vcn"
                    ],
                    "primary": {
                        "id": "ocid1.securitylist.oc1.eu-frankfurt-1.aaaaaaaaucvseieijvulhwe2omwchipx6vls37z2yolrvmyfswuf5soaqp3q",
                        "attributes": {
                            "compartment_id": "ocid1.tenancy.oc1..aaaaaaaa4pchyhewwxmynw4hniwnp5zngvkytedep4kz7n5pfbh5e6z6w7pq",
                            "defined_tags.%": "0",
                            "display_name": "sl",
                            "egress_security_rules.#": "1",
                            "egress_security_rules.1582479153.destination": "0.0.0.0/0",
                            "egress_security_rules.1582479153.destination_type": "CIDR_BLOCK",
                            "egress_security_rules.1582479153.icmp_options.#": "0",
                            "egress_security_rules.1582479153.protocol": "all",
                            "egress_security_rules.1582479153.stateless": "false",
                            "egress_security_rules.1582479153.tcp_options.#": "0",
                            "egress_security_rules.1582479153.udp_options.#": "0",
                            "freeform_tags.%": "0",
                            "id": "ocid1.securitylist.oc1.eu-frankfurt-1.aaaaaaaaucvseieijvulhwe2omwchipx6vls37z2yolrvmyfswuf5soaqp3q",
                            "ingress_security_rules.#": "1",
                            "ingress_security_rules.47193274.icmp_options.#": "0",
                            "ingress_security_rules.47193274.protocol": "6",
                            "ingress_security_rules.47193274.source": "0.0.0.0/0",
                            "ingress_security_rules.47193274.source_type": "CIDR_BLOCK",
                            "ingress_security_rules.47193274.stateless": "false",
                            "ingress_security_rules.47193274.tcp_options.#": "1",
                            "ingress_security_rules.47193274.tcp_options.0.max": "22",
                            "ingress_security_rules.47193274.tcp_options.0.min": "22",
                            "ingress_security_rules.47193274.tcp_options.0.source_port_range.#": "0",
                            "ingress_security_rules.47193274.udp_options.#": "0",
                            "state": "AVAILABLE",
                            "time_created": "2019-06-25 21:39:24.335 +0000 UTC",
                            "vcn_id": "ocid1.vcn.oc1.eu-frankfurt-1.aaaaaaaa2yhs6tvf4i6ccmjdkize4sixld4soncp66fr6tkp46ljeeamv4za"
                        },
                        "meta": {
                            "e2bfb730-ecaa-11e6-8f88-34363bc7c4c0": {
                                "create": 900000000000,
                                "delete": 900000000000,
                                "update": 900000000000
                            }
                        },
                        "tainted": false
                    },
                    "deposed": [],
                    "provider": "provider.oci"
                },
                "oci_core_subnet.private-subnet": {
                    "type": "oci_core_subnet",
                    "depends_on": [
                        "oci_core_route_table.private_rt1",
                        "oci_core_security_list.sl",
                        "oci_core_virtual_network.vcn"
                    ],
                    "primary": {
                        "id": "ocid1.subnet.oc1.eu-frankfurt-1.aaaaaaaag2iw624g6qwx57smocsqcjkjoiy24xasyg4pevyq6olw6iogsisa",
                        "attributes": {
                            "cidr_block": "10.0.1.0/24",
                            "compartment_id": "ocid1.tenancy.oc1..aaaaaaaa4pchyhewwxmynw4hniwnp5zngvkytedep4kz7n5pfbh5e6z6w7pq",
                            "defined_tags.%": "0",
                            "dhcp_options_id": "ocid1.dhcpoptions.oc1.eu-frankfurt-1.aaaaaaaap4byhs5my5plnlzlq7sa6hgjzeakexh7mtv3lwiysdexqulqqk5q",
                            "display_name": "private-subnet",
                            "dns_label": "privatesubnet",
                            "freeform_tags.%": "0",
                            "id": "ocid1.subnet.oc1.eu-frankfurt-1.aaaaaaaag2iw624g6qwx57smocsqcjkjoiy24xasyg4pevyq6olw6iogsisa",
                            "prohibit_public_ip_on_vnic": "true",
                            "route_table_id": "ocid1.routetable.oc1.eu-frankfurt-1.aaaaaaaaf5bojxktk2zzi4ny6nrkfwxcbkxd3d4a4255l3ypoqouspx52boa",
                            "security_list_ids.#": "1",
                            "security_list_ids.1326128578": "ocid1.securitylist.oc1.eu-frankfurt-1.aaaaaaaaucvseieijvulhwe2omwchipx6vls37z2yolrvmyfswuf5soaqp3q",
                            "state": "AVAILABLE",
                            "subnet_domain_name": "privatesubnet.tiernetwork.oraclevcn.com",
                            "time_created": "2019-06-25 21:39:25.722 +0000 UTC",
                            "vcn_id": "ocid1.vcn.oc1.eu-frankfurt-1.aaaaaaaa2yhs6tvf4i6ccmjdkize4sixld4soncp66fr6tkp46ljeeamv4za",
                            "virtual_router_ip": "10.0.1.1",
                            "virtual_router_mac": "00:00:17:E1:18:0F"
                        },
                        "meta": {
                            "e2bfb730-ecaa-11e6-8f88-34363bc7c4c0": {
                                "create": 900000000000,
                                "delete": 900000000000,
                                "update": 900000000000
                            }
                        },
                        "tainted": false
                    },
                    "deposed": [],
                    "provider": "provider.oci"
                },
                "oci_core_subnet.public-subnet": {
                    "type": "oci_core_subnet",
                    "depends_on": [
                        "oci_core_route_table.rt",
                        "oci_core_security_list.sl",
                        "oci_core_virtual_network.vcn"
                    ],
                    "primary": {
                        "id": "ocid1.subnet.oc1.eu-frankfurt-1.aaaaaaaa2um2sxfjhuy2qput7uycjkads336psl2rpcjywjxlr6im7vrpvhq",
                        "attributes": {
                            "cidr_block": "10.0.0.0/24",
                            "compartment_id": "ocid1.tenancy.oc1..aaaaaaaa4pchyhewwxmynw4hniwnp5zngvkytedep4kz7n5pfbh5e6z6w7pq",
                            "defined_tags.%": "0",
                            "dhcp_options_id": "ocid1.dhcpoptions.oc1.eu-frankfurt-1.aaaaaaaap4byhs5my5plnlzlq7sa6hgjzeakexh7mtv3lwiysdexqulqqk5q",
                            "display_name": "subnet_ad1",
                            "dns_label": "publicsubnet",
                            "freeform_tags.%": "0",
                            "id": "ocid1.subnet.oc1.eu-frankfurt-1.aaaaaaaa2um2sxfjhuy2qput7uycjkads336psl2rpcjywjxlr6im7vrpvhq",
                            "prohibit_public_ip_on_vnic": "false",
                            "route_table_id": "ocid1.routetable.oc1.eu-frankfurt-1.aaaaaaaacjqdjprp7gu5xkqetxe55gitxrlg2m7t3fqlc7xidtzxuq7hnrqq",
                            "security_list_ids.#": "1",
                            "security_list_ids.1326128578": "ocid1.securitylist.oc1.eu-frankfurt-1.aaaaaaaaucvseieijvulhwe2omwchipx6vls37z2yolrvmyfswuf5soaqp3q",
                            "state": "AVAILABLE",
                            "subnet_domain_name": "publicsubnet.tiernetwork.oraclevcn.com",
                            "time_created": "2019-06-25 21:39:25.42 +0000 UTC",
                            "vcn_id": "ocid1.vcn.oc1.eu-frankfurt-1.aaaaaaaa2yhs6tvf4i6ccmjdkize4sixld4soncp66fr6tkp46ljeeamv4za",
                            "virtual_router_ip": "10.0.0.1",
                            "virtual_router_mac": "00:00:17:E1:18:0F"
                        },
                        "meta": {
                            "e2bfb730-ecaa-11e6-8f88-34363bc7c4c0": {
                                "create": 900000000000,
                                "delete": 900000000000,
                                "update": 900000000000
                            }
                        },
                        "tainted": false
                    },
                    "deposed": [],
                    "provider": "provider.oci"
                },
                "oci_core_virtual_network.vcn": {
                    "type": "oci_core_virtual_network",
                    "depends_on": [],
                    "primary": {
                        "id": "ocid1.vcn.oc1.eu-frankfurt-1.aaaaaaaa2yhs6tvf4i6ccmjdkize4sixld4soncp66fr6tkp46ljeeamv4za",
                        "attributes": {
                            "cidr_block": "10.0.0.0/16",
                            "compartment_id": "ocid1.tenancy.oc1..aaaaaaaa4pchyhewwxmynw4hniwnp5zngvkytedep4kz7n5pfbh5e6z6w7pq",
                            "default_dhcp_options_id": "ocid1.dhcpoptions.oc1.eu-frankfurt-1.aaaaaaaap4byhs5my5plnlzlq7sa6hgjzeakexh7mtv3lwiysdexqulqqk5q",
                            "default_route_table_id": "ocid1.routetable.oc1.eu-frankfurt-1.aaaaaaaa6uykjvhzh72hk6kltr75kxbxsg3cgiy6ynta7heuf7rwja7lxc5q",
                            "default_security_list_id": "ocid1.securitylist.oc1.eu-frankfurt-1.aaaaaaaae5qtwy4ojulp7jnpbnt23pq6yweqwltl62pdkbu4t6uxylqxttiq",
                            "defined_tags.%": "0",
                            "display_name": "3TierNetwork",
                            "dns_label": "tiernetwork",
                            "freeform_tags.%": "0",
                            "id": "ocid1.vcn.oc1.eu-frankfurt-1.aaaaaaaa2yhs6tvf4i6ccmjdkize4sixld4soncp66fr6tkp46ljeeamv4za",
                            "state": "AVAILABLE",
                            "time_created": "2019-06-25 21:39:23.072 +0000 UTC",
                            "vcn_domain_name": "tiernetwork.oraclevcn.com"
                        },
                        "meta": {
                            "e2bfb730-ecaa-11e6-8f88-34363bc7c4c0": {
                                "create": 900000000000,
                                "delete": 900000000000,
                                "update": 900000000000
                            }
                        },
                        "tainted": false
                    },
                    "deposed": [],
                    "provider": "provider.oci"
                }
            },
            "depends_on": []
        }
    ]
}
