{
    "version": 3,
    "terraform_version": "0.11.13",
    "serial": 7,
    "lineage": "e4c8fbcb-9632-0567-af5b-436984ed9dd8",
    "modules": [
        {
            "path": [
                "root"
            ],
            "outputs": {},
            "resources": {
                "data.oci_identity_availability_domains.ads": {
                    "type": "oci_identity_availability_domains",
                    "depends_on": [],
                    "primary": {
                        "id": "2019-08-06 18:56:49.792879 +0000 UTC",
                        "attributes": {
                            "availability_domains.#": "3",
                            "availability_domains.0.compartment_id": "ocid1.tenancy.oc1..aaaaaaaa4pchyhewwxmynw4hniwnp5zngvkytedep4kz7n5pfbh5e6z6w7pq",
                            "availability_domains.0.id": "ocid1.availabilitydomain.oc1..aaaaaaaaztunlny6ae4yw2vghp5go2zceaonwp6wiioe3tnh2vlaxjjl2n3a",
                            "availability_domains.0.name": "zseb:US-ASHBURN-AD-1",
                            "availability_domains.1.compartment_id": "ocid1.tenancy.oc1..aaaaaaaa4pchyhewwxmynw4hniwnp5zngvkytedep4kz7n5pfbh5e6z6w7pq",
                            "availability_domains.1.id": "ocid1.availabilitydomain.oc1..aaaaaaaauvt2n7pijol7uqgdnnsoojcukrijtmcltvfwxazmitk235wyohta",
                            "availability_domains.1.name": "zseb:US-ASHBURN-AD-2",
                            "availability_domains.2.compartment_id": "ocid1.tenancy.oc1..aaaaaaaa4pchyhewwxmynw4hniwnp5zngvkytedep4kz7n5pfbh5e6z6w7pq",
                            "availability_domains.2.id": "ocid1.availabilitydomain.oc1..aaaaaaaatrwxaogr7dl4yschqtrmqrdv6uzis3mgbnomiagqrfhcb7mxsfdq",
                            "availability_domains.2.name": "zseb:US-ASHBURN-AD-3",
                            "compartment_id": "ocid1.tenancy.oc1..aaaaaaaa4pchyhewwxmynw4hniwnp5zngvkytedep4kz7n5pfbh5e6z6w7pq",
                            "id": "2019-08-06 18:56:49.792879 +0000 UTC"
                        },
                        "meta": {},
                        "tainted": false
                    },
                    "deposed": [],
                    "provider": "provider.oci"
                }
            },
            "depends_on": []
        },
        {
            "path": [
                "root",
                "compute"
            ],
            "outputs": {
                "private_ip1": {
                    "sensitive": false,
                    "type": "string",
                    "value": "10.0.0.2"
                },
                "private_ip2": {
                    "sensitive": false,
                    "type": "string",
                    "value": "10.0.0.3"
                },
                "private_ip3": {
                    "sensitive": false,
                    "type": "string",
                    "value": "10.0.1.2"
                },
                "private_ip4": {
                    "sensitive": false,
                    "type": "string",
                    "value": "10.0.1.3"
                },
                "private_ip5": {
                    "sensitive": false,
                    "type": "string",
                    "value": "10.0.1.5"
                },
                "private_ip6": {
                    "sensitive": false,
                    "type": "string",
                    "value": "10.0.1.4"
                },
                "public_ip1": {
                    "sensitive": false,
                    "type": "string",
                    "value": ""
                },
                "public_ip2": {
                    "sensitive": false,
                    "type": "string",
                    "value": ""
                }
            },
            "resources": {
                "data.oci_identity_availability_domains.ads": {
                    "type": "oci_identity_availability_domains",
                    "depends_on": [],
                    "primary": {
                        "id": "2019-08-06 18:56:49.792914 +0000 UTC",
                        "attributes": {
                            "availability_domains.#": "3",
                            "availability_domains.0.compartment_id": "ocid1.tenancy.oc1..aaaaaaaa4pchyhewwxmynw4hniwnp5zngvkytedep4kz7n5pfbh5e6z6w7pq",
                            "availability_domains.0.id": "ocid1.availabilitydomain.oc1..aaaaaaaaztunlny6ae4yw2vghp5go2zceaonwp6wiioe3tnh2vlaxjjl2n3a",
                            "availability_domains.0.name": "zseb:US-ASHBURN-AD-1",
                            "availability_domains.1.compartment_id": "ocid1.tenancy.oc1..aaaaaaaa4pchyhewwxmynw4hniwnp5zngvkytedep4kz7n5pfbh5e6z6w7pq",
                            "availability_domains.1.id": "ocid1.availabilitydomain.oc1..aaaaaaaauvt2n7pijol7uqgdnnsoojcukrijtmcltvfwxazmitk235wyohta",
                            "availability_domains.1.name": "zseb:US-ASHBURN-AD-2",
                            "availability_domains.2.compartment_id": "ocid1.tenancy.oc1..aaaaaaaa4pchyhewwxmynw4hniwnp5zngvkytedep4kz7n5pfbh5e6z6w7pq",
                            "availability_domains.2.id": "ocid1.availabilitydomain.oc1..aaaaaaaatrwxaogr7dl4yschqtrmqrdv6uzis3mgbnomiagqrfhcb7mxsfdq",
                            "availability_domains.2.name": "zseb:US-ASHBURN-AD-3",
                            "compartment_id": "ocid1.tenancy.oc1..aaaaaaaa4pchyhewwxmynw4hniwnp5zngvkytedep4kz7n5pfbh5e6z6w7pq",
                            "id": "2019-08-06 18:56:49.792914 +0000 UTC"
                        },
                        "meta": {},
                        "tainted": false
                    },
                    "deposed": [],
                    "provider": "provider.oci"
                },
                "data.template_file.init": {
                    "type": "template_file",
                    "depends_on": [],
                    "primary": {
                        "id": "92af62c0c953ef0d4a29c3de7d8cbe3acae9c2f998242ccbaef4890bb211fde8",
                        "attributes": {
                            "id": "92af62c0c953ef0d4a29c3de7d8cbe3acae9c2f998242ccbaef4890bb211fde8",
                            "rendered": "#!/bin/bash -x\necho '################### userdata begins #####################'\ntouch ~opc/userdata.`date +%s`.start\necho \"start\" \u003e /tmp/log\n# echo '########## update yum repos ###############'\nsudo yum install -y yum-utils device-mapper-persistent-data lvm2\nsudo yum-config-manager --add-repo https://download.docker.com/linux/centos/docker-ce.repo\necho '########## install and enable docker  ##############'\nsudo yum -y install docker-ce\nsudo systemctl start docker\nsudo systemctl enable docker\nsudo systemctl status docker\necho '###################userdata ends #######################'\n",
                            "template": "#!/bin/bash -x\necho '################### userdata begins #####################'\ntouch ~opc/userdata.`date +%s`.start\necho \"start\" \u003e /tmp/log\n# echo '########## update yum repos ###############'\nsudo yum install -y yum-utils device-mapper-persistent-data lvm2\nsudo yum-config-manager --add-repo https://download.docker.com/linux/centos/docker-ce.repo\necho '########## install and enable docker  ##############'\nsudo yum -y install docker-ce\nsudo systemctl start docker\nsudo systemctl enable docker\nsudo systemctl status docker\necho '###################userdata ends #######################'\n"
                        },
                        "meta": {},
                        "tainted": false
                    },
                    "deposed": [],
                    "provider": "provider.template"
                },
                "oci_core_instance.bastion": {
                    "type": "oci_core_instance",
                    "depends_on": [
                        "data.oci_identity_availability_domains.ads"
                    ],
                    "primary": {
                        "id": "ocid1.instance.oc1.iad.abuwcljt24loh6zxdtvpkskr3ejnephkpiagshx7vrqxmusfijd4g3qpr5wq",
                        "attributes": {
                            "agent_config.#": "1",
                            "agent_config.0.is_monitoring_disabled": "false",
                            "availability_domain": "zseb:US-ASHBURN-AD-3",
                            "boot_volume_id": "ocid1.bootvolume.oc1.iad.abuwcljtatiswbhka6lx6piebfohkkv3gx2p7vkpzc45d73k7bytjory2xza",
                            "compartment_id": "ocid1.compartment.oc1..aaaaaaaanuakdrzf37fjsta4rcmt2qlnzgxhctapdhuigs7f4acfr6t5noja",
                            "create_vnic_details.#": "1",
                            "create_vnic_details.0.assign_public_ip": "true",
                            "create_vnic_details.0.defined_tags.%": "0",
                            "create_vnic_details.0.display_name": "web",
                            "create_vnic_details.0.freeform_tags.%": "0",
                            "create_vnic_details.0.hostname_label": "bastion",
                            "create_vnic_details.0.nsg_ids.#": "0",
                            "create_vnic_details.0.private_ip": "10.0.0.6",
                            "create_vnic_details.0.skip_source_dest_check": "false",
                            "create_vnic_details.0.subnet_id": "ocid1.subnet.oc1.iad.aaaaaaaa6t44riovumst7xtfwx237vgmxtlm4f27hqaxmzjvzqc3sfymiidq",
                            "defined_tags.%": "0",
                            "display_name": "web",
                            "fault_domain": "FAULT-DOMAIN-3",
                            "freeform_tags.%": "0",
                            "hostname_label": "bastion",
                            "id": "ocid1.instance.oc1.iad.abuwcljt24loh6zxdtvpkskr3ejnephkpiagshx7vrqxmusfijd4g3qpr5wq",
                            "image": "ocid1.image.oc1.iad.aaaaaaaawufnve5jxze4xf7orejupw5iq3pms6cuadzjc7klojix6vmk42va",
                            "launch_mode": "NATIVE",
                            "launch_options.#": "1",
                            "launch_options.0.boot_volume_type": "PARAVIRTUALIZED",
                            "launch_options.0.firmware": "UEFI_64",
                            "launch_options.0.is_consistent_volume_naming_enabled": "true",
                            "launch_options.0.is_pv_encryption_in_transit_enabled": "true",
                            "launch_options.0.network_type": "VFIO",
                            "launch_options.0.remote_data_volume_type": "PARAVIRTUALIZED",
                            "metadata.%": "1",
                            "metadata.ssh_authorized_keys": "ssh-rsa AAAAB3NzaC1yc2EAAAADAQABAAABAQDKlrm85/kMEuLlF2Sj5G3tKkck50Hy7bEKf1a4gThoYWD51lu8bp9VKp5M3Qy9vExRCRuPT/plJ+5+Kwic3BX/wsWsV5YRjeCY8SYt8kril4ygKhokaog+kGhsCtIk+ZamfoNLMTsJzVxa+njzoj9EkvvVPC/UZwbItf/cM7kYgt8sCRQ9BzETEOQrZ+rzXPDKMltZ37smLqN/OYTJRd0Kglglyf7WtGKsxgqtiHl2pRncQENb4V9vCW0KO3As97PugMHj7JuCw7Tm9bzqmHRlnKHK5gRaKtR9ts0Dq50JNixOrahvIwKhFPzJHJ3Lt++PWqu03CA+XXF40CKaECOL vinay-ssh",
                            "private_ip": "10.0.0.6",
                            "public_ip": "132.145.212.5",
                            "region": "iad",
                            "shape": "VM.Standard2.1",
                            "source_details.#": "1",
                            "source_details.0.boot_volume_size_in_gbs": "47",
                            "source_details.0.kms_key_id": "",
                            "source_details.0.source_id": "ocid1.image.oc1.iad.aaaaaaaawufnve5jxze4xf7orejupw5iq3pms6cuadzjc7klojix6vmk42va",
                            "source_details.0.source_type": "image",
                            "state": "RUNNING",
                            "subnet_id": "ocid1.subnet.oc1.iad.aaaaaaaa6t44riovumst7xtfwx237vgmxtlm4f27hqaxmzjvzqc3sfymiidq",
                            "time_created": "2019-08-06 18:57:15.236 +0000 UTC",
                            "time_maintenance_reboot_due": ""
                        },
                        "meta": {
                            "e2bfb730-ecaa-11e6-8f88-34363bc7c4c0": {
                                "create": 7200000000000,
                                "delete": 7200000000000,
                                "update": 7200000000000
                            }
                        },
                        "tainted": false
                    },
                    "deposed": [],
                    "provider": "provider.oci"
                },
                "oci_core_instance.compute_instance1": {
                    "type": "oci_core_instance",
                    "depends_on": [
                        "data.oci_identity_availability_domains.ads",
                        "data.template_file.init"
                    ],
                    "primary": {
                        "id": "ocid1.instance.oc1.iad.abuwcljtcywjcogyymqfijo533sl7bpbgpq2z4y6fpvc4bmjv35puw63nzxa",
                        "attributes": {
                            "agent_config.#": "1",
                            "agent_config.0.is_monitoring_disabled": "false",
                            "availability_domain": "zseb:US-ASHBURN-AD-3",
                            "boot_volume_id": "ocid1.bootvolume.oc1.iad.abuwcljtk4udsut65wqakibrgqceylgvqrtgjiforiefv7oowucpqztcq65q",
                            "compartment_id": "ocid1.compartment.oc1..aaaaaaaanuakdrzf37fjsta4rcmt2qlnzgxhctapdhuigs7f4acfr6t5noja",
                            "create_vnic_details.#": "1",
                            "create_vnic_details.0.assign_public_ip": "false",
                            "create_vnic_details.0.defined_tags.%": "0",
                            "create_vnic_details.0.display_name": "web",
                            "create_vnic_details.0.freeform_tags.%": "0",
                            "create_vnic_details.0.hostname_label": "web",
                            "create_vnic_details.0.nsg_ids.#": "1",
                            "create_vnic_details.0.nsg_ids.1527568847": "ocid1.networksecuritygroup.oc1.iad.aaaaaaaamvuypnh7hvegzpn7jdcfdab774toebglz2moee3mnsbglxsikvda",
                            "create_vnic_details.0.private_ip": "10.0.0.2",
                            "create_vnic_details.0.skip_source_dest_check": "false",
                            "create_vnic_details.0.subnet_id": "ocid1.subnet.oc1.iad.aaaaaaaa6t44riovumst7xtfwx237vgmxtlm4f27hqaxmzjvzqc3sfymiidq",
                            "defined_tags.%": "0",
                            "display_name": "web_instance1",
                            "fault_domain": "FAULT-DOMAIN-3",
                            "freeform_tags.%": "0",
                            "hostname_label": "web",
                            "id": "ocid1.instance.oc1.iad.abuwcljtcywjcogyymqfijo533sl7bpbgpq2z4y6fpvc4bmjv35puw63nzxa",
                            "image": "ocid1.image.oc1.iad.aaaaaaaawufnve5jxze4xf7orejupw5iq3pms6cuadzjc7klojix6vmk42va",
                            "launch_mode": "NATIVE",
                            "launch_options.#": "1",
                            "launch_options.0.boot_volume_type": "PARAVIRTUALIZED",
                            "launch_options.0.firmware": "UEFI_64",
                            "launch_options.0.is_consistent_volume_naming_enabled": "true",
                            "launch_options.0.is_pv_encryption_in_transit_enabled": "true",
                            "launch_options.0.network_type": "VFIO",
                            "launch_options.0.remote_data_volume_type": "PARAVIRTUALIZED",
                            "metadata.%": "2",
                            "metadata.ssh_authorized_keys": "ssh-rsa AAAAB3NzaC1yc2EAAAADAQABAAABAQDKlrm85/kMEuLlF2Sj5G3tKkck50Hy7bEKf1a4gThoYWD51lu8bp9VKp5M3Qy9vExRCRuPT/plJ+5+Kwic3BX/wsWsV5YRjeCY8SYt8kril4ygKhokaog+kGhsCtIk+ZamfoNLMTsJzVxa+njzoj9EkvvVPC/UZwbItf/cM7kYgt8sCRQ9BzETEOQrZ+rzXPDKMltZ37smLqN/OYTJRd0Kglglyf7WtGKsxgqtiHl2pRncQENb4V9vCW0KO3As97PugMHj7JuCw7Tm9bzqmHRlnKHK5gRaKtR9ts0Dq50JNixOrahvIwKhFPzJHJ3Lt++PWqu03CA+XXF40CKaECOL vinay-ssh",
                            "metadata.user_data": "IyEvYmluL2Jhc2ggLXgKZWNobyAnIyMjIyMjIyMjIyMjIyMjIyMjIyB1c2VyZGF0YSBiZWdpbnMgIyMjIyMjIyMjIyMjIyMjIyMjIyMjJwp0b3VjaCB+b3BjL3VzZXJkYXRhLmBkYXRlICslc2Auc3RhcnQKZWNobyAic3RhcnQiID4gL3RtcC9sb2cKIyBlY2hvICcjIyMjIyMjIyMjIHVwZGF0ZSB5dW0gcmVwb3MgIyMjIyMjIyMjIyMjIyMjJwpzdWRvIHl1bSBpbnN0YWxsIC15IHl1bS11dGlscyBkZXZpY2UtbWFwcGVyLXBlcnNpc3RlbnQtZGF0YSBsdm0yCnN1ZG8geXVtLWNvbmZpZy1tYW5hZ2VyIC0tYWRkLXJlcG8gaHR0cHM6Ly9kb3dubG9hZC5kb2NrZXIuY29tL2xpbnV4L2NlbnRvcy9kb2NrZXItY2UucmVwbwplY2hvICcjIyMjIyMjIyMjIGluc3RhbGwgYW5kIGVuYWJsZSBkb2NrZXIgICMjIyMjIyMjIyMjIyMjJwpzdWRvIHl1bSAteSBpbnN0YWxsIGRvY2tlci1jZQpzdWRvIHN5c3RlbWN0bCBzdGFydCBkb2NrZXIKc3VkbyBzeXN0ZW1jdGwgZW5hYmxlIGRvY2tlcgpzdWRvIHN5c3RlbWN0bCBzdGF0dXMgZG9ja2VyCmVjaG8gJyMjIyMjIyMjIyMjIyMjIyMjIyN1c2VyZGF0YSBlbmRzICMjIyMjIyMjIyMjIyMjIyMjIyMjIyMjJwo=",
                            "private_ip": "10.0.0.2",
                            "public_ip": "",
                            "region": "iad",
                            "shape": "VM.Standard2.1",
                            "source_details.#": "1",
                            "source_details.0.boot_volume_size_in_gbs": "47",
                            "source_details.0.kms_key_id": "",
                            "source_details.0.source_id": "ocid1.image.oc1.iad.aaaaaaaawufnve5jxze4xf7orejupw5iq3pms6cuadzjc7klojix6vmk42va",
                            "source_details.0.source_type": "image",
                            "state": "RUNNING",
                            "subnet_id": "ocid1.subnet.oc1.iad.aaaaaaaa6t44riovumst7xtfwx237vgmxtlm4f27hqaxmzjvzqc3sfymiidq",
                            "time_created": "2019-08-06 18:57:14.989 +0000 UTC",
                            "time_maintenance_reboot_due": ""
                        },
                        "meta": {
                            "e2bfb730-ecaa-11e6-8f88-34363bc7c4c0": {
                                "create": 7200000000000,
                                "delete": 7200000000000,
                                "update": 7200000000000
                            }
                        },
                        "tainted": false
                    },
                    "deposed": [],
                    "provider": "provider.oci"
                },
                "oci_core_instance.compute_instance2": {
                    "type": "oci_core_instance",
                    "depends_on": [
                        "data.oci_identity_availability_domains.ads",
                        "data.template_file.init"
                    ],
                    "primary": {
                        "id": "ocid1.instance.oc1.iad.abuwcljryhexlz2rkztwfayf2q262zkpbnk2t6xpsl4lfi3xvu43paxnmtoq",
                        "attributes": {
                            "agent_config.#": "1",
                            "agent_config.0.is_monitoring_disabled": "false",
                            "availability_domain": "zseb:US-ASHBURN-AD-2",
                            "boot_volume_id": "ocid1.bootvolume.oc1.iad.abuwcljrtjm5bd7rzoqqwmdyyuqljua6o23azhnlgxsm5cjcxsisokmfdvrq",
                            "compartment_id": "ocid1.compartment.oc1..aaaaaaaanuakdrzf37fjsta4rcmt2qlnzgxhctapdhuigs7f4acfr6t5noja",
                            "create_vnic_details.#": "1",
                            "create_vnic_details.0.assign_public_ip": "false",
                            "create_vnic_details.0.defined_tags.%": "0",
                            "create_vnic_details.0.display_name": "web",
                            "create_vnic_details.0.freeform_tags.%": "0",
                            "create_vnic_details.0.hostname_label": "web-6988",
                            "create_vnic_details.0.nsg_ids.#": "1",
                            "create_vnic_details.0.nsg_ids.1527568847": "ocid1.networksecuritygroup.oc1.iad.aaaaaaaamvuypnh7hvegzpn7jdcfdab774toebglz2moee3mnsbglxsikvda",
                            "create_vnic_details.0.private_ip": "10.0.0.3",
                            "create_vnic_details.0.skip_source_dest_check": "false",
                            "create_vnic_details.0.subnet_id": "ocid1.subnet.oc1.iad.aaaaaaaa6t44riovumst7xtfwx237vgmxtlm4f27hqaxmzjvzqc3sfymiidq",
                            "defined_tags.%": "0",
                            "display_name": "web_instance2",
                            "fault_domain": "FAULT-DOMAIN-2",
                            "freeform_tags.%": "0",
                            "hostname_label": "web-6988",
                            "id": "ocid1.instance.oc1.iad.abuwcljryhexlz2rkztwfayf2q262zkpbnk2t6xpsl4lfi3xvu43paxnmtoq",
                            "image": "ocid1.image.oc1.iad.aaaaaaaawufnve5jxze4xf7orejupw5iq3pms6cuadzjc7klojix6vmk42va",
                            "launch_mode": "NATIVE",
                            "launch_options.#": "1",
                            "launch_options.0.boot_volume_type": "PARAVIRTUALIZED",
                            "launch_options.0.firmware": "UEFI_64",
                            "launch_options.0.is_consistent_volume_naming_enabled": "true",
                            "launch_options.0.is_pv_encryption_in_transit_enabled": "true",
                            "launch_options.0.network_type": "VFIO",
                            "launch_options.0.remote_data_volume_type": "PARAVIRTUALIZED",
                            "metadata.%": "2",
                            "metadata.ssh_authorized_keys": "ssh-rsa AAAAB3NzaC1yc2EAAAADAQABAAABAQDKlrm85/kMEuLlF2Sj5G3tKkck50Hy7bEKf1a4gThoYWD51lu8bp9VKp5M3Qy9vExRCRuPT/plJ+5+Kwic3BX/wsWsV5YRjeCY8SYt8kril4ygKhokaog+kGhsCtIk+ZamfoNLMTsJzVxa+njzoj9EkvvVPC/UZwbItf/cM7kYgt8sCRQ9BzETEOQrZ+rzXPDKMltZ37smLqN/OYTJRd0Kglglyf7WtGKsxgqtiHl2pRncQENb4V9vCW0KO3As97PugMHj7JuCw7Tm9bzqmHRlnKHK5gRaKtR9ts0Dq50JNixOrahvIwKhFPzJHJ3Lt++PWqu03CA+XXF40CKaECOL vinay-ssh",
                            "metadata.user_data": "IyEvYmluL2Jhc2ggLXgKZWNobyAnIyMjIyMjIyMjIyMjIyMjIyMjIyB1c2VyZGF0YSBiZWdpbnMgIyMjIyMjIyMjIyMjIyMjIyMjIyMjJwp0b3VjaCB+b3BjL3VzZXJkYXRhLmBkYXRlICslc2Auc3RhcnQKZWNobyAic3RhcnQiID4gL3RtcC9sb2cKIyBlY2hvICcjIyMjIyMjIyMjIHVwZGF0ZSB5dW0gcmVwb3MgIyMjIyMjIyMjIyMjIyMjJwpzdWRvIHl1bSBpbnN0YWxsIC15IHl1bS11dGlscyBkZXZpY2UtbWFwcGVyLXBlcnNpc3RlbnQtZGF0YSBsdm0yCnN1ZG8geXVtLWNvbmZpZy1tYW5hZ2VyIC0tYWRkLXJlcG8gaHR0cHM6Ly9kb3dubG9hZC5kb2NrZXIuY29tL2xpbnV4L2NlbnRvcy9kb2NrZXItY2UucmVwbwplY2hvICcjIyMjIyMjIyMjIGluc3RhbGwgYW5kIGVuYWJsZSBkb2NrZXIgICMjIyMjIyMjIyMjIyMjJwpzdWRvIHl1bSAteSBpbnN0YWxsIGRvY2tlci1jZQpzdWRvIHN5c3RlbWN0bCBzdGFydCBkb2NrZXIKc3VkbyBzeXN0ZW1jdGwgZW5hYmxlIGRvY2tlcgpzdWRvIHN5c3RlbWN0bCBzdGF0dXMgZG9ja2VyCmVjaG8gJyMjIyMjIyMjIyMjIyMjIyMjIyN1c2VyZGF0YSBlbmRzICMjIyMjIyMjIyMjIyMjIyMjIyMjIyMjJwo=",
                            "private_ip": "10.0.0.3",
                            "public_ip": "",
                            "region": "iad",
                            "shape": "VM.Standard2.1",
                            "source_details.#": "1",
                            "source_details.0.boot_volume_size_in_gbs": "47",
                            "source_details.0.kms_key_id": "",
                            "source_details.0.source_id": "ocid1.image.oc1.iad.aaaaaaaawufnve5jxze4xf7orejupw5iq3pms6cuadzjc7klojix6vmk42va",
                            "source_details.0.source_type": "image",
                            "state": "RUNNING",
                            "subnet_id": "ocid1.subnet.oc1.iad.aaaaaaaa6t44riovumst7xtfwx237vgmxtlm4f27hqaxmzjvzqc3sfymiidq",
                            "time_created": "2019-08-06 18:57:15.197 +0000 UTC",
                            "time_maintenance_reboot_due": ""
                        },
                        "meta": {
                            "e2bfb730-ecaa-11e6-8f88-34363bc7c4c0": {
                                "create": 3600000000000,
                                "delete": 7200000000000,
                                "update": 7200000000000
                            }
                        },
                        "tainted": false
                    },
                    "deposed": [],
                    "provider": "provider.oci"
                },
                "oci_core_instance.compute_instance3": {
                    "type": "oci_core_instance",
                    "depends_on": [
                        "data.oci_identity_availability_domains.ads",
                        "data.template_file.init"
                    ],
                    "primary": {
                        "id": "ocid1.instance.oc1.iad.abuwcljt334llexiivw76jblnfr2c6ygwvfgi3rqd57r467lecgojnhbqmla",
                        "attributes": {
                            "agent_config.#": "1",
                            "agent_config.0.is_monitoring_disabled": "false",
                            "availability_domain": "zseb:US-ASHBURN-AD-3",
                            "boot_volume_id": "ocid1.bootvolume.oc1.iad.abuwcljtu62rbrxavcym3oe2srefcwssqujj3uvuvbcqg5ajmyqlrcxvmeca",
                            "compartment_id": "ocid1.compartment.oc1..aaaaaaaanuakdrzf37fjsta4rcmt2qlnzgxhctapdhuigs7f4acfr6t5noja",
                            "create_vnic_details.#": "1",
                            "create_vnic_details.0.assign_public_ip": "false",
                            "create_vnic_details.0.defined_tags.%": "0",
                            "create_vnic_details.0.display_name": "app",
                            "create_vnic_details.0.freeform_tags.%": "0",
                            "create_vnic_details.0.hostname_label": "app",
                            "create_vnic_details.0.nsg_ids.#": "1",
                            "create_vnic_details.0.nsg_ids.3661368612": "ocid1.networksecuritygroup.oc1.iad.aaaaaaaa26qh7e7vacqnjwqenr5f3d7dcxps2rdnw5pc4m3nljrxidb5gaoa",
                            "create_vnic_details.0.private_ip": "10.0.1.2",
                            "create_vnic_details.0.skip_source_dest_check": "false",
                            "create_vnic_details.0.subnet_id": "ocid1.subnet.oc1.iad.aaaaaaaawfcej5fkryddqtioupqmuxwxdq4ph24lc6ztvyksidi4t3dtfqfa",
                            "defined_tags.%": "0",
                            "display_name": "app_instance1",
                            "fault_domain": "FAULT-DOMAIN-3",
                            "freeform_tags.%": "0",
                            "hostname_label": "app",
                            "id": "ocid1.instance.oc1.iad.abuwcljt334llexiivw76jblnfr2c6ygwvfgi3rqd57r467lecgojnhbqmla",
                            "image": "ocid1.image.oc1.iad.aaaaaaaawufnve5jxze4xf7orejupw5iq3pms6cuadzjc7klojix6vmk42va",
                            "launch_mode": "NATIVE",
                            "launch_options.#": "1",
                            "launch_options.0.boot_volume_type": "PARAVIRTUALIZED",
                            "launch_options.0.firmware": "UEFI_64",
                            "launch_options.0.is_consistent_volume_naming_enabled": "true",
                            "launch_options.0.is_pv_encryption_in_transit_enabled": "true",
                            "launch_options.0.network_type": "VFIO",
                            "launch_options.0.remote_data_volume_type": "PARAVIRTUALIZED",
                            "metadata.%": "2",
                            "metadata.ssh_authorized_keys": "ssh-rsa AAAAB3NzaC1yc2EAAAADAQABAAABAQDKlrm85/kMEuLlF2Sj5G3tKkck50Hy7bEKf1a4gThoYWD51lu8bp9VKp5M3Qy9vExRCRuPT/plJ+5+Kwic3BX/wsWsV5YRjeCY8SYt8kril4ygKhokaog+kGhsCtIk+ZamfoNLMTsJzVxa+njzoj9EkvvVPC/UZwbItf/cM7kYgt8sCRQ9BzETEOQrZ+rzXPDKMltZ37smLqN/OYTJRd0Kglglyf7WtGKsxgqtiHl2pRncQENb4V9vCW0KO3As97PugMHj7JuCw7Tm9bzqmHRlnKHK5gRaKtR9ts0Dq50JNixOrahvIwKhFPzJHJ3Lt++PWqu03CA+XXF40CKaECOL vinay-ssh",
                            "metadata.user_data": "IyEvYmluL2Jhc2ggLXgKZWNobyAnIyMjIyMjIyMjIyMjIyMjIyMjIyB1c2VyZGF0YSBiZWdpbnMgIyMjIyMjIyMjIyMjIyMjIyMjIyMjJwp0b3VjaCB+b3BjL3VzZXJkYXRhLmBkYXRlICslc2Auc3RhcnQKZWNobyAic3RhcnQiID4gL3RtcC9sb2cKIyBlY2hvICcjIyMjIyMjIyMjIHVwZGF0ZSB5dW0gcmVwb3MgIyMjIyMjIyMjIyMjIyMjJwpzdWRvIHl1bSBpbnN0YWxsIC15IHl1bS11dGlscyBkZXZpY2UtbWFwcGVyLXBlcnNpc3RlbnQtZGF0YSBsdm0yCnN1ZG8geXVtLWNvbmZpZy1tYW5hZ2VyIC0tYWRkLXJlcG8gaHR0cHM6Ly9kb3dubG9hZC5kb2NrZXIuY29tL2xpbnV4L2NlbnRvcy9kb2NrZXItY2UucmVwbwplY2hvICcjIyMjIyMjIyMjIGluc3RhbGwgYW5kIGVuYWJsZSBkb2NrZXIgICMjIyMjIyMjIyMjIyMjJwpzdWRvIHl1bSAteSBpbnN0YWxsIGRvY2tlci1jZQpzdWRvIHN5c3RlbWN0bCBzdGFydCBkb2NrZXIKc3VkbyBzeXN0ZW1jdGwgZW5hYmxlIGRvY2tlcgpzdWRvIHN5c3RlbWN0bCBzdGF0dXMgZG9ja2VyCmVjaG8gJyMjIyMjIyMjIyMjIyMjIyMjIyN1c2VyZGF0YSBlbmRzICMjIyMjIyMjIyMjIyMjIyMjIyMjIyMjJwo=",
                            "private_ip": "10.0.1.2",
                            "public_ip": "",
                            "region": "iad",
                            "shape": "VM.Standard2.1",
                            "source_details.#": "1",
                            "source_details.0.boot_volume_size_in_gbs": "47",
                            "source_details.0.kms_key_id": "",
                            "source_details.0.source_id": "ocid1.image.oc1.iad.aaaaaaaawufnve5jxze4xf7orejupw5iq3pms6cuadzjc7klojix6vmk42va",
                            "source_details.0.source_type": "image",
                            "state": "RUNNING",
                            "subnet_id": "ocid1.subnet.oc1.iad.aaaaaaaawfcej5fkryddqtioupqmuxwxdq4ph24lc6ztvyksidi4t3dtfqfa",
                            "time_created": "2019-08-06 18:57:15.476 +0000 UTC",
                            "time_maintenance_reboot_due": ""
                        },
                        "meta": {
                            "e2bfb730-ecaa-11e6-8f88-34363bc7c4c0": {
                                "create": 3600000000000,
                                "delete": 7200000000000,
                                "update": 7200000000000
                            }
                        },
                        "tainted": false
                    },
                    "deposed": [],
                    "provider": "provider.oci"
                },
                "oci_core_instance.compute_instance4": {
                    "type": "oci_core_instance",
                    "depends_on": [
                        "data.oci_identity_availability_domains.ads",
                        "data.template_file.init"
                    ],
                    "primary": {
                        "id": "ocid1.instance.oc1.iad.abuwcljred7gwci57mh4zcohrugt2zksdq66xmnonoa6apxh6wgevyfjqzoq",
                        "attributes": {
                            "agent_config.#": "1",
                            "agent_config.0.is_monitoring_disabled": "false",
                            "availability_domain": "zseb:US-ASHBURN-AD-2",
                            "boot_volume_id": "ocid1.bootvolume.oc1.iad.abuwcljrtlpfhadasqgexbewklxcom7txfmwrjvnh3yz4tq5ia3n6he3e4sq",
                            "compartment_id": "ocid1.compartment.oc1..aaaaaaaanuakdrzf37fjsta4rcmt2qlnzgxhctapdhuigs7f4acfr6t5noja",
                            "create_vnic_details.#": "1",
                            "create_vnic_details.0.assign_public_ip": "false",
                            "create_vnic_details.0.defined_tags.%": "0",
                            "create_vnic_details.0.display_name": "app",
                            "create_vnic_details.0.freeform_tags.%": "0",
                            "create_vnic_details.0.hostname_label": "app-9923",
                            "create_vnic_details.0.nsg_ids.#": "1",
                            "create_vnic_details.0.nsg_ids.3661368612": "ocid1.networksecuritygroup.oc1.iad.aaaaaaaa26qh7e7vacqnjwqenr5f3d7dcxps2rdnw5pc4m3nljrxidb5gaoa",
                            "create_vnic_details.0.private_ip": "10.0.1.3",
                            "create_vnic_details.0.skip_source_dest_check": "false",
                            "create_vnic_details.0.subnet_id": "ocid1.subnet.oc1.iad.aaaaaaaawfcej5fkryddqtioupqmuxwxdq4ph24lc6ztvyksidi4t3dtfqfa",
                            "defined_tags.%": "0",
                            "display_name": "app_instance2",
                            "fault_domain": "FAULT-DOMAIN-2",
                            "freeform_tags.%": "0",
                            "hostname_label": "app-9923",
                            "id": "ocid1.instance.oc1.iad.abuwcljred7gwci57mh4zcohrugt2zksdq66xmnonoa6apxh6wgevyfjqzoq",
                            "image": "ocid1.image.oc1.iad.aaaaaaaawufnve5jxze4xf7orejupw5iq3pms6cuadzjc7klojix6vmk42va",
                            "launch_mode": "NATIVE",
                            "launch_options.#": "1",
                            "launch_options.0.boot_volume_type": "PARAVIRTUALIZED",
                            "launch_options.0.firmware": "UEFI_64",
                            "launch_options.0.is_consistent_volume_naming_enabled": "true",
                            "launch_options.0.is_pv_encryption_in_transit_enabled": "true",
                            "launch_options.0.network_type": "VFIO",
                            "launch_options.0.remote_data_volume_type": "PARAVIRTUALIZED",
                            "metadata.%": "2",
                            "metadata.ssh_authorized_keys": "ssh-rsa AAAAB3NzaC1yc2EAAAADAQABAAABAQDKlrm85/kMEuLlF2Sj5G3tKkck50Hy7bEKf1a4gThoYWD51lu8bp9VKp5M3Qy9vExRCRuPT/plJ+5+Kwic3BX/wsWsV5YRjeCY8SYt8kril4ygKhokaog+kGhsCtIk+ZamfoNLMTsJzVxa+njzoj9EkvvVPC/UZwbItf/cM7kYgt8sCRQ9BzETEOQrZ+rzXPDKMltZ37smLqN/OYTJRd0Kglglyf7WtGKsxgqtiHl2pRncQENb4V9vCW0KO3As97PugMHj7JuCw7Tm9bzqmHRlnKHK5gRaKtR9ts0Dq50JNixOrahvIwKhFPzJHJ3Lt++PWqu03CA+XXF40CKaECOL vinay-ssh",
                            "metadata.user_data": "IyEvYmluL2Jhc2ggLXgKZWNobyAnIyMjIyMjIyMjIyMjIyMjIyMjIyB1c2VyZGF0YSBiZWdpbnMgIyMjIyMjIyMjIyMjIyMjIyMjIyMjJwp0b3VjaCB+b3BjL3VzZXJkYXRhLmBkYXRlICslc2Auc3RhcnQKZWNobyAic3RhcnQiID4gL3RtcC9sb2cKIyBlY2hvICcjIyMjIyMjIyMjIHVwZGF0ZSB5dW0gcmVwb3MgIyMjIyMjIyMjIyMjIyMjJwpzdWRvIHl1bSBpbnN0YWxsIC15IHl1bS11dGlscyBkZXZpY2UtbWFwcGVyLXBlcnNpc3RlbnQtZGF0YSBsdm0yCnN1ZG8geXVtLWNvbmZpZy1tYW5hZ2VyIC0tYWRkLXJlcG8gaHR0cHM6Ly9kb3dubG9hZC5kb2NrZXIuY29tL2xpbnV4L2NlbnRvcy9kb2NrZXItY2UucmVwbwplY2hvICcjIyMjIyMjIyMjIGluc3RhbGwgYW5kIGVuYWJsZSBkb2NrZXIgICMjIyMjIyMjIyMjIyMjJwpzdWRvIHl1bSAteSBpbnN0YWxsIGRvY2tlci1jZQpzdWRvIHN5c3RlbWN0bCBzdGFydCBkb2NrZXIKc3VkbyBzeXN0ZW1jdGwgZW5hYmxlIGRvY2tlcgpzdWRvIHN5c3RlbWN0bCBzdGF0dXMgZG9ja2VyCmVjaG8gJyMjIyMjIyMjIyMjIyMjIyMjIyN1c2VyZGF0YSBlbmRzICMjIyMjIyMjIyMjIyMjIyMjIyMjIyMjJwo=",
                            "private_ip": "10.0.1.3",
                            "public_ip": "",
                            "region": "iad",
                            "shape": "VM.Standard2.1",
                            "source_details.#": "1",
                            "source_details.0.boot_volume_size_in_gbs": "47",
                            "source_details.0.kms_key_id": "",
                            "source_details.0.source_id": "ocid1.image.oc1.iad.aaaaaaaawufnve5jxze4xf7orejupw5iq3pms6cuadzjc7klojix6vmk42va",
                            "source_details.0.source_type": "image",
                            "state": "RUNNING",
                            "subnet_id": "ocid1.subnet.oc1.iad.aaaaaaaawfcej5fkryddqtioupqmuxwxdq4ph24lc6ztvyksidi4t3dtfqfa",
                            "time_created": "2019-08-06 18:57:15.46 +0000 UTC",
                            "time_maintenance_reboot_due": ""
                        },
                        "meta": {
                            "e2bfb730-ecaa-11e6-8f88-34363bc7c4c0": {
                                "create": 3600000000000,
                                "delete": 7200000000000,
                                "update": 7200000000000
                            }
                        },
                        "tainted": false
                    },
                    "deposed": [],
                    "provider": "provider.oci"
                },
                "oci_core_instance.compute_instance5": {
                    "type": "oci_core_instance",
                    "depends_on": [
                        "data.oci_identity_availability_domains.ads",
                        "data.template_file.init"
                    ],
                    "primary": {
                        "id": "ocid1.instance.oc1.iad.abuwcljtxawlbtkpe3ktgmyoo2dcxx5foxco57l27byifchqfprwmzllajva",
                        "attributes": {
                            "agent_config.#": "1",
                            "agent_config.0.is_monitoring_disabled": "false",
                            "availability_domain": "zseb:US-ASHBURN-AD-3",
                            "boot_volume_id": "ocid1.bootvolume.oc1.iad.abuwcljtd33teerffzmv2rsndeoyc4yvbe74jv33fdo5jrxzb4hzxqodgyya",
                            "compartment_id": "ocid1.compartment.oc1..aaaaaaaanuakdrzf37fjsta4rcmt2qlnzgxhctapdhuigs7f4acfr6t5noja",
                            "create_vnic_details.#": "1",
                            "create_vnic_details.0.assign_public_ip": "false",
                            "create_vnic_details.0.defined_tags.%": "0",
                            "create_vnic_details.0.display_name": "db",
                            "create_vnic_details.0.freeform_tags.%": "0",
                            "create_vnic_details.0.hostname_label": "db-9276",
                            "create_vnic_details.0.nsg_ids.#": "1",
                            "create_vnic_details.0.nsg_ids.3170932942": "ocid1.networksecuritygroup.oc1.iad.aaaaaaaag52mvi6cpvglnwwhia6kyrd54rjmdipwj4cqtxzeswyzsyybhstq",
                            "create_vnic_details.0.private_ip": "10.0.1.5",
                            "create_vnic_details.0.skip_source_dest_check": "false",
                            "create_vnic_details.0.subnet_id": "ocid1.subnet.oc1.iad.aaaaaaaawfcej5fkryddqtioupqmuxwxdq4ph24lc6ztvyksidi4t3dtfqfa",
                            "defined_tags.%": "0",
                            "display_name": "db_instance1",
                            "fault_domain": "FAULT-DOMAIN-3",
                            "freeform_tags.%": "0",
                            "hostname_label": "db-9276",
                            "id": "ocid1.instance.oc1.iad.abuwcljtxawlbtkpe3ktgmyoo2dcxx5foxco57l27byifchqfprwmzllajva",
                            "image": "ocid1.image.oc1.iad.aaaaaaaawufnve5jxze4xf7orejupw5iq3pms6cuadzjc7klojix6vmk42va",
                            "launch_mode": "NATIVE",
                            "launch_options.#": "1",
                            "launch_options.0.boot_volume_type": "PARAVIRTUALIZED",
                            "launch_options.0.firmware": "UEFI_64",
                            "launch_options.0.is_consistent_volume_naming_enabled": "true",
                            "launch_options.0.is_pv_encryption_in_transit_enabled": "true",
                            "launch_options.0.network_type": "VFIO",
                            "launch_options.0.remote_data_volume_type": "PARAVIRTUALIZED",
                            "metadata.%": "2",
                            "metadata.ssh_authorized_keys": "ssh-rsa AAAAB3NzaC1yc2EAAAADAQABAAABAQDKlrm85/kMEuLlF2Sj5G3tKkck50Hy7bEKf1a4gThoYWD51lu8bp9VKp5M3Qy9vExRCRuPT/plJ+5+Kwic3BX/wsWsV5YRjeCY8SYt8kril4ygKhokaog+kGhsCtIk+ZamfoNLMTsJzVxa+njzoj9EkvvVPC/UZwbItf/cM7kYgt8sCRQ9BzETEOQrZ+rzXPDKMltZ37smLqN/OYTJRd0Kglglyf7WtGKsxgqtiHl2pRncQENb4V9vCW0KO3As97PugMHj7JuCw7Tm9bzqmHRlnKHK5gRaKtR9ts0Dq50JNixOrahvIwKhFPzJHJ3Lt++PWqu03CA+XXF40CKaECOL vinay-ssh",
                            "metadata.user_data": "IyEvYmluL2Jhc2ggLXgKZWNobyAnIyMjIyMjIyMjIyMjIyMjIyMjIyB1c2VyZGF0YSBiZWdpbnMgIyMjIyMjIyMjIyMjIyMjIyMjIyMjJwp0b3VjaCB+b3BjL3VzZXJkYXRhLmBkYXRlICslc2Auc3RhcnQKZWNobyAic3RhcnQiID4gL3RtcC9sb2cKIyBlY2hvICcjIyMjIyMjIyMjIHVwZGF0ZSB5dW0gcmVwb3MgIyMjIyMjIyMjIyMjIyMjJwpzdWRvIHl1bSBpbnN0YWxsIC15IHl1bS11dGlscyBkZXZpY2UtbWFwcGVyLXBlcnNpc3RlbnQtZGF0YSBsdm0yCnN1ZG8geXVtLWNvbmZpZy1tYW5hZ2VyIC0tYWRkLXJlcG8gaHR0cHM6Ly9kb3dubG9hZC5kb2NrZXIuY29tL2xpbnV4L2NlbnRvcy9kb2NrZXItY2UucmVwbwplY2hvICcjIyMjIyMjIyMjIGluc3RhbGwgYW5kIGVuYWJsZSBkb2NrZXIgICMjIyMjIyMjIyMjIyMjJwpzdWRvIHl1bSAteSBpbnN0YWxsIGRvY2tlci1jZQpzdWRvIHN5c3RlbWN0bCBzdGFydCBkb2NrZXIKc3VkbyBzeXN0ZW1jdGwgZW5hYmxlIGRvY2tlcgpzdWRvIHN5c3RlbWN0bCBzdGF0dXMgZG9ja2VyCmVjaG8gJyMjIyMjIyMjIyMjIyMjIyMjIyN1c2VyZGF0YSBlbmRzICMjIyMjIyMjIyMjIyMjIyMjIyMjIyMjJwo=",
                            "private_ip": "10.0.1.5",
                            "public_ip": "",
                            "region": "iad",
                            "shape": "VM.Standard2.1",
                            "source_details.#": "1",
                            "source_details.0.boot_volume_size_in_gbs": "47",
                            "source_details.0.kms_key_id": "",
                            "source_details.0.source_id": "ocid1.image.oc1.iad.aaaaaaaawufnve5jxze4xf7orejupw5iq3pms6cuadzjc7klojix6vmk42va",
                            "source_details.0.source_type": "image",
                            "state": "RUNNING",
                            "subnet_id": "ocid1.subnet.oc1.iad.aaaaaaaawfcej5fkryddqtioupqmuxwxdq4ph24lc6ztvyksidi4t3dtfqfa",
                            "time_created": "2019-08-06 18:57:15.691 +0000 UTC",
                            "time_maintenance_reboot_due": ""
                        },
                        "meta": {
                            "e2bfb730-ecaa-11e6-8f88-34363bc7c4c0": {
                                "create": 3600000000000,
                                "delete": 7200000000000,
                                "update": 7200000000000
                            }
                        },
                        "tainted": false
                    },
                    "deposed": [],
                    "provider": "provider.oci"
                },
                "oci_core_instance.compute_instance6": {
                    "type": "oci_core_instance",
                    "depends_on": [
                        "data.oci_identity_availability_domains.ads",
                        "data.template_file.init"
                    ],
                    "primary": {
                        "id": "ocid1.instance.oc1.iad.abuwcljrmolwigjtodt4o7vdepq4kr5ia2hbkclt5quu7q3ekud4wfofjira",
                        "attributes": {
                            "agent_config.#": "1",
                            "agent_config.0.is_monitoring_disabled": "false",
                            "availability_domain": "zseb:US-ASHBURN-AD-2",
                            "boot_volume_id": "ocid1.bootvolume.oc1.iad.abuwcljrp3zpkz7s3zwi2bhdnetbrvfyexpik5hz7nkzucaujp4qi2giideq",
                            "compartment_id": "ocid1.compartment.oc1..aaaaaaaanuakdrzf37fjsta4rcmt2qlnzgxhctapdhuigs7f4acfr6t5noja",
                            "create_vnic_details.#": "1",
                            "create_vnic_details.0.assign_public_ip": "false",
                            "create_vnic_details.0.defined_tags.%": "0",
                            "create_vnic_details.0.display_name": "db",
                            "create_vnic_details.0.freeform_tags.%": "0",
                            "create_vnic_details.0.hostname_label": "db",
                            "create_vnic_details.0.nsg_ids.#": "1",
                            "create_vnic_details.0.nsg_ids.3170932942": "ocid1.networksecuritygroup.oc1.iad.aaaaaaaag52mvi6cpvglnwwhia6kyrd54rjmdipwj4cqtxzeswyzsyybhstq",
                            "create_vnic_details.0.private_ip": "10.0.1.4",
                            "create_vnic_details.0.skip_source_dest_check": "false",
                            "create_vnic_details.0.subnet_id": "ocid1.subnet.oc1.iad.aaaaaaaawfcej5fkryddqtioupqmuxwxdq4ph24lc6ztvyksidi4t3dtfqfa",
                            "defined_tags.%": "0",
                            "display_name": "db_instance2",
                            "fault_domain": "FAULT-DOMAIN-2",
                            "freeform_tags.%": "0",
                            "hostname_label": "db",
                            "id": "ocid1.instance.oc1.iad.abuwcljrmolwigjtodt4o7vdepq4kr5ia2hbkclt5quu7q3ekud4wfofjira",
                            "image": "ocid1.image.oc1.iad.aaaaaaaawufnve5jxze4xf7orejupw5iq3pms6cuadzjc7klojix6vmk42va",
                            "launch_mode": "NATIVE",
                            "launch_options.#": "1",
                            "launch_options.0.boot_volume_type": "PARAVIRTUALIZED",
                            "launch_options.0.firmware": "UEFI_64",
                            "launch_options.0.is_consistent_volume_naming_enabled": "true",
                            "launch_options.0.is_pv_encryption_in_transit_enabled": "true",
                            "launch_options.0.network_type": "VFIO",
                            "launch_options.0.remote_data_volume_type": "PARAVIRTUALIZED",
                            "metadata.%": "2",
                            "metadata.ssh_authorized_keys": "ssh-rsa AAAAB3NzaC1yc2EAAAADAQABAAABAQDKlrm85/kMEuLlF2Sj5G3tKkck50Hy7bEKf1a4gThoYWD51lu8bp9VKp5M3Qy9vExRCRuPT/plJ+5+Kwic3BX/wsWsV5YRjeCY8SYt8kril4ygKhokaog+kGhsCtIk+ZamfoNLMTsJzVxa+njzoj9EkvvVPC/UZwbItf/cM7kYgt8sCRQ9BzETEOQrZ+rzXPDKMltZ37smLqN/OYTJRd0Kglglyf7WtGKsxgqtiHl2pRncQENb4V9vCW0KO3As97PugMHj7JuCw7Tm9bzqmHRlnKHK5gRaKtR9ts0Dq50JNixOrahvIwKhFPzJHJ3Lt++PWqu03CA+XXF40CKaECOL vinay-ssh",
                            "metadata.user_data": "IyEvYmluL2Jhc2ggLXgKZWNobyAnIyMjIyMjIyMjIyMjIyMjIyMjIyB1c2VyZGF0YSBiZWdpbnMgIyMjIyMjIyMjIyMjIyMjIyMjIyMjJwp0b3VjaCB+b3BjL3VzZXJkYXRhLmBkYXRlICslc2Auc3RhcnQKZWNobyAic3RhcnQiID4gL3RtcC9sb2cKIyBlY2hvICcjIyMjIyMjIyMjIHVwZGF0ZSB5dW0gcmVwb3MgIyMjIyMjIyMjIyMjIyMjJwpzdWRvIHl1bSBpbnN0YWxsIC15IHl1bS11dGlscyBkZXZpY2UtbWFwcGVyLXBlcnNpc3RlbnQtZGF0YSBsdm0yCnN1ZG8geXVtLWNvbmZpZy1tYW5hZ2VyIC0tYWRkLXJlcG8gaHR0cHM6Ly9kb3dubG9hZC5kb2NrZXIuY29tL2xpbnV4L2NlbnRvcy9kb2NrZXItY2UucmVwbwplY2hvICcjIyMjIyMjIyMjIGluc3RhbGwgYW5kIGVuYWJsZSBkb2NrZXIgICMjIyMjIyMjIyMjIyMjJwpzdWRvIHl1bSAteSBpbnN0YWxsIGRvY2tlci1jZQpzdWRvIHN5c3RlbWN0bCBzdGFydCBkb2NrZXIKc3VkbyBzeXN0ZW1jdGwgZW5hYmxlIGRvY2tlcgpzdWRvIHN5c3RlbWN0bCBzdGF0dXMgZG9ja2VyCmVjaG8gJyMjIyMjIyMjIyMjIyMjIyMjIyN1c2VyZGF0YSBlbmRzICMjIyMjIyMjIyMjIyMjIyMjIyMjIyMjJwo=",
                            "private_ip": "10.0.1.4",
                            "public_ip": "",
                            "region": "iad",
                            "shape": "VM.Standard2.1",
                            "source_details.#": "1",
                            "source_details.0.boot_volume_size_in_gbs": "47",
                            "source_details.0.kms_key_id": "",
                            "source_details.0.source_id": "ocid1.image.oc1.iad.aaaaaaaawufnve5jxze4xf7orejupw5iq3pms6cuadzjc7klojix6vmk42va",
                            "source_details.0.source_type": "image",
                            "state": "RUNNING",
                            "subnet_id": "ocid1.subnet.oc1.iad.aaaaaaaawfcej5fkryddqtioupqmuxwxdq4ph24lc6ztvyksidi4t3dtfqfa",
                            "time_created": "2019-08-06 18:57:15.651 +0000 UTC",
                            "time_maintenance_reboot_due": ""
                        },
                        "meta": {
                            "e2bfb730-ecaa-11e6-8f88-34363bc7c4c0": {
                                "create": 3600000000000,
                                "delete": 7200000000000,
                                "update": 7200000000000
                            }
                        },
                        "tainted": false
                    },
                    "deposed": [],
                    "provider": "provider.oci"
                }
            },
            "depends_on": []
        },
        {
            "path": [
                "root",
                "lb"
            ],
            "outputs": {},
            "resources": {
                "data.oci_identity_availability_domains.ads": {
                    "type": "oci_identity_availability_domains",
                    "depends_on": [],
                    "primary": {
                        "id": "2019-08-06 18:56:49.795408 +0000 UTC",
                        "attributes": {
                            "availability_domains.#": "3",
                            "availability_domains.0.compartment_id": "ocid1.tenancy.oc1..aaaaaaaa4pchyhewwxmynw4hniwnp5zngvkytedep4kz7n5pfbh5e6z6w7pq",
                            "availability_domains.0.id": "ocid1.availabilitydomain.oc1..aaaaaaaaztunlny6ae4yw2vghp5go2zceaonwp6wiioe3tnh2vlaxjjl2n3a",
                            "availability_domains.0.name": "zseb:US-ASHBURN-AD-1",
                            "availability_domains.1.compartment_id": "ocid1.tenancy.oc1..aaaaaaaa4pchyhewwxmynw4hniwnp5zngvkytedep4kz7n5pfbh5e6z6w7pq",
                            "availability_domains.1.id": "ocid1.availabilitydomain.oc1..aaaaaaaauvt2n7pijol7uqgdnnsoojcukrijtmcltvfwxazmitk235wyohta",
                            "availability_domains.1.name": "zseb:US-ASHBURN-AD-2",
                            "availability_domains.2.compartment_id": "ocid1.tenancy.oc1..aaaaaaaa4pchyhewwxmynw4hniwnp5zngvkytedep4kz7n5pfbh5e6z6w7pq",
                            "availability_domains.2.id": "ocid1.availabilitydomain.oc1..aaaaaaaatrwxaogr7dl4yschqtrmqrdv6uzis3mgbnomiagqrfhcb7mxsfdq",
                            "availability_domains.2.name": "zseb:US-ASHBURN-AD-3",
                            "compartment_id": "ocid1.tenancy.oc1..aaaaaaaa4pchyhewwxmynw4hniwnp5zngvkytedep4kz7n5pfbh5e6z6w7pq",
                            "id": "2019-08-06 18:56:49.795408 +0000 UTC"
                        },
                        "meta": {},
                        "tainted": false
                    },
                    "deposed": [],
                    "provider": "provider.oci"
                },
                "oci_load_balancer.lb1": {
                    "type": "oci_load_balancer",
                    "depends_on": [],
                    "primary": {
                        "id": "ocid1.loadbalancer.oc1.iad.aaaaaaaaxakkpkkpx5x6cqhfxxq54dz46xx63qv72pog3jr32rjy26w2joka",
                        "attributes": {
                            "compartment_id": "ocid1.compartment.oc1..aaaaaaaanuakdrzf37fjsta4rcmt2qlnzgxhctapdhuigs7f4acfr6t5noja",
                            "defined_tags.%": "0",
                            "display_name": "web-lb1",
                            "freeform_tags.%": "0",
                            "id": "ocid1.loadbalancer.oc1.iad.aaaaaaaaxakkpkkpx5x6cqhfxxq54dz46xx63qv72pog3jr32rjy26w2joka",
                            "ip_address_details.#": "1",
                            "ip_address_details.0.ip_address": "150.136.202.25",
                            "ip_address_details.0.is_public": "true",
                            "ip_addresses.#": "1",
                            "ip_addresses.0": "150.136.202.25",
                            "is_private": "false",
                            "network_security_group_ids.#": "1",
                            "network_security_group_ids.1527568847": "ocid1.networksecuritygroup.oc1.iad.aaaaaaaamvuypnh7hvegzpn7jdcfdab774toebglz2moee3mnsbglxsikvda",
                            "shape": "100Mbps",
                            "state": "ACTIVE",
                            "subnet_ids.#": "1",
                            "subnet_ids.0": "ocid1.subnet.oc1.iad.aaaaaaaa6t44riovumst7xtfwx237vgmxtlm4f27hqaxmzjvzqc3sfymiidq",
                            "time_created": "2019-08-06 18:57:14.532 +0000 UTC"
                        },
                        "meta": {
                            "e2bfb730-ecaa-11e6-8f88-34363bc7c4c0": {
                                "create": 900000000000,
                                "delete": 900000000000,
                                "update": 900000000000
                            }
                        },
                        "tainted": false
                    },
                    "deposed": [],
                    "provider": "provider.oci"
                },
                "oci_load_balancer.lb2": {
                    "type": "oci_load_balancer",
                    "depends_on": [],
                    "primary": {
                        "id": "ocid1.loadbalancer.oc1.iad.aaaaaaaakvckaw6tcyimo3266ahjk67ahffx535x4bovmyrczhr6n44i7ouq",
                        "attributes": {
                            "compartment_id": "ocid1.compartment.oc1..aaaaaaaanuakdrzf37fjsta4rcmt2qlnzgxhctapdhuigs7f4acfr6t5noja",
                            "defined_tags.%": "0",
                            "display_name": "app-lb1",
                            "freeform_tags.%": "0",
                            "id": "ocid1.loadbalancer.oc1.iad.aaaaaaaakvckaw6tcyimo3266ahjk67ahffx535x4bovmyrczhr6n44i7ouq",
                            "ip_address_details.#": "1",
                            "ip_address_details.0.ip_address": "10.0.1.8",
                            "ip_address_details.0.is_public": "false",
                            "ip_addresses.#": "1",
                            "ip_addresses.0": "10.0.1.8",
                            "is_private": "true",
                            "network_security_group_ids.#": "1",
                            "network_security_group_ids.3661368612": "ocid1.networksecuritygroup.oc1.iad.aaaaaaaa26qh7e7vacqnjwqenr5f3d7dcxps2rdnw5pc4m3nljrxidb5gaoa",
                            "shape": "100Mbps",
                            "state": "ACTIVE",
                            "subnet_ids.#": "1",
                            "subnet_ids.0": "ocid1.subnet.oc1.iad.aaaaaaaawfcej5fkryddqtioupqmuxwxdq4ph24lc6ztvyksidi4t3dtfqfa",
                            "time_created": "2019-08-06 18:57:14.973 +0000 UTC"
                        },
                        "meta": {
                            "e2bfb730-ecaa-11e6-8f88-34363bc7c4c0": {
                                "create": 900000000000,
                                "delete": 900000000000,
                                "update": 900000000000
                            }
                        },
                        "tainted": false
                    },
                    "deposed": [],
                    "provider": "provider.oci"
                },
                "oci_load_balancer_backend.lb-be1": {
                    "type": "oci_load_balancer_backend",
                    "depends_on": [
                        "oci_load_balancer.lb1",
                        "oci_load_balancer_backend_set.lb-bes1"
                    ],
                    "primary": {
                        "id": "loadBalancers/ocid1.loadbalancer.oc1.iad.aaaaaaaaxakkpkkpx5x6cqhfxxq54dz46xx63qv72pog3jr32rjy26w2joka/backendSets/lb-bes1/backends/10.0.0.2:9090",
                        "attributes": {
                            "backendset_name": "lb-bes1",
                            "backup": "false",
                            "drain": "false",
                            "id": "loadBalancers/ocid1.loadbalancer.oc1.iad.aaaaaaaaxakkpkkpx5x6cqhfxxq54dz46xx63qv72pog3jr32rjy26w2joka/backendSets/lb-bes1/backends/10.0.0.2:9090",
                            "ip_address": "10.0.0.2",
                            "load_balancer_id": "ocid1.loadbalancer.oc1.iad.aaaaaaaaxakkpkkpx5x6cqhfxxq54dz46xx63qv72pog3jr32rjy26w2joka",
                            "name": "10.0.0.2:9090",
                            "offline": "false",
                            "port": "9090",
                            "state": "SUCCEEDED",
                            "weight": "1"
                        },
                        "meta": {
                            "e2bfb730-ecaa-11e6-8f88-34363bc7c4c0": {
                                "create": 900000000000,
                                "delete": 900000000000,
                                "update": 900000000000
                            }
                        },
                        "tainted": false
                    },
                    "deposed": [],
                    "provider": "provider.oci"
                },
                "oci_load_balancer_backend.lb-be2": {
                    "type": "oci_load_balancer_backend",
                    "depends_on": [
                        "oci_load_balancer.lb1",
                        "oci_load_balancer_backend_set.lb-bes1"
                    ],
                    "primary": {
                        "id": "loadBalancers/ocid1.loadbalancer.oc1.iad.aaaaaaaaxakkpkkpx5x6cqhfxxq54dz46xx63qv72pog3jr32rjy26w2joka/backendSets/lb-bes1/backends/10.0.0.3:9090",
                        "attributes": {
                            "backendset_name": "lb-bes1",
                            "backup": "false",
                            "drain": "false",
                            "id": "loadBalancers/ocid1.loadbalancer.oc1.iad.aaaaaaaaxakkpkkpx5x6cqhfxxq54dz46xx63qv72pog3jr32rjy26w2joka/backendSets/lb-bes1/backends/10.0.0.3:9090",
                            "ip_address": "10.0.0.3",
                            "load_balancer_id": "ocid1.loadbalancer.oc1.iad.aaaaaaaaxakkpkkpx5x6cqhfxxq54dz46xx63qv72pog3jr32rjy26w2joka",
                            "name": "10.0.0.3:9090",
                            "offline": "false",
                            "port": "9090",
                            "state": "SUCCEEDED",
                            "weight": "1"
                        },
                        "meta": {
                            "e2bfb730-ecaa-11e6-8f88-34363bc7c4c0": {
                                "create": 900000000000,
                                "delete": 900000000000,
                                "update": 900000000000
                            }
                        },
                        "tainted": false
                    },
                    "deposed": [],
                    "provider": "provider.oci"
                },
                "oci_load_balancer_backend.lb-be3": {
                    "type": "oci_load_balancer_backend",
                    "depends_on": [
                        "oci_load_balancer.lb2",
                        "oci_load_balancer_backend_set.lb-bes2"
                    ],
                    "primary": {
                        "id": "loadBalancers/ocid1.loadbalancer.oc1.iad.aaaaaaaakvckaw6tcyimo3266ahjk67ahffx535x4bovmyrczhr6n44i7ouq/backendSets/lb-bes2/backends/10.0.1.2:3000",
                        "attributes": {
                            "backendset_name": "lb-bes2",
                            "backup": "false",
                            "drain": "false",
                            "id": "loadBalancers/ocid1.loadbalancer.oc1.iad.aaaaaaaakvckaw6tcyimo3266ahjk67ahffx535x4bovmyrczhr6n44i7ouq/backendSets/lb-bes2/backends/10.0.1.2:3000",
                            "ip_address": "10.0.1.2",
                            "load_balancer_id": "ocid1.loadbalancer.oc1.iad.aaaaaaaakvckaw6tcyimo3266ahjk67ahffx535x4bovmyrczhr6n44i7ouq",
                            "name": "10.0.1.2:3000",
                            "offline": "false",
                            "port": "3000",
                            "state": "SUCCEEDED",
                            "weight": "1"
                        },
                        "meta": {
                            "e2bfb730-ecaa-11e6-8f88-34363bc7c4c0": {
                                "create": 900000000000,
                                "delete": 900000000000,
                                "update": 900000000000
                            }
                        },
                        "tainted": false
                    },
                    "deposed": [],
                    "provider": "provider.oci"
                },
                "oci_load_balancer_backend.lb-be4": {
                    "type": "oci_load_balancer_backend",
                    "depends_on": [
                        "oci_load_balancer.lb2",
                        "oci_load_balancer_backend_set.lb-bes2"
                    ],
                    "primary": {
                        "id": "loadBalancers/ocid1.loadbalancer.oc1.iad.aaaaaaaakvckaw6tcyimo3266ahjk67ahffx535x4bovmyrczhr6n44i7ouq/backendSets/lb-bes2/backends/10.0.1.3:3000",
                        "attributes": {
                            "backendset_name": "lb-bes2",
                            "backup": "false",
                            "drain": "false",
                            "id": "loadBalancers/ocid1.loadbalancer.oc1.iad.aaaaaaaakvckaw6tcyimo3266ahjk67ahffx535x4bovmyrczhr6n44i7ouq/backendSets/lb-bes2/backends/10.0.1.3:3000",
                            "ip_address": "10.0.1.3",
                            "load_balancer_id": "ocid1.loadbalancer.oc1.iad.aaaaaaaakvckaw6tcyimo3266ahjk67ahffx535x4bovmyrczhr6n44i7ouq",
                            "name": "10.0.1.3:3000",
                            "offline": "false",
                            "port": "3000",
                            "state": "SUCCEEDED",
                            "weight": "1"
                        },
                        "meta": {
                            "e2bfb730-ecaa-11e6-8f88-34363bc7c4c0": {
                                "create": 900000000000,
                                "delete": 900000000000,
                                "update": 900000000000
                            }
                        },
                        "tainted": false
                    },
                    "deposed": [],
                    "provider": "provider.oci"
                },
                "oci_load_balancer_backend_set.lb-bes1": {
                    "type": "oci_load_balancer_backend_set",
                    "depends_on": [
                        "oci_load_balancer.lb1"
                    ],
                    "primary": {
                        "id": "loadBalancers/ocid1.loadbalancer.oc1.iad.aaaaaaaaxakkpkkpx5x6cqhfxxq54dz46xx63qv72pog3jr32rjy26w2joka/backendSets/lb-bes1",
                        "attributes": {
                            "backend.#": "0",
                            "health_checker.#": "1",
                            "health_checker.0.interval_ms": "1790000",
                            "health_checker.0.port": "5000",
                            "health_checker.0.protocol": "HTTP",
                            "health_checker.0.response_body_regex": ".*",
                            "health_checker.0.retries": "2147483646",
                            "health_checker.0.return_code": "200",
                            "health_checker.0.timeout_in_millis": "590000",
                            "health_checker.0.url_path": "/",
                            "id": "loadBalancers/ocid1.loadbalancer.oc1.iad.aaaaaaaaxakkpkkpx5x6cqhfxxq54dz46xx63qv72pog3jr32rjy26w2joka/backendSets/lb-bes1",
                            "lb_cookie_session_persistence_configuration.#": "0",
                            "load_balancer_id": "ocid1.loadbalancer.oc1.iad.aaaaaaaaxakkpkkpx5x6cqhfxxq54dz46xx63qv72pog3jr32rjy26w2joka",
                            "name": "lb-bes1",
                            "policy": "ROUND_ROBIN",
                            "session_persistence_configuration.#": "0",
                            "ssl_configuration.#": "0",
                            "state": "SUCCEEDED"
                        },
                        "meta": {
                            "e2bfb730-ecaa-11e6-8f88-34363bc7c4c0": {
                                "create": 900000000000,
                                "delete": 900000000000,
                                "update": 900000000000
                            }
                        },
                        "tainted": false
                    },
                    "deposed": [],
                    "provider": "provider.oci"
                },
                "oci_load_balancer_backend_set.lb-bes2": {
                    "type": "oci_load_balancer_backend_set",
                    "depends_on": [
                        "oci_load_balancer.lb2"
                    ],
                    "primary": {
                        "id": "loadBalancers/ocid1.loadbalancer.oc1.iad.aaaaaaaakvckaw6tcyimo3266ahjk67ahffx535x4bovmyrczhr6n44i7ouq/backendSets/lb-bes2",
                        "attributes": {
                            "backend.#": "0",
                            "health_checker.#": "1",
                            "health_checker.0.interval_ms": "1790000",
                            "health_checker.0.port": "3000",
                            "health_checker.0.protocol": "HTTP",
                            "health_checker.0.response_body_regex": ".*",
                            "health_checker.0.retries": "2147483646",
                            "health_checker.0.return_code": "200",
                            "health_checker.0.timeout_in_millis": "590000",
                            "health_checker.0.url_path": "/",
                            "id": "loadBalancers/ocid1.loadbalancer.oc1.iad.aaaaaaaakvckaw6tcyimo3266ahjk67ahffx535x4bovmyrczhr6n44i7ouq/backendSets/lb-bes2",
                            "lb_cookie_session_persistence_configuration.#": "0",
                            "load_balancer_id": "ocid1.loadbalancer.oc1.iad.aaaaaaaakvckaw6tcyimo3266ahjk67ahffx535x4bovmyrczhr6n44i7ouq",
                            "name": "lb-bes2",
                            "policy": "ROUND_ROBIN",
                            "session_persistence_configuration.#": "0",
                            "ssl_configuration.#": "0",
                            "state": "SUCCEEDED"
                        },
                        "meta": {
                            "e2bfb730-ecaa-11e6-8f88-34363bc7c4c0": {
                                "create": 900000000000,
                                "delete": 900000000000,
                                "update": 900000000000
                            }
                        },
                        "tainted": false
                    },
                    "deposed": [],
                    "provider": "provider.oci"
                },
                "oci_load_balancer_listener.lb-listener1": {
                    "type": "oci_load_balancer_listener",
                    "depends_on": [
                        "oci_load_balancer.lb1",
                        "oci_load_balancer_backend_set.lb-bes1"
                    ],
                    "primary": {
                        "id": "loadBalancers/ocid1.loadbalancer.oc1.iad.aaaaaaaaxakkpkkpx5x6cqhfxxq54dz46xx63qv72pog3jr32rjy26w2joka/listeners/http",
                        "attributes": {
                            "connection_configuration.#": "1",
                            "connection_configuration.0.idle_timeout_in_seconds": "60",
                            "default_backend_set_name": "lb-bes1",
                            "hostname_names.#": "0",
                            "id": "loadBalancers/ocid1.loadbalancer.oc1.iad.aaaaaaaaxakkpkkpx5x6cqhfxxq54dz46xx63qv72pog3jr32rjy26w2joka/listeners/http",
                            "load_balancer_id": "ocid1.loadbalancer.oc1.iad.aaaaaaaaxakkpkkpx5x6cqhfxxq54dz46xx63qv72pog3jr32rjy26w2joka",
                            "name": "http",
                            "port": "80",
                            "protocol": "HTTP",
                            "rule_set_names.#": "0",
                            "ssl_configuration.#": "0",
                            "state": "SUCCEEDED"
                        },
                        "meta": {
                            "e2bfb730-ecaa-11e6-8f88-34363bc7c4c0": {
                                "create": 900000000000,
                                "delete": 900000000000,
                                "update": 900000000000
                            }
                        },
                        "tainted": false
                    },
                    "deposed": [],
                    "provider": "provider.oci"
                },
                "oci_load_balancer_listener.lb-listener2": {
                    "type": "oci_load_balancer_listener",
                    "depends_on": [
                        "oci_load_balancer.lb2",
                        "oci_load_balancer_backend_set.lb-bes2"
                    ],
                    "primary": {
                        "id": "loadBalancers/ocid1.loadbalancer.oc1.iad.aaaaaaaakvckaw6tcyimo3266ahjk67ahffx535x4bovmyrczhr6n44i7ouq/listeners/tcp",
                        "attributes": {
                            "connection_configuration.#": "1",
                            "connection_configuration.0.idle_timeout_in_seconds": "300",
                            "default_backend_set_name": "lb-bes2",
                            "hostname_names.#": "0",
                            "id": "loadBalancers/ocid1.loadbalancer.oc1.iad.aaaaaaaakvckaw6tcyimo3266ahjk67ahffx535x4bovmyrczhr6n44i7ouq/listeners/tcp",
                            "load_balancer_id": "ocid1.loadbalancer.oc1.iad.aaaaaaaakvckaw6tcyimo3266ahjk67ahffx535x4bovmyrczhr6n44i7ouq",
                            "name": "tcp",
                            "port": "3000",
                            "protocol": "TCP",
                            "rule_set_names.#": "0",
                            "ssl_configuration.#": "0",
                            "state": "SUCCEEDED"
                        },
                        "meta": {
                            "e2bfb730-ecaa-11e6-8f88-34363bc7c4c0": {
                                "create": 900000000000,
                                "delete": 900000000000,
                                "update": 900000000000
                            }
                        },
                        "tainted": false
                    },
                    "deposed": [],
                    "provider": "provider.oci"
                }
            },
            "depends_on": []
        },
        {
            "path": [
                "root",
                "vcn"
            ],
            "outputs": {
                "nsg_app_ocid": {
                    "sensitive": false,
                    "type": "string",
                    "value": "ocid1.networksecuritygroup.oc1.iad.aaaaaaaa26qh7e7vacqnjwqenr5f3d7dcxps2rdnw5pc4m3nljrxidb5gaoa"
                },
                "nsg_db_ocid": {
                    "sensitive": false,
                    "type": "string",
                    "value": "ocid1.networksecuritygroup.oc1.iad.aaaaaaaag52mvi6cpvglnwwhia6kyrd54rjmdipwj4cqtxzeswyzsyybhstq"
                },
                "nsg_web_ocid": {
                    "sensitive": false,
                    "type": "string",
                    "value": "ocid1.networksecuritygroup.oc1.iad.aaaaaaaamvuypnh7hvegzpn7jdcfdab774toebglz2moee3mnsbglxsikvda"
                },
                "subnet1_ocid": {
                    "sensitive": false,
                    "type": "string",
                    "value": "ocid1.subnet.oc1.iad.aaaaaaaa6t44riovumst7xtfwx237vgmxtlm4f27hqaxmzjvzqc3sfymiidq"
                },
                "subnet2_ocid": {
                    "sensitive": false,
                    "type": "string",
                    "value": "ocid1.subnet.oc1.iad.aaaaaaaawfcej5fkryddqtioupqmuxwxdq4ph24lc6ztvyksidi4t3dtfqfa"
                }
            },
            "resources": {
                "data.oci_identity_availability_domains.ads": {
                    "type": "oci_identity_availability_domains",
                    "depends_on": [],
                    "primary": {
                        "id": "2019-08-06 18:56:49.806701 +0000 UTC",
                        "attributes": {
                            "availability_domains.#": "3",
                            "availability_domains.0.compartment_id": "ocid1.tenancy.oc1..aaaaaaaa4pchyhewwxmynw4hniwnp5zngvkytedep4kz7n5pfbh5e6z6w7pq",
                            "availability_domains.0.id": "ocid1.availabilitydomain.oc1..aaaaaaaaztunlny6ae4yw2vghp5go2zceaonwp6wiioe3tnh2vlaxjjl2n3a",
                            "availability_domains.0.name": "zseb:US-ASHBURN-AD-1",
                            "availability_domains.1.compartment_id": "ocid1.tenancy.oc1..aaaaaaaa4pchyhewwxmynw4hniwnp5zngvkytedep4kz7n5pfbh5e6z6w7pq",
                            "availability_domains.1.id": "ocid1.availabilitydomain.oc1..aaaaaaaauvt2n7pijol7uqgdnnsoojcukrijtmcltvfwxazmitk235wyohta",
                            "availability_domains.1.name": "zseb:US-ASHBURN-AD-2",
                            "availability_domains.2.compartment_id": "ocid1.tenancy.oc1..aaaaaaaa4pchyhewwxmynw4hniwnp5zngvkytedep4kz7n5pfbh5e6z6w7pq",
                            "availability_domains.2.id": "ocid1.availabilitydomain.oc1..aaaaaaaatrwxaogr7dl4yschqtrmqrdv6uzis3mgbnomiagqrfhcb7mxsfdq",
                            "availability_domains.2.name": "zseb:US-ASHBURN-AD-3",
                            "compartment_id": "ocid1.tenancy.oc1..aaaaaaaa4pchyhewwxmynw4hniwnp5zngvkytedep4kz7n5pfbh5e6z6w7pq",
                            "id": "2019-08-06 18:56:49.806701 +0000 UTC"
                        },
                        "meta": {},
                        "tainted": false
                    },
                    "deposed": [],
                    "provider": "provider.oci"
                },
                "oci_core_internet_gateway.ig": {
                    "type": "oci_core_internet_gateway",
                    "depends_on": [
                        "oci_core_virtual_network.vcn"
                    ],
                    "primary": {
                        "id": "ocid1.internetgateway.oc1.iad.aaaaaaaa4jyvgs4772dmsjdppdvu4wzi77elnwyjp5yrexzopepwtmoh5e6a",
                        "attributes": {
                            "compartment_id": "ocid1.compartment.oc1..aaaaaaaanuakdrzf37fjsta4rcmt2qlnzgxhctapdhuigs7f4acfr6t5noja",
                            "defined_tags.%": "0",
                            "display_name": "ig-gateway",
                            "enabled": "true",
                            "freeform_tags.%": "0",
                            "id": "ocid1.internetgateway.oc1.iad.aaaaaaaa4jyvgs4772dmsjdppdvu4wzi77elnwyjp5yrexzopepwtmoh5e6a",
                            "state": "AVAILABLE",
                            "time_created": "2019-08-06 18:57:07.421 +0000 UTC",
                            "vcn_id": "ocid1.vcn.oc1.iad.aaaaaaaaxoxv7hbkd37lgzcmejuwnzgh5bnhdxbgbyhjinrgsw3mkd3sygha"
                        },
                        "meta": {
                            "e2bfb730-ecaa-11e6-8f88-34363bc7c4c0": {
                                "create": 900000000000,
                                "delete": 900000000000,
                                "update": 900000000000
                            }
                        },
                        "tainted": false
                    },
                    "deposed": [],
                    "provider": "provider.oci"
                },
                "oci_core_nat_gateway.ngw": {
                    "type": "oci_core_nat_gateway",
                    "depends_on": [
                        "oci_core_virtual_network.vcn"
                    ],
                    "primary": {
                        "id": "ocid1.natgateway.oc1.iad.aaaaaaaap5lbsyhml6efdjukgc75ludfqlit3lbvpjdmzd4tkjvc55ae7iha",
                        "attributes": {
                            "block_traffic": "false",
                            "compartment_id": "ocid1.compartment.oc1..aaaaaaaanuakdrzf37fjsta4rcmt2qlnzgxhctapdhuigs7f4acfr6t5noja",
                            "defined_tags.%": "0",
                            "display_name": "ngw",
                            "freeform_tags.%": "0",
                            "id": "ocid1.natgateway.oc1.iad.aaaaaaaap5lbsyhml6efdjukgc75ludfqlit3lbvpjdmzd4tkjvc55ae7iha",
                            "nat_ip": "129.213.174.68",
                            "state": "AVAILABLE",
                            "time_created": "2019-08-06 18:57:07.237 +0000 UTC",
                            "vcn_id": "ocid1.vcn.oc1.iad.aaaaaaaaxoxv7hbkd37lgzcmejuwnzgh5bnhdxbgbyhjinrgsw3mkd3sygha"
                        },
                        "meta": {
                            "e2bfb730-ecaa-11e6-8f88-34363bc7c4c0": {
                                "create": 900000000000,
                                "delete": 900000000000,
                                "update": 900000000000
                            }
                        },
                        "tainted": false
                    },
                    "deposed": [],
                    "provider": "provider.oci"
                },
                "oci_core_network_security_group.App": {
                    "type": "oci_core_network_security_group",
                    "depends_on": [
                        "oci_core_virtual_network.vcn"
                    ],
                    "primary": {
                        "id": "ocid1.networksecuritygroup.oc1.iad.aaaaaaaa26qh7e7vacqnjwqenr5f3d7dcxps2rdnw5pc4m3nljrxidb5gaoa",
                        "attributes": {
                            "compartment_id": "ocid1.compartment.oc1..aaaaaaaanuakdrzf37fjsta4rcmt2qlnzgxhctapdhuigs7f4acfr6t5noja",
                            "defined_tags.%": "0",
                            "display_name": "App NSG",
                            "freeform_tags.%": "0",
                            "id": "ocid1.networksecuritygroup.oc1.iad.aaaaaaaa26qh7e7vacqnjwqenr5f3d7dcxps2rdnw5pc4m3nljrxidb5gaoa",
                            "state": "AVAILABLE",
                            "time_created": "2019-08-06 18:57:07.703 +0000 UTC",
                            "vcn_id": "ocid1.vcn.oc1.iad.aaaaaaaaxoxv7hbkd37lgzcmejuwnzgh5bnhdxbgbyhjinrgsw3mkd3sygha"
                        },
                        "meta": {
                            "e2bfb730-ecaa-11e6-8f88-34363bc7c4c0": {
                                "create": 900000000000,
                                "delete": 900000000000,
                                "update": 900000000000
                            }
                        },
                        "tainted": false
                    },
                    "deposed": [],
                    "provider": "provider.oci"
                },
                "oci_core_network_security_group.DB": {
                    "type": "oci_core_network_security_group",
                    "depends_on": [
                        "oci_core_virtual_network.vcn"
                    ],
                    "primary": {
                        "id": "ocid1.networksecuritygroup.oc1.iad.aaaaaaaag52mvi6cpvglnwwhia6kyrd54rjmdipwj4cqtxzeswyzsyybhstq",
                        "attributes": {
                            "compartment_id": "ocid1.compartment.oc1..aaaaaaaanuakdrzf37fjsta4rcmt2qlnzgxhctapdhuigs7f4acfr6t5noja",
                            "defined_tags.%": "0",
                            "display_name": "DB NSG",
                            "freeform_tags.%": "0",
                            "id": "ocid1.networksecuritygroup.oc1.iad.aaaaaaaag52mvi6cpvglnwwhia6kyrd54rjmdipwj4cqtxzeswyzsyybhstq",
                            "state": "AVAILABLE",
                            "time_created": "2019-08-06 18:57:07.457 +0000 UTC",
                            "vcn_id": "ocid1.vcn.oc1.iad.aaaaaaaaxoxv7hbkd37lgzcmejuwnzgh5bnhdxbgbyhjinrgsw3mkd3sygha"
                        },
                        "meta": {
                            "e2bfb730-ecaa-11e6-8f88-34363bc7c4c0": {
                                "create": 900000000000,
                                "delete": 900000000000,
                                "update": 900000000000
                            }
                        },
                        "tainted": false
                    },
                    "deposed": [],
                    "provider": "provider.oci"
                },
                "oci_core_network_security_group.Web": {
                    "type": "oci_core_network_security_group",
                    "depends_on": [
                        "oci_core_virtual_network.vcn"
                    ],
                    "primary": {
                        "id": "ocid1.networksecuritygroup.oc1.iad.aaaaaaaamvuypnh7hvegzpn7jdcfdab774toebglz2moee3mnsbglxsikvda",
                        "attributes": {
                            "compartment_id": "ocid1.compartment.oc1..aaaaaaaanuakdrzf37fjsta4rcmt2qlnzgxhctapdhuigs7f4acfr6t5noja",
                            "defined_tags.%": "0",
                            "display_name": "Web NSG",
                            "freeform_tags.%": "0",
                            "id": "ocid1.networksecuritygroup.oc1.iad.aaaaaaaamvuypnh7hvegzpn7jdcfdab774toebglz2moee3mnsbglxsikvda",
                            "state": "AVAILABLE",
                            "time_created": "2019-08-06 18:57:08.083 +0000 UTC",
                            "vcn_id": "ocid1.vcn.oc1.iad.aaaaaaaaxoxv7hbkd37lgzcmejuwnzgh5bnhdxbgbyhjinrgsw3mkd3sygha"
                        },
                        "meta": {
                            "e2bfb730-ecaa-11e6-8f88-34363bc7c4c0": {
                                "create": 900000000000,
                                "delete": 900000000000,
                                "update": 900000000000
                            }
                        },
                        "tainted": false
                    },
                    "deposed": [],
                    "provider": "provider.oci"
                },
                "oci_core_network_security_group_security_rule.App2db": {
                    "type": "oci_core_network_security_group_security_rule",
                    "depends_on": [
                        "oci_core_network_security_group.App",
                        "oci_core_network_security_group.DB"
                    ],
                    "primary": {
                        "id": "810300",
                        "attributes": {
                            "description": "Allow Egress to DB NSG",
                            "destination": "ocid1.networksecuritygroup.oc1.iad.aaaaaaaag52mvi6cpvglnwwhia6kyrd54rjmdipwj4cqtxzeswyzsyybhstq",
                            "destination_type": "NETWORK_SECURITY_GROUP",
                            "direction": "EGRESS",
                            "icmp_options.#": "0",
                            "id": "810300",
                            "is_valid": "true",
                            "network_security_group_id": "ocid1.networksecuritygroup.oc1.iad.aaaaaaaa26qh7e7vacqnjwqenr5f3d7dcxps2rdnw5pc4m3nljrxidb5gaoa",
                            "protocol": "6",
                            "source_type": "",
                            "tcp_options.#": "1",
                            "tcp_options.0.destination_port_range.#": "1",
                            "tcp_options.0.destination_port_range.0.max": "3306",
                            "tcp_options.0.destination_port_range.0.min": "3306",
                            "tcp_options.0.source_port_range.#": "0",
                            "time_created": "2019-08-06 18:57:08.088 +0000 UTC",
                            "udp_options.#": "0"
                        },
                        "meta": {
                            "e2bfb730-ecaa-11e6-8f88-34363bc7c4c0": {
                                "create": 900000000000,
                                "delete": 900000000000,
                                "update": 900000000000
                            }
                        },
                        "tainted": false
                    },
                    "deposed": [],
                    "provider": "provider.oci"
                },
                "oci_core_network_security_group_security_rule.App2db1": {
                    "type": "oci_core_network_security_group_security_rule",
                    "depends_on": [
                        "oci_core_network_security_group.App",
                        "oci_core_network_security_group.DB"
                    ],
                    "primary": {
                        "id": "44B801",
                        "attributes": {
                            "description": "Allow Ingress from App NSG",
                            "destination_type": "",
                            "direction": "INGRESS",
                            "icmp_options.#": "0",
                            "id": "44B801",
                            "is_valid": "true",
                            "network_security_group_id": "ocid1.networksecuritygroup.oc1.iad.aaaaaaaag52mvi6cpvglnwwhia6kyrd54rjmdipwj4cqtxzeswyzsyybhstq",
                            "protocol": "6",
                            "source": "ocid1.networksecuritygroup.oc1.iad.aaaaaaaa26qh7e7vacqnjwqenr5f3d7dcxps2rdnw5pc4m3nljrxidb5gaoa",
                            "source_type": "NETWORK_SECURITY_GROUP",
                            "tcp_options.#": "1",
                            "tcp_options.0.destination_port_range.#": "1",
                            "tcp_options.0.destination_port_range.0.max": "3306",
                            "tcp_options.0.destination_port_range.0.min": "3306",
                            "tcp_options.0.source_port_range.#": "0",
                            "time_created": "2019-08-06 18:57:08.09 +0000 UTC",
                            "udp_options.#": "0"
                        },
                        "meta": {
                            "e2bfb730-ecaa-11e6-8f88-34363bc7c4c0": {
                                "create": 900000000000,
                                "delete": 900000000000,
                                "update": 900000000000
                            }
                        },
                        "tainted": false
                    },
                    "deposed": [],
                    "provider": "provider.oci"
                },
                "oci_core_network_security_group_security_rule.https": {
                    "type": "oci_core_network_security_group_security_rule",
                    "depends_on": [
                        "oci_core_network_security_group.Web"
                    ],
                    "primary": {
                        "id": "440283",
                        "attributes": {
                            "description": "HTTPS",
                            "destination_type": "",
                            "direction": "INGRESS",
                            "icmp_options.#": "0",
                            "id": "440283",
                            "is_valid": "true",
                            "network_security_group_id": "ocid1.networksecuritygroup.oc1.iad.aaaaaaaamvuypnh7hvegzpn7jdcfdab774toebglz2moee3mnsbglxsikvda",
                            "protocol": "6",
                            "source": "0.0.0.0/0",
                            "source_type": "CIDR_BLOCK",
                            "tcp_options.#": "1",
                            "tcp_options.0.destination_port_range.#": "1",
                            "tcp_options.0.destination_port_range.0.max": "80",
                            "tcp_options.0.destination_port_range.0.min": "80",
                            "tcp_options.0.source_port_range.#": "0",
                            "time_created": "2019-08-06 18:57:08.62 +0000 UTC",
                            "udp_options.#": "0"
                        },
                        "meta": {
                            "e2bfb730-ecaa-11e6-8f88-34363bc7c4c0": {
                                "create": 900000000000,
                                "delete": 900000000000,
                                "update": 900000000000
                            }
                        },
                        "tainted": false
                    },
                    "deposed": [],
                    "provider": "provider.oci"
                },
                "oci_core_network_security_group_security_rule.web2app": {
                    "type": "oci_core_network_security_group_security_rule",
                    "depends_on": [
                        "oci_core_network_security_group.App",
                        "oci_core_network_security_group.Web"
                    ],
                    "primary": {
                        "id": "162024",
                        "attributes": {
                            "description": "Allow Egress to App NSG",
                            "destination": "ocid1.networksecuritygroup.oc1.iad.aaaaaaaa26qh7e7vacqnjwqenr5f3d7dcxps2rdnw5pc4m3nljrxidb5gaoa",
                            "destination_type": "NETWORK_SECURITY_GROUP",
                            "direction": "EGRESS",
                            "icmp_options.#": "0",
                            "id": "162024",
                            "is_valid": "true",
                            "network_security_group_id": "ocid1.networksecuritygroup.oc1.iad.aaaaaaaamvuypnh7hvegzpn7jdcfdab774toebglz2moee3mnsbglxsikvda",
                            "protocol": "6",
                            "source_type": "",
                            "tcp_options.#": "1",
                            "tcp_options.0.destination_port_range.#": "1",
                            "tcp_options.0.destination_port_range.0.max": "3000",
                            "tcp_options.0.destination_port_range.0.min": "3000",
                            "tcp_options.0.source_port_range.#": "0",
                            "time_created": "2019-08-06 18:57:08.521 +0000 UTC",
                            "udp_options.#": "0"
                        },
                        "meta": {
                            "e2bfb730-ecaa-11e6-8f88-34363bc7c4c0": {
                                "create": 900000000000,
                                "delete": 900000000000,
                                "update": 900000000000
                            }
                        },
                        "tainted": false
                    },
                    "deposed": [],
                    "provider": "provider.oci"
                },
                "oci_core_network_security_group_security_rule.web2app1": {
                    "type": "oci_core_network_security_group_security_rule",
                    "depends_on": [
                        "oci_core_network_security_group.App",
                        "oci_core_network_security_group.Web"
                    ],
                    "primary": {
                        "id": "0D114A",
                        "attributes": {
                            "description": "Allow Ingress to App NSG",
                            "destination_type": "",
                            "direction": "INGRESS",
                            "icmp_options.#": "0",
                            "id": "0D114A",
                            "is_valid": "true",
                            "network_security_group_id": "ocid1.networksecuritygroup.oc1.iad.aaaaaaaa26qh7e7vacqnjwqenr5f3d7dcxps2rdnw5pc4m3nljrxidb5gaoa",
                            "protocol": "6",
                            "source": "ocid1.networksecuritygroup.oc1.iad.aaaaaaaamvuypnh7hvegzpn7jdcfdab774toebglz2moee3mnsbglxsikvda",
                            "source_type": "NETWORK_SECURITY_GROUP",
                            "tcp_options.#": "1",
                            "tcp_options.0.destination_port_range.#": "1",
                            "tcp_options.0.destination_port_range.0.max": "3000",
                            "tcp_options.0.destination_port_range.0.min": "3000",
                            "tcp_options.0.source_port_range.#": "0",
                            "time_created": "2019-08-06 18:57:08.506 +0000 UTC",
                            "udp_options.#": "0"
                        },
                        "meta": {
                            "e2bfb730-ecaa-11e6-8f88-34363bc7c4c0": {
                                "create": 900000000000,
                                "delete": 900000000000,
                                "update": 900000000000
                            }
                        },
                        "tainted": false
                    },
                    "deposed": [],
                    "provider": "provider.oci"
                },
                "oci_core_route_table.private_rt1": {
                    "type": "oci_core_route_table",
                    "depends_on": [
                        "oci_core_nat_gateway.ngw",
                        "oci_core_virtual_network.vcn"
                    ],
                    "primary": {
                        "id": "ocid1.routetable.oc1.iad.aaaaaaaae2s2tasgq6xafqvwptaqklxmhcmfbqfgd72ofjnlhi6pvhulwpha",
                        "attributes": {
                            "compartment_id": "ocid1.compartment.oc1..aaaaaaaanuakdrzf37fjsta4rcmt2qlnzgxhctapdhuigs7f4acfr6t5noja",
                            "defined_tags.%": "0",
                            "display_name": "private_rt1",
                            "freeform_tags.%": "0",
                            "id": "ocid1.routetable.oc1.iad.aaaaaaaae2s2tasgq6xafqvwptaqklxmhcmfbqfgd72ofjnlhi6pvhulwpha",
                            "route_rules.#": "1",
                            "route_rules.2972758048.cidr_block": "",
                            "route_rules.2972758048.destination": "0.0.0.0/0",
                            "route_rules.2972758048.destination_type": "CIDR_BLOCK",
                            "route_rules.2972758048.network_entity_id": "ocid1.natgateway.oc1.iad.aaaaaaaap5lbsyhml6efdjukgc75ludfqlit3lbvpjdmzd4tkjvc55ae7iha",
                            "state": "AVAILABLE",
                            "time_created": "2019-08-06 18:57:08.379 +0000 UTC",
                            "vcn_id": "ocid1.vcn.oc1.iad.aaaaaaaaxoxv7hbkd37lgzcmejuwnzgh5bnhdxbgbyhjinrgsw3mkd3sygha"
                        },
                        "meta": {
                            "e2bfb730-ecaa-11e6-8f88-34363bc7c4c0": {
                                "create": 900000000000,
                                "delete": 900000000000,
                                "update": 900000000000
                            }
                        },
                        "tainted": false
                    },
                    "deposed": [],
                    "provider": "provider.oci"
                },
                "oci_core_route_table.rt": {
                    "type": "oci_core_route_table",
                    "depends_on": [
                        "oci_core_internet_gateway.ig",
                        "oci_core_virtual_network.vcn"
                    ],
                    "primary": {
                        "id": "ocid1.routetable.oc1.iad.aaaaaaaaiyouds2qnfq4qeua6sohacc2ixhobnmvsv6zndfxnbxl3jykjn3a",
                        "attributes": {
                            "compartment_id": "ocid1.compartment.oc1..aaaaaaaanuakdrzf37fjsta4rcmt2qlnzgxhctapdhuigs7f4acfr6t5noja",
                            "defined_tags.%": "0",
                            "display_name": "rt",
                            "freeform_tags.%": "0",
                            "id": "ocid1.routetable.oc1.iad.aaaaaaaaiyouds2qnfq4qeua6sohacc2ixhobnmvsv6zndfxnbxl3jykjn3a",
                            "route_rules.#": "1",
                            "route_rules.2566431764.cidr_block": "",
                            "route_rules.2566431764.destination": "0.0.0.0/0",
                            "route_rules.2566431764.destination_type": "CIDR_BLOCK",
                            "route_rules.2566431764.network_entity_id": "ocid1.internetgateway.oc1.iad.aaaaaaaa4jyvgs4772dmsjdppdvu4wzi77elnwyjp5yrexzopepwtmoh5e6a",
                            "state": "AVAILABLE",
                            "time_created": "2019-08-06 18:57:08.05 +0000 UTC",
                            "vcn_id": "ocid1.vcn.oc1.iad.aaaaaaaaxoxv7hbkd37lgzcmejuwnzgh5bnhdxbgbyhjinrgsw3mkd3sygha"
                        },
                        "meta": {
                            "e2bfb730-ecaa-11e6-8f88-34363bc7c4c0": {
                                "create": 900000000000,
                                "delete": 900000000000,
                                "update": 900000000000
                            }
                        },
                        "tainted": false
                    },
                    "deposed": [],
                    "provider": "provider.oci"
                },
                "oci_core_security_list.sl": {
                    "type": "oci_core_security_list",
                    "depends_on": [
                        "oci_core_virtual_network.vcn"
                    ],
                    "primary": {
                        "id": "ocid1.securitylist.oc1.iad.aaaaaaaayn7viv4eqqannweyj6aa457lgn42xgbos6qeitpbf5cg5ckbgila",
                        "attributes": {
                            "compartment_id": "ocid1.compartment.oc1..aaaaaaaanuakdrzf37fjsta4rcmt2qlnzgxhctapdhuigs7f4acfr6t5noja",
                            "defined_tags.%": "0",
                            "display_name": "sl",
                            "egress_security_rules.#": "1",
                            "egress_security_rules.1582479153.destination": "0.0.0.0/0",
                            "egress_security_rules.1582479153.destination_type": "CIDR_BLOCK",
                            "egress_security_rules.1582479153.icmp_options.#": "0",
                            "egress_security_rules.1582479153.protocol": "all",
                            "egress_security_rules.1582479153.stateless": "false",
                            "egress_security_rules.1582479153.tcp_options.#": "0",
                            "egress_security_rules.1582479153.udp_options.#": "0",
                            "freeform_tags.%": "0",
                            "id": "ocid1.securitylist.oc1.iad.aaaaaaaayn7viv4eqqannweyj6aa457lgn42xgbos6qeitpbf5cg5ckbgila",
                            "ingress_security_rules.#": "1",
                            "ingress_security_rules.47193274.icmp_options.#": "0",
                            "ingress_security_rules.47193274.protocol": "6",
                            "ingress_security_rules.47193274.source": "0.0.0.0/0",
                            "ingress_security_rules.47193274.source_type": "CIDR_BLOCK",
                            "ingress_security_rules.47193274.stateless": "false",
                            "ingress_security_rules.47193274.tcp_options.#": "1",
                            "ingress_security_rules.47193274.tcp_options.0.max": "22",
                            "ingress_security_rules.47193274.tcp_options.0.min": "22",
                            "ingress_security_rules.47193274.tcp_options.0.source_port_range.#": "0",
                            "ingress_security_rules.47193274.udp_options.#": "0",
                            "state": "AVAILABLE",
                            "time_created": "2019-08-06 18:57:07.441 +0000 UTC",
                            "vcn_id": "ocid1.vcn.oc1.iad.aaaaaaaaxoxv7hbkd37lgzcmejuwnzgh5bnhdxbgbyhjinrgsw3mkd3sygha"
                        },
                        "meta": {
                            "e2bfb730-ecaa-11e6-8f88-34363bc7c4c0": {
                                "create": 900000000000,
                                "delete": 900000000000,
                                "update": 900000000000
                            }
                        },
                        "tainted": false
                    },
                    "deposed": [],
                    "provider": "provider.oci"
                },
                "oci_core_subnet.private-subnet": {
                    "type": "oci_core_subnet",
                    "depends_on": [
                        "oci_core_route_table.private_rt1",
                        "oci_core_security_list.sl",
                        "oci_core_virtual_network.vcn"
                    ],
                    "primary": {
                        "id": "ocid1.subnet.oc1.iad.aaaaaaaawfcej5fkryddqtioupqmuxwxdq4ph24lc6ztvyksidi4t3dtfqfa",
                        "attributes": {
                            "cidr_block": "10.0.1.0/24",
                            "compartment_id": "ocid1.compartment.oc1..aaaaaaaanuakdrzf37fjsta4rcmt2qlnzgxhctapdhuigs7f4acfr6t5noja",
                            "defined_tags.%": "0",
                            "dhcp_options_id": "ocid1.dhcpoptions.oc1.iad.aaaaaaaakhvm4ywucaru3mtfbccjp4ob677rcmfjcxkaeylfyee4kkvygybq",
                            "display_name": "private-subnet",
                            "dns_label": "privatesubnet",
                            "freeform_tags.%": "0",
                            "id": "ocid1.subnet.oc1.iad.aaaaaaaawfcej5fkryddqtioupqmuxwxdq4ph24lc6ztvyksidi4t3dtfqfa",
                            "prohibit_public_ip_on_vnic": "true",
                            "route_table_id": "ocid1.routetable.oc1.iad.aaaaaaaae2s2tasgq6xafqvwptaqklxmhcmfbqfgd72ofjnlhi6pvhulwpha",
                            "security_list_ids.#": "1",
                            "security_list_ids.2304386109": "ocid1.securitylist.oc1.iad.aaaaaaaayn7viv4eqqannweyj6aa457lgn42xgbos6qeitpbf5cg5ckbgila",
                            "state": "AVAILABLE",
                            "subnet_domain_name": "privatesubnet.tiernetwork.oraclevcn.com",
                            "time_created": "2019-08-06 18:57:08.883 +0000 UTC",
                            "vcn_id": "ocid1.vcn.oc1.iad.aaaaaaaaxoxv7hbkd37lgzcmejuwnzgh5bnhdxbgbyhjinrgsw3mkd3sygha",
                            "virtual_router_ip": "10.0.1.1",
                            "virtual_router_mac": "00:00:17:E8:0C:0C"
                        },
                        "meta": {
                            "e2bfb730-ecaa-11e6-8f88-34363bc7c4c0": {
                                "create": 900000000000,
                                "delete": 900000000000,
                                "update": 900000000000
                            }
                        },
                        "tainted": false
                    },
                    "deposed": [],
                    "provider": "provider.oci"
                },
                "oci_core_subnet.public-subnet": {
                    "type": "oci_core_subnet",
                    "depends_on": [
                        "oci_core_route_table.rt",
                        "oci_core_security_list.sl",
                        "oci_core_virtual_network.vcn"
                    ],
                    "primary": {
                        "id": "ocid1.subnet.oc1.iad.aaaaaaaa6t44riovumst7xtfwx237vgmxtlm4f27hqaxmzjvzqc3sfymiidq",
                        "attributes": {
                            "cidr_block": "10.0.0.0/24",
                            "compartment_id": "ocid1.compartment.oc1..aaaaaaaanuakdrzf37fjsta4rcmt2qlnzgxhctapdhuigs7f4acfr6t5noja",
                            "defined_tags.%": "0",
                            "dhcp_options_id": "ocid1.dhcpoptions.oc1.iad.aaaaaaaakhvm4ywucaru3mtfbccjp4ob677rcmfjcxkaeylfyee4kkvygybq",
                            "display_name": "subnet_ad1",
                            "dns_label": "publicsubnet",
                            "freeform_tags.%": "0",
                            "id": "ocid1.subnet.oc1.iad.aaaaaaaa6t44riovumst7xtfwx237vgmxtlm4f27hqaxmzjvzqc3sfymiidq",
                            "prohibit_public_ip_on_vnic": "false",
                            "route_table_id": "ocid1.routetable.oc1.iad.aaaaaaaaiyouds2qnfq4qeua6sohacc2ixhobnmvsv6zndfxnbxl3jykjn3a",
                            "security_list_ids.#": "1",
                            "security_list_ids.2304386109": "ocid1.securitylist.oc1.iad.aaaaaaaayn7viv4eqqannweyj6aa457lgn42xgbos6qeitpbf5cg5ckbgila",
                            "state": "AVAILABLE",
                            "subnet_domain_name": "publicsubnet.tiernetwork.oraclevcn.com",
                            "time_created": "2019-08-06 18:57:08.734 +0000 UTC",
                            "vcn_id": "ocid1.vcn.oc1.iad.aaaaaaaaxoxv7hbkd37lgzcmejuwnzgh5bnhdxbgbyhjinrgsw3mkd3sygha",
                            "virtual_router_ip": "10.0.0.1",
                            "virtual_router_mac": "00:00:17:E8:0C:0C"
                        },
                        "meta": {
                            "e2bfb730-ecaa-11e6-8f88-34363bc7c4c0": {
                                "create": 900000000000,
                                "delete": 900000000000,
                                "update": 900000000000
                            }
                        },
                        "tainted": false
                    },
                    "deposed": [],
                    "provider": "provider.oci"
                },
                "oci_core_virtual_network.vcn": {
                    "type": "oci_core_virtual_network",
                    "depends_on": [],
                    "primary": {
                        "id": "ocid1.vcn.oc1.iad.aaaaaaaaxoxv7hbkd37lgzcmejuwnzgh5bnhdxbgbyhjinrgsw3mkd3sygha",
                        "attributes": {
                            "cidr_block": "10.0.0.0/16",
                            "compartment_id": "ocid1.compartment.oc1..aaaaaaaanuakdrzf37fjsta4rcmt2qlnzgxhctapdhuigs7f4acfr6t5noja",
                            "default_dhcp_options_id": "ocid1.dhcpoptions.oc1.iad.aaaaaaaakhvm4ywucaru3mtfbccjp4ob677rcmfjcxkaeylfyee4kkvygybq",
                            "default_route_table_id": "ocid1.routetable.oc1.iad.aaaaaaaax456a55ee5dkpkojwfljidlesejcenjjjhz3g3h6qvxfebe7pwua",
                            "default_security_list_id": "ocid1.securitylist.oc1.iad.aaaaaaaaaso7fkruu4mofmjwsgfovh3ho5gmybxdovaj4zatsd5ka3zuax7a",
                            "defined_tags.%": "0",
                            "display_name": "3TierNetwork",
                            "dns_label": "tiernetwork",
                            "freeform_tags.%": "0",
                            "id": "ocid1.vcn.oc1.iad.aaaaaaaaxoxv7hbkd37lgzcmejuwnzgh5bnhdxbgbyhjinrgsw3mkd3sygha",
                            "state": "AVAILABLE",
                            "time_created": "2019-08-06 18:57:06.546 +0000 UTC",
                            "vcn_domain_name": "tiernetwork.oraclevcn.com"
                        },
                        "meta": {
                            "e2bfb730-ecaa-11e6-8f88-34363bc7c4c0": {
                                "create": 900000000000,
                                "delete": 900000000000,
                                "update": 900000000000
                            }
                        },
                        "tainted": false
                    },
                    "deposed": [],
                    "provider": "provider.oci"
                }
            },
            "depends_on": []
        }
    ]
}
